
Microsoft Visual Studio Solution File, Format Version 12.00
# Visual Studio 2013
VisualStudioVersion = 12.0.30723.0
MinimumVisualStudioVersion = 10.0.40219.1
Project("{FAE04EC0-301F-11D3-BF4B-00C04F79EFBC}") = "crisicheckinweb", "crisicheckinweb\crisicheckinweb.csproj", "{212DEAC4-D307-4480-94CE-2951E22B13F8}"
EndProject
Project("{2150E333-8FDC-42A3-9474-1A3956D46DE8}") = ".nuget", ".nuget", "{8C18E7EA-2B79-4431-9AB0-E098B5B091D3}"
	ProjectSection(SolutionItems) = preProject
		.nuget\NuGet.Config = .nuget\NuGet.Config
	EndProjectSection
EndProject
Project("{FAE04EC0-301F-11D3-BF4B-00C04F79EFBC}") = "WebProjectTests", "WebProjectTests\WebProjectTests.csproj", "{29F2C62B-0F89-44E9-8EDB-6C4F7987647A}"
EndProject
Project("{FAE04EC0-301F-11D3-BF4B-00C04F79EFBC}") = "Services", "Services\Services.csproj", "{D7A71984-2CC2-4DA7-9346-D697FDBF15B4}"
EndProject
Project("{FAE04EC0-301F-11D3-BF4B-00C04F79EFBC}") = "Models", "Models\Models.csproj", "{3FD36CF5-7D79-4505-A0BB-12E35A613D88}"
EndProject
Project("{FAE04EC0-301F-11D3-BF4B-00C04F79EFBC}") = "Services.UnitTest", "Services.UnitTest\Services.UnitTest.csproj", "{F6C6C990-7B39-457F-95A1-D22EC67F4A79}"
EndProject
Project("{FAE04EC0-301F-11D3-BF4B-00C04F79EFBC}") = "Common", "Common\Common.csproj", "{85D45B1B-D669-4370-8D5C-60D2350C5544}"
EndProject
Project("{FAE04EC0-301F-11D3-BF4B-00C04F79EFBC}") = "AcceptanceTests", "AcceptanceTests\AcceptanceTests.csproj", "{12248512-C6DE-4B1B-8560-D8A09911A300}"
EndProject
Project("{FAE04EC0-301F-11D3-BF4B-00C04F79EFBC}") = "Android", "mobile\Android\Android.csproj", "{DDDEFCA9-3F21-46B5-B8D8-509AC9C3BBF1}"
EndProject
Project("{FAE04EC0-301F-11D3-BF4B-00C04F79EFBC}") = "iOS", "mobile\iOS\iOS.csproj", "{5A239359-8AE3-4BDE-9C9B-9D8DAC570559}"
EndProject
Project("{FAE04EC0-301F-11D3-BF4B-00C04F79EFBC}") = "WinPhone", "mobile\WinPhone\WinPhone.csproj", "{A18F7409-10B7-4D86-AD96-385A0692F745}"
EndProject
Project("{FAE04EC0-301F-11D3-BF4B-00C04F79EFBC}") = "MobileCore", "Mobile\MobileCore\MobileCore.csproj", "{81FCB0A8-8838-4EB3-B32D-54945BF322B0}"
EndProject
Global
	GlobalSection(SolutionConfigurationPlatforms) = preSolution
		Ad-Hoc|Any CPU = Ad-Hoc|Any CPU
		Ad-Hoc|ARM = Ad-Hoc|ARM
		Ad-Hoc|iPhone = Ad-Hoc|iPhone
		Ad-Hoc|iPhoneSimulator = Ad-Hoc|iPhoneSimulator
		Ad-Hoc|Mixed Platforms = Ad-Hoc|Mixed Platforms
		Ad-Hoc|x86 = Ad-Hoc|x86
		AppStore|Any CPU = AppStore|Any CPU
		AppStore|ARM = AppStore|ARM
		AppStore|iPhone = AppStore|iPhone
		AppStore|iPhoneSimulator = AppStore|iPhoneSimulator
		AppStore|Mixed Platforms = AppStore|Mixed Platforms
		AppStore|x86 = AppStore|x86
		Debug|Any CPU = Debug|Any CPU
		Debug|ARM = Debug|ARM
		Debug|iPhone = Debug|iPhone
		Debug|iPhoneSimulator = Debug|iPhoneSimulator
		Debug|Mixed Platforms = Debug|Mixed Platforms
		Debug|x86 = Debug|x86
		Release|Any CPU = Release|Any CPU
		Release|ARM = Release|ARM
		Release|iPhone = Release|iPhone
		Release|iPhoneSimulator = Release|iPhoneSimulator
		Release|Mixed Platforms = Release|Mixed Platforms
		Release|x86 = Release|x86
	EndGlobalSection
	GlobalSection(ProjectConfigurationPlatforms) = postSolution
		{212DEAC4-D307-4480-94CE-2951E22B13F8}.Ad-Hoc|Any CPU.ActiveCfg = Release|Any CPU
		{212DEAC4-D307-4480-94CE-2951E22B13F8}.Ad-Hoc|Any CPU.Build.0 = Release|Any CPU
		{212DEAC4-D307-4480-94CE-2951E22B13F8}.Ad-Hoc|ARM.ActiveCfg = Release|Any CPU
		{212DEAC4-D307-4480-94CE-2951E22B13F8}.Ad-Hoc|iPhone.ActiveCfg = Release|Any CPU
		{212DEAC4-D307-4480-94CE-2951E22B13F8}.Ad-Hoc|iPhoneSimulator.ActiveCfg = Release|Any CPU
		{212DEAC4-D307-4480-94CE-2951E22B13F8}.Ad-Hoc|Mixed Platforms.ActiveCfg = Release|Any CPU
		{212DEAC4-D307-4480-94CE-2951E22B13F8}.Ad-Hoc|Mixed Platforms.Build.0 = Release|Any CPU
		{212DEAC4-D307-4480-94CE-2951E22B13F8}.Ad-Hoc|x86.ActiveCfg = Release|Any CPU
		{212DEAC4-D307-4480-94CE-2951E22B13F8}.AppStore|Any CPU.ActiveCfg = Release|Any CPU
		{212DEAC4-D307-4480-94CE-2951E22B13F8}.AppStore|Any CPU.Build.0 = Release|Any CPU
		{212DEAC4-D307-4480-94CE-2951E22B13F8}.AppStore|ARM.ActiveCfg = Release|Any CPU
		{212DEAC4-D307-4480-94CE-2951E22B13F8}.AppStore|iPhone.ActiveCfg = Release|Any CPU
		{212DEAC4-D307-4480-94CE-2951E22B13F8}.AppStore|iPhoneSimulator.ActiveCfg = Release|Any CPU
		{212DEAC4-D307-4480-94CE-2951E22B13F8}.AppStore|Mixed Platforms.ActiveCfg = Release|Any CPU
		{212DEAC4-D307-4480-94CE-2951E22B13F8}.AppStore|Mixed Platforms.Build.0 = Release|Any CPU
		{212DEAC4-D307-4480-94CE-2951E22B13F8}.AppStore|x86.ActiveCfg = Release|Any CPU
		{212DEAC4-D307-4480-94CE-2951E22B13F8}.Debug|Any CPU.ActiveCfg = Debug|Any CPU
		{212DEAC4-D307-4480-94CE-2951E22B13F8}.Debug|Any CPU.Build.0 = Debug|Any CPU
		{212DEAC4-D307-4480-94CE-2951E22B13F8}.Debug|ARM.ActiveCfg = Debug|Any CPU
		{212DEAC4-D307-4480-94CE-2951E22B13F8}.Debug|iPhone.ActiveCfg = Debug|Any CPU
		{212DEAC4-D307-4480-94CE-2951E22B13F8}.Debug|iPhoneSimulator.ActiveCfg = Debug|Any CPU
		{212DEAC4-D307-4480-94CE-2951E22B13F8}.Debug|Mixed Platforms.ActiveCfg = Debug|Any CPU
		{212DEAC4-D307-4480-94CE-2951E22B13F8}.Debug|Mixed Platforms.Build.0 = Debug|Any CPU
		{212DEAC4-D307-4480-94CE-2951E22B13F8}.Debug|x86.ActiveCfg = Debug|Any CPU
		{212DEAC4-D307-4480-94CE-2951E22B13F8}.Release|Any CPU.ActiveCfg = Release|Any CPU
		{212DEAC4-D307-4480-94CE-2951E22B13F8}.Release|Any CPU.Build.0 = Release|Any CPU
		{212DEAC4-D307-4480-94CE-2951E22B13F8}.Release|ARM.ActiveCfg = Release|Any CPU
		{212DEAC4-D307-4480-94CE-2951E22B13F8}.Release|iPhone.ActiveCfg = Release|Any CPU
		{212DEAC4-D307-4480-94CE-2951E22B13F8}.Release|iPhoneSimulator.ActiveCfg = Release|Any CPU
		{212DEAC4-D307-4480-94CE-2951E22B13F8}.Release|Mixed Platforms.ActiveCfg = Release|Any CPU
		{212DEAC4-D307-4480-94CE-2951E22B13F8}.Release|Mixed Platforms.Build.0 = Release|Any CPU
		{212DEAC4-D307-4480-94CE-2951E22B13F8}.Release|x86.ActiveCfg = Release|Any CPU
		{29F2C62B-0F89-44E9-8EDB-6C4F7987647A}.Ad-Hoc|Any CPU.ActiveCfg = Release|Any CPU
		{29F2C62B-0F89-44E9-8EDB-6C4F7987647A}.Ad-Hoc|Any CPU.Build.0 = Release|Any CPU
		{29F2C62B-0F89-44E9-8EDB-6C4F7987647A}.Ad-Hoc|ARM.ActiveCfg = Release|Any CPU
		{29F2C62B-0F89-44E9-8EDB-6C4F7987647A}.Ad-Hoc|iPhone.ActiveCfg = Release|Any CPU
		{29F2C62B-0F89-44E9-8EDB-6C4F7987647A}.Ad-Hoc|iPhoneSimulator.ActiveCfg = Release|Any CPU
		{29F2C62B-0F89-44E9-8EDB-6C4F7987647A}.Ad-Hoc|Mixed Platforms.ActiveCfg = Release|Any CPU
		{29F2C62B-0F89-44E9-8EDB-6C4F7987647A}.Ad-Hoc|Mixed Platforms.Build.0 = Release|Any CPU
		{29F2C62B-0F89-44E9-8EDB-6C4F7987647A}.Ad-Hoc|x86.ActiveCfg = Release|Any CPU
		{29F2C62B-0F89-44E9-8EDB-6C4F7987647A}.AppStore|Any CPU.ActiveCfg = Release|Any CPU
		{29F2C62B-0F89-44E9-8EDB-6C4F7987647A}.AppStore|Any CPU.Build.0 = Release|Any CPU
		{29F2C62B-0F89-44E9-8EDB-6C4F7987647A}.AppStore|ARM.ActiveCfg = Release|Any CPU
		{29F2C62B-0F89-44E9-8EDB-6C4F7987647A}.AppStore|iPhone.ActiveCfg = Release|Any CPU
		{29F2C62B-0F89-44E9-8EDB-6C4F7987647A}.AppStore|iPhoneSimulator.ActiveCfg = Release|Any CPU
		{29F2C62B-0F89-44E9-8EDB-6C4F7987647A}.AppStore|Mixed Platforms.ActiveCfg = Release|Any CPU
		{29F2C62B-0F89-44E9-8EDB-6C4F7987647A}.AppStore|Mixed Platforms.Build.0 = Release|Any CPU
		{29F2C62B-0F89-44E9-8EDB-6C4F7987647A}.AppStore|x86.ActiveCfg = Release|Any CPU
		{29F2C62B-0F89-44E9-8EDB-6C4F7987647A}.Debug|Any CPU.ActiveCfg = Debug|Any CPU
		{29F2C62B-0F89-44E9-8EDB-6C4F7987647A}.Debug|Any CPU.Build.0 = Debug|Any CPU
		{29F2C62B-0F89-44E9-8EDB-6C4F7987647A}.Debug|ARM.ActiveCfg = Debug|Any CPU
		{29F2C62B-0F89-44E9-8EDB-6C4F7987647A}.Debug|iPhone.ActiveCfg = Debug|Any CPU
		{29F2C62B-0F89-44E9-8EDB-6C4F7987647A}.Debug|iPhoneSimulator.ActiveCfg = Debug|Any CPU
		{29F2C62B-0F89-44E9-8EDB-6C4F7987647A}.Debug|Mixed Platforms.ActiveCfg = Debug|Any CPU
		{29F2C62B-0F89-44E9-8EDB-6C4F7987647A}.Debug|Mixed Platforms.Build.0 = Debug|Any CPU
		{29F2C62B-0F89-44E9-8EDB-6C4F7987647A}.Debug|x86.ActiveCfg = Debug|Any CPU
		{29F2C62B-0F89-44E9-8EDB-6C4F7987647A}.Release|Any CPU.ActiveCfg = Release|Any CPU
		{29F2C62B-0F89-44E9-8EDB-6C4F7987647A}.Release|Any CPU.Build.0 = Release|Any CPU
		{29F2C62B-0F89-44E9-8EDB-6C4F7987647A}.Release|ARM.ActiveCfg = Release|Any CPU
		{29F2C62B-0F89-44E9-8EDB-6C4F7987647A}.Release|iPhone.ActiveCfg = Release|Any CPU
		{29F2C62B-0F89-44E9-8EDB-6C4F7987647A}.Release|iPhoneSimulator.ActiveCfg = Release|Any CPU
		{29F2C62B-0F89-44E9-8EDB-6C4F7987647A}.Release|Mixed Platforms.ActiveCfg = Release|Any CPU
		{29F2C62B-0F89-44E9-8EDB-6C4F7987647A}.Release|Mixed Platforms.Build.0 = Release|Any CPU
		{29F2C62B-0F89-44E9-8EDB-6C4F7987647A}.Release|x86.ActiveCfg = Release|Any CPU
		{D7A71984-2CC2-4DA7-9346-D697FDBF15B4}.Ad-Hoc|Any CPU.ActiveCfg = Release|Any CPU
		{D7A71984-2CC2-4DA7-9346-D697FDBF15B4}.Ad-Hoc|Any CPU.Build.0 = Release|Any CPU
		{D7A71984-2CC2-4DA7-9346-D697FDBF15B4}.Ad-Hoc|ARM.ActiveCfg = Release|Any CPU
		{D7A71984-2CC2-4DA7-9346-D697FDBF15B4}.Ad-Hoc|iPhone.ActiveCfg = Release|Any CPU
		{D7A71984-2CC2-4DA7-9346-D697FDBF15B4}.Ad-Hoc|iPhoneSimulator.ActiveCfg = Release|Any CPU
		{D7A71984-2CC2-4DA7-9346-D697FDBF15B4}.Ad-Hoc|Mixed Platforms.ActiveCfg = Release|Any CPU
		{D7A71984-2CC2-4DA7-9346-D697FDBF15B4}.Ad-Hoc|Mixed Platforms.Build.0 = Release|Any CPU
		{D7A71984-2CC2-4DA7-9346-D697FDBF15B4}.Ad-Hoc|x86.ActiveCfg = Release|Any CPU
		{D7A71984-2CC2-4DA7-9346-D697FDBF15B4}.AppStore|Any CPU.ActiveCfg = Release|Any CPU
		{D7A71984-2CC2-4DA7-9346-D697FDBF15B4}.AppStore|Any CPU.Build.0 = Release|Any CPU
		{D7A71984-2CC2-4DA7-9346-D697FDBF15B4}.AppStore|ARM.ActiveCfg = Release|Any CPU
		{D7A71984-2CC2-4DA7-9346-D697FDBF15B4}.AppStore|iPhone.ActiveCfg = Release|Any CPU
		{D7A71984-2CC2-4DA7-9346-D697FDBF15B4}.AppStore|iPhoneSimulator.ActiveCfg = Release|Any CPU
		{D7A71984-2CC2-4DA7-9346-D697FDBF15B4}.AppStore|Mixed Platforms.ActiveCfg = Release|Any CPU
		{D7A71984-2CC2-4DA7-9346-D697FDBF15B4}.AppStore|Mixed Platforms.Build.0 = Release|Any CPU
		{D7A71984-2CC2-4DA7-9346-D697FDBF15B4}.AppStore|x86.ActiveCfg = Release|Any CPU
		{D7A71984-2CC2-4DA7-9346-D697FDBF15B4}.Debug|Any CPU.ActiveCfg = Debug|Any CPU
		{D7A71984-2CC2-4DA7-9346-D697FDBF15B4}.Debug|Any CPU.Build.0 = Debug|Any CPU
		{D7A71984-2CC2-4DA7-9346-D697FDBF15B4}.Debug|ARM.ActiveCfg = Debug|Any CPU
		{D7A71984-2CC2-4DA7-9346-D697FDBF15B4}.Debug|iPhone.ActiveCfg = Debug|Any CPU
		{D7A71984-2CC2-4DA7-9346-D697FDBF15B4}.Debug|iPhoneSimulator.ActiveCfg = Debug|Any CPU
		{D7A71984-2CC2-4DA7-9346-D697FDBF15B4}.Debug|Mixed Platforms.ActiveCfg = Debug|Any CPU
		{D7A71984-2CC2-4DA7-9346-D697FDBF15B4}.Debug|Mixed Platforms.Build.0 = Debug|Any CPU
		{D7A71984-2CC2-4DA7-9346-D697FDBF15B4}.Debug|x86.ActiveCfg = Debug|Any CPU
		{D7A71984-2CC2-4DA7-9346-D697FDBF15B4}.Release|Any CPU.ActiveCfg = Release|Any CPU
		{D7A71984-2CC2-4DA7-9346-D697FDBF15B4}.Release|Any CPU.Build.0 = Release|Any CPU
		{D7A71984-2CC2-4DA7-9346-D697FDBF15B4}.Release|ARM.ActiveCfg = Release|Any CPU
		{D7A71984-2CC2-4DA7-9346-D697FDBF15B4}.Release|iPhone.ActiveCfg = Release|Any CPU
		{D7A71984-2CC2-4DA7-9346-D697FDBF15B4}.Release|iPhoneSimulator.ActiveCfg = Release|Any CPU
		{D7A71984-2CC2-4DA7-9346-D697FDBF15B4}.Release|Mixed Platforms.ActiveCfg = Release|Any CPU
		{D7A71984-2CC2-4DA7-9346-D697FDBF15B4}.Release|Mixed Platforms.Build.0 = Release|Any CPU
		{D7A71984-2CC2-4DA7-9346-D697FDBF15B4}.Release|x86.ActiveCfg = Release|Any CPU
		{3FD36CF5-7D79-4505-A0BB-12E35A613D88}.Ad-Hoc|Any CPU.ActiveCfg = Release|Any CPU
		{3FD36CF5-7D79-4505-A0BB-12E35A613D88}.Ad-Hoc|Any CPU.Build.0 = Release|Any CPU
		{3FD36CF5-7D79-4505-A0BB-12E35A613D88}.Ad-Hoc|ARM.ActiveCfg = Release|Any CPU
		{3FD36CF5-7D79-4505-A0BB-12E35A613D88}.Ad-Hoc|iPhone.ActiveCfg = Release|Any CPU
		{3FD36CF5-7D79-4505-A0BB-12E35A613D88}.Ad-Hoc|iPhoneSimulator.ActiveCfg = Release|Any CPU
		{3FD36CF5-7D79-4505-A0BB-12E35A613D88}.Ad-Hoc|Mixed Platforms.ActiveCfg = Release|Any CPU
		{3FD36CF5-7D79-4505-A0BB-12E35A613D88}.Ad-Hoc|Mixed Platforms.Build.0 = Release|Any CPU
		{3FD36CF5-7D79-4505-A0BB-12E35A613D88}.Ad-Hoc|x86.ActiveCfg = Release|Any CPU
		{3FD36CF5-7D79-4505-A0BB-12E35A613D88}.AppStore|Any CPU.ActiveCfg = Release|Any CPU
		{3FD36CF5-7D79-4505-A0BB-12E35A613D88}.AppStore|Any CPU.Build.0 = Release|Any CPU
		{3FD36CF5-7D79-4505-A0BB-12E35A613D88}.AppStore|ARM.ActiveCfg = Release|Any CPU
		{3FD36CF5-7D79-4505-A0BB-12E35A613D88}.AppStore|iPhone.ActiveCfg = Release|Any CPU
		{3FD36CF5-7D79-4505-A0BB-12E35A613D88}.AppStore|iPhoneSimulator.ActiveCfg = Release|Any CPU
		{3FD36CF5-7D79-4505-A0BB-12E35A613D88}.AppStore|Mixed Platforms.ActiveCfg = Release|Any CPU
		{3FD36CF5-7D79-4505-A0BB-12E35A613D88}.AppStore|Mixed Platforms.Build.0 = Release|Any CPU
		{3FD36CF5-7D79-4505-A0BB-12E35A613D88}.AppStore|x86.ActiveCfg = Release|Any CPU
		{3FD36CF5-7D79-4505-A0BB-12E35A613D88}.Debug|Any CPU.ActiveCfg = Debug|Any CPU
		{3FD36CF5-7D79-4505-A0BB-12E35A613D88}.Debug|Any CPU.Build.0 = Debug|Any CPU
		{3FD36CF5-7D79-4505-A0BB-12E35A613D88}.Debug|ARM.ActiveCfg = Debug|Any CPU
		{3FD36CF5-7D79-4505-A0BB-12E35A613D88}.Debug|iPhone.ActiveCfg = Debug|Any CPU
		{3FD36CF5-7D79-4505-A0BB-12E35A613D88}.Debug|iPhoneSimulator.ActiveCfg = Debug|Any CPU
		{3FD36CF5-7D79-4505-A0BB-12E35A613D88}.Debug|Mixed Platforms.ActiveCfg = Debug|Any CPU
		{3FD36CF5-7D79-4505-A0BB-12E35A613D88}.Debug|Mixed Platforms.Build.0 = Debug|Any CPU
		{3FD36CF5-7D79-4505-A0BB-12E35A613D88}.Debug|x86.ActiveCfg = Debug|Any CPU
		{3FD36CF5-7D79-4505-A0BB-12E35A613D88}.Release|Any CPU.ActiveCfg = Release|Any CPU
		{3FD36CF5-7D79-4505-A0BB-12E35A613D88}.Release|Any CPU.Build.0 = Release|Any CPU
		{3FD36CF5-7D79-4505-A0BB-12E35A613D88}.Release|ARM.ActiveCfg = Release|Any CPU
		{3FD36CF5-7D79-4505-A0BB-12E35A613D88}.Release|iPhone.ActiveCfg = Release|Any CPU
		{3FD36CF5-7D79-4505-A0BB-12E35A613D88}.Release|iPhoneSimulator.ActiveCfg = Release|Any CPU
		{3FD36CF5-7D79-4505-A0BB-12E35A613D88}.Release|Mixed Platforms.ActiveCfg = Release|Any CPU
		{3FD36CF5-7D79-4505-A0BB-12E35A613D88}.Release|Mixed Platforms.Build.0 = Release|Any CPU
		{3FD36CF5-7D79-4505-A0BB-12E35A613D88}.Release|x86.ActiveCfg = Release|Any CPU
		{F6C6C990-7B39-457F-95A1-D22EC67F4A79}.Ad-Hoc|Any CPU.ActiveCfg = Release|Any CPU
		{F6C6C990-7B39-457F-95A1-D22EC67F4A79}.Ad-Hoc|Any CPU.Build.0 = Release|Any CPU
		{F6C6C990-7B39-457F-95A1-D22EC67F4A79}.Ad-Hoc|ARM.ActiveCfg = Release|Any CPU
		{F6C6C990-7B39-457F-95A1-D22EC67F4A79}.Ad-Hoc|iPhone.ActiveCfg = Release|Any CPU
		{F6C6C990-7B39-457F-95A1-D22EC67F4A79}.Ad-Hoc|iPhoneSimulator.ActiveCfg = Release|Any CPU
		{F6C6C990-7B39-457F-95A1-D22EC67F4A79}.Ad-Hoc|Mixed Platforms.ActiveCfg = Release|Any CPU
		{F6C6C990-7B39-457F-95A1-D22EC67F4A79}.Ad-Hoc|Mixed Platforms.Build.0 = Release|Any CPU
		{F6C6C990-7B39-457F-95A1-D22EC67F4A79}.Ad-Hoc|x86.ActiveCfg = Release|Any CPU
		{F6C6C990-7B39-457F-95A1-D22EC67F4A79}.AppStore|Any CPU.ActiveCfg = Release|Any CPU
		{F6C6C990-7B39-457F-95A1-D22EC67F4A79}.AppStore|Any CPU.Build.0 = Release|Any CPU
		{F6C6C990-7B39-457F-95A1-D22EC67F4A79}.AppStore|ARM.ActiveCfg = Release|Any CPU
		{F6C6C990-7B39-457F-95A1-D22EC67F4A79}.AppStore|iPhone.ActiveCfg = Release|Any CPU
		{F6C6C990-7B39-457F-95A1-D22EC67F4A79}.AppStore|iPhoneSimulator.ActiveCfg = Release|Any CPU
		{F6C6C990-7B39-457F-95A1-D22EC67F4A79}.AppStore|Mixed Platforms.ActiveCfg = Release|Any CPU
		{F6C6C990-7B39-457F-95A1-D22EC67F4A79}.AppStore|Mixed Platforms.Build.0 = Release|Any CPU
		{F6C6C990-7B39-457F-95A1-D22EC67F4A79}.AppStore|x86.ActiveCfg = Release|Any CPU
		{F6C6C990-7B39-457F-95A1-D22EC67F4A79}.Debug|Any CPU.ActiveCfg = Debug|Any CPU
		{F6C6C990-7B39-457F-95A1-D22EC67F4A79}.Debug|Any CPU.Build.0 = Debug|Any CPU
		{F6C6C990-7B39-457F-95A1-D22EC67F4A79}.Debug|ARM.ActiveCfg = Debug|Any CPU
		{F6C6C990-7B39-457F-95A1-D22EC67F4A79}.Debug|iPhone.ActiveCfg = Debug|Any CPU
		{F6C6C990-7B39-457F-95A1-D22EC67F4A79}.Debug|iPhoneSimulator.ActiveCfg = Debug|Any CPU
		{F6C6C990-7B39-457F-95A1-D22EC67F4A79}.Debug|Mixed Platforms.ActiveCfg = Debug|Any CPU
		{F6C6C990-7B39-457F-95A1-D22EC67F4A79}.Debug|Mixed Platforms.Build.0 = Debug|Any CPU
		{F6C6C990-7B39-457F-95A1-D22EC67F4A79}.Debug|x86.ActiveCfg = Debug|Any CPU
		{F6C6C990-7B39-457F-95A1-D22EC67F4A79}.Release|Any CPU.ActiveCfg = Release|Any CPU
		{F6C6C990-7B39-457F-95A1-D22EC67F4A79}.Release|Any CPU.Build.0 = Release|Any CPU
		{F6C6C990-7B39-457F-95A1-D22EC67F4A79}.Release|ARM.ActiveCfg = Release|Any CPU
		{F6C6C990-7B39-457F-95A1-D22EC67F4A79}.Release|iPhone.ActiveCfg = Release|Any CPU
		{F6C6C990-7B39-457F-95A1-D22EC67F4A79}.Release|iPhoneSimulator.ActiveCfg = Release|Any CPU
		{F6C6C990-7B39-457F-95A1-D22EC67F4A79}.Release|Mixed Platforms.ActiveCfg = Release|Any CPU
		{F6C6C990-7B39-457F-95A1-D22EC67F4A79}.Release|Mixed Platforms.Build.0 = Release|Any CPU
		{F6C6C990-7B39-457F-95A1-D22EC67F4A79}.Release|x86.ActiveCfg = Release|Any CPU
		{85D45B1B-D669-4370-8D5C-60D2350C5544}.Ad-Hoc|Any CPU.ActiveCfg = Release|Any CPU
		{85D45B1B-D669-4370-8D5C-60D2350C5544}.Ad-Hoc|Any CPU.Build.0 = Release|Any CPU
		{85D45B1B-D669-4370-8D5C-60D2350C5544}.Ad-Hoc|ARM.ActiveCfg = Release|Any CPU
		{85D45B1B-D669-4370-8D5C-60D2350C5544}.Ad-Hoc|iPhone.ActiveCfg = Release|Any CPU
		{85D45B1B-D669-4370-8D5C-60D2350C5544}.Ad-Hoc|iPhoneSimulator.ActiveCfg = Release|Any CPU
		{85D45B1B-D669-4370-8D5C-60D2350C5544}.Ad-Hoc|Mixed Platforms.ActiveCfg = Release|Any CPU
		{85D45B1B-D669-4370-8D5C-60D2350C5544}.Ad-Hoc|Mixed Platforms.Build.0 = Release|Any CPU
		{85D45B1B-D669-4370-8D5C-60D2350C5544}.Ad-Hoc|x86.ActiveCfg = Release|Any CPU
		{85D45B1B-D669-4370-8D5C-60D2350C5544}.AppStore|Any CPU.ActiveCfg = Release|Any CPU
		{85D45B1B-D669-4370-8D5C-60D2350C5544}.AppStore|Any CPU.Build.0 = Release|Any CPU
		{85D45B1B-D669-4370-8D5C-60D2350C5544}.AppStore|ARM.ActiveCfg = Release|Any CPU
		{85D45B1B-D669-4370-8D5C-60D2350C5544}.AppStore|iPhone.ActiveCfg = Release|Any CPU
		{85D45B1B-D669-4370-8D5C-60D2350C5544}.AppStore|iPhoneSimulator.ActiveCfg = Release|Any CPU
		{85D45B1B-D669-4370-8D5C-60D2350C5544}.AppStore|Mixed Platforms.ActiveCfg = Release|Any CPU
		{85D45B1B-D669-4370-8D5C-60D2350C5544}.AppStore|Mixed Platforms.Build.0 = Release|Any CPU
		{85D45B1B-D669-4370-8D5C-60D2350C5544}.AppStore|x86.ActiveCfg = Release|Any CPU
		{85D45B1B-D669-4370-8D5C-60D2350C5544}.Debug|Any CPU.ActiveCfg = Debug|Any CPU
		{85D45B1B-D669-4370-8D5C-60D2350C5544}.Debug|Any CPU.Build.0 = Debug|Any CPU
		{85D45B1B-D669-4370-8D5C-60D2350C5544}.Debug|ARM.ActiveCfg = Debug|Any CPU
		{85D45B1B-D669-4370-8D5C-60D2350C5544}.Debug|iPhone.ActiveCfg = Debug|Any CPU
		{85D45B1B-D669-4370-8D5C-60D2350C5544}.Debug|iPhoneSimulator.ActiveCfg = Debug|Any CPU
		{85D45B1B-D669-4370-8D5C-60D2350C5544}.Debug|Mixed Platforms.ActiveCfg = Debug|Any CPU
		{85D45B1B-D669-4370-8D5C-60D2350C5544}.Debug|Mixed Platforms.Build.0 = Debug|Any CPU
		{85D45B1B-D669-4370-8D5C-60D2350C5544}.Debug|x86.ActiveCfg = Debug|Any CPU
		{85D45B1B-D669-4370-8D5C-60D2350C5544}.Release|Any CPU.ActiveCfg = Release|Any CPU
		{85D45B1B-D669-4370-8D5C-60D2350C5544}.Release|Any CPU.Build.0 = Release|Any CPU
		{85D45B1B-D669-4370-8D5C-60D2350C5544}.Release|ARM.ActiveCfg = Release|Any CPU
		{85D45B1B-D669-4370-8D5C-60D2350C5544}.Release|iPhone.ActiveCfg = Release|Any CPU
		{85D45B1B-D669-4370-8D5C-60D2350C5544}.Release|iPhoneSimulator.ActiveCfg = Release|Any CPU
		{85D45B1B-D669-4370-8D5C-60D2350C5544}.Release|Mixed Platforms.ActiveCfg = Release|Any CPU
		{85D45B1B-D669-4370-8D5C-60D2350C5544}.Release|Mixed Platforms.Build.0 = Release|Any CPU
		{85D45B1B-D669-4370-8D5C-60D2350C5544}.Release|x86.ActiveCfg = Release|Any CPU
		{12248512-C6DE-4B1B-8560-D8A09911A300}.Ad-Hoc|Any CPU.ActiveCfg = Release|Any CPU
		{12248512-C6DE-4B1B-8560-D8A09911A300}.Ad-Hoc|Any CPU.Build.0 = Release|Any CPU
		{12248512-C6DE-4B1B-8560-D8A09911A300}.Ad-Hoc|ARM.ActiveCfg = Release|Any CPU
		{12248512-C6DE-4B1B-8560-D8A09911A300}.Ad-Hoc|iPhone.ActiveCfg = Release|Any CPU
		{12248512-C6DE-4B1B-8560-D8A09911A300}.Ad-Hoc|iPhoneSimulator.ActiveCfg = Release|Any CPU
		{12248512-C6DE-4B1B-8560-D8A09911A300}.Ad-Hoc|Mixed Platforms.ActiveCfg = Release|Any CPU
		{12248512-C6DE-4B1B-8560-D8A09911A300}.Ad-Hoc|Mixed Platforms.Build.0 = Release|Any CPU
		{12248512-C6DE-4B1B-8560-D8A09911A300}.Ad-Hoc|x86.ActiveCfg = Release|Any CPU
		{12248512-C6DE-4B1B-8560-D8A09911A300}.AppStore|Any CPU.ActiveCfg = Release|Any CPU
		{12248512-C6DE-4B1B-8560-D8A09911A300}.AppStore|Any CPU.Build.0 = Release|Any CPU
		{12248512-C6DE-4B1B-8560-D8A09911A300}.AppStore|ARM.ActiveCfg = Release|Any CPU
		{12248512-C6DE-4B1B-8560-D8A09911A300}.AppStore|iPhone.ActiveCfg = Release|Any CPU
		{12248512-C6DE-4B1B-8560-D8A09911A300}.AppStore|iPhoneSimulator.ActiveCfg = Release|Any CPU
		{12248512-C6DE-4B1B-8560-D8A09911A300}.AppStore|Mixed Platforms.ActiveCfg = Release|Any CPU
		{12248512-C6DE-4B1B-8560-D8A09911A300}.AppStore|Mixed Platforms.Build.0 = Release|Any CPU
		{12248512-C6DE-4B1B-8560-D8A09911A300}.AppStore|x86.ActiveCfg = Release|Any CPU
		{12248512-C6DE-4B1B-8560-D8A09911A300}.Debug|Any CPU.ActiveCfg = Debug|Any CPU
		{12248512-C6DE-4B1B-8560-D8A09911A300}.Debug|Any CPU.Build.0 = Debug|Any CPU
		{12248512-C6DE-4B1B-8560-D8A09911A300}.Debug|ARM.ActiveCfg = Debug|Any CPU
		{12248512-C6DE-4B1B-8560-D8A09911A300}.Debug|iPhone.ActiveCfg = Debug|Any CPU
		{12248512-C6DE-4B1B-8560-D8A09911A300}.Debug|iPhoneSimulator.ActiveCfg = Debug|Any CPU
		{12248512-C6DE-4B1B-8560-D8A09911A300}.Debug|Mixed Platforms.ActiveCfg = Debug|Any CPU
		{12248512-C6DE-4B1B-8560-D8A09911A300}.Debug|Mixed Platforms.Build.0 = Debug|Any CPU
		{12248512-C6DE-4B1B-8560-D8A09911A300}.Debug|x86.ActiveCfg = Debug|Any CPU
		{12248512-C6DE-4B1B-8560-D8A09911A300}.Release|Any CPU.ActiveCfg = Release|Any CPU
		{12248512-C6DE-4B1B-8560-D8A09911A300}.Release|Any CPU.Build.0 = Release|Any CPU
		{12248512-C6DE-4B1B-8560-D8A09911A300}.Release|ARM.ActiveCfg = Release|Any CPU
		{12248512-C6DE-4B1B-8560-D8A09911A300}.Release|iPhone.ActiveCfg = Release|Any CPU
		{12248512-C6DE-4B1B-8560-D8A09911A300}.Release|iPhoneSimulator.ActiveCfg = Release|Any CPU
		{12248512-C6DE-4B1B-8560-D8A09911A300}.Release|Mixed Platforms.ActiveCfg = Release|Any CPU
		{12248512-C6DE-4B1B-8560-D8A09911A300}.Release|Mixed Platforms.Build.0 = Release|Any CPU
		{12248512-C6DE-4B1B-8560-D8A09911A300}.Release|x86.ActiveCfg = Release|Any CPU
		{DDDEFCA9-3F21-46B5-B8D8-509AC9C3BBF1}.Ad-Hoc|Any CPU.ActiveCfg = Release|Any CPU
		{DDDEFCA9-3F21-46B5-B8D8-509AC9C3BBF1}.Ad-Hoc|Any CPU.Build.0 = Release|Any CPU
		{DDDEFCA9-3F21-46B5-B8D8-509AC9C3BBF1}.Ad-Hoc|Any CPU.Deploy.0 = Release|Any CPU
		{DDDEFCA9-3F21-46B5-B8D8-509AC9C3BBF1}.Ad-Hoc|ARM.ActiveCfg = Release|Any CPU
		{DDDEFCA9-3F21-46B5-B8D8-509AC9C3BBF1}.Ad-Hoc|iPhone.ActiveCfg = Release|Any CPU
		{DDDEFCA9-3F21-46B5-B8D8-509AC9C3BBF1}.Ad-Hoc|iPhoneSimulator.ActiveCfg = Release|Any CPU
		{DDDEFCA9-3F21-46B5-B8D8-509AC9C3BBF1}.Ad-Hoc|Mixed Platforms.ActiveCfg = Release|Any CPU
		{DDDEFCA9-3F21-46B5-B8D8-509AC9C3BBF1}.Ad-Hoc|Mixed Platforms.Build.0 = Release|Any CPU
		{DDDEFCA9-3F21-46B5-B8D8-509AC9C3BBF1}.Ad-Hoc|Mixed Platforms.Deploy.0 = Release|Any CPU
		{DDDEFCA9-3F21-46B5-B8D8-509AC9C3BBF1}.Ad-Hoc|x86.ActiveCfg = Release|Any CPU
		{DDDEFCA9-3F21-46B5-B8D8-509AC9C3BBF1}.AppStore|Any CPU.ActiveCfg = Release|Any CPU
		{DDDEFCA9-3F21-46B5-B8D8-509AC9C3BBF1}.AppStore|Any CPU.Build.0 = Release|Any CPU
		{DDDEFCA9-3F21-46B5-B8D8-509AC9C3BBF1}.AppStore|Any CPU.Deploy.0 = Release|Any CPU
		{DDDEFCA9-3F21-46B5-B8D8-509AC9C3BBF1}.AppStore|ARM.ActiveCfg = Release|Any CPU
		{DDDEFCA9-3F21-46B5-B8D8-509AC9C3BBF1}.AppStore|iPhone.ActiveCfg = Release|Any CPU
		{DDDEFCA9-3F21-46B5-B8D8-509AC9C3BBF1}.AppStore|iPhoneSimulator.ActiveCfg = Release|Any CPU
		{DDDEFCA9-3F21-46B5-B8D8-509AC9C3BBF1}.AppStore|Mixed Platforms.ActiveCfg = Release|Any CPU
		{DDDEFCA9-3F21-46B5-B8D8-509AC9C3BBF1}.AppStore|Mixed Platforms.Build.0 = Release|Any CPU
		{DDDEFCA9-3F21-46B5-B8D8-509AC9C3BBF1}.AppStore|Mixed Platforms.Deploy.0 = Release|Any CPU
		{DDDEFCA9-3F21-46B5-B8D8-509AC9C3BBF1}.AppStore|x86.ActiveCfg = Release|Any CPU
		{DDDEFCA9-3F21-46B5-B8D8-509AC9C3BBF1}.Debug|Any CPU.ActiveCfg = Debug|Any CPU
		{DDDEFCA9-3F21-46B5-B8D8-509AC9C3BBF1}.Debug|Any CPU.Build.0 = Debug|Any CPU
		{DDDEFCA9-3F21-46B5-B8D8-509AC9C3BBF1}.Debug|Any CPU.Deploy.0 = Debug|Any CPU
		{DDDEFCA9-3F21-46B5-B8D8-509AC9C3BBF1}.Debug|ARM.ActiveCfg = Debug|Any CPU
		{DDDEFCA9-3F21-46B5-B8D8-509AC9C3BBF1}.Debug|iPhone.ActiveCfg = Debug|Any CPU
		{DDDEFCA9-3F21-46B5-B8D8-509AC9C3BBF1}.Debug|iPhoneSimulator.ActiveCfg = Debug|Any CPU
		{DDDEFCA9-3F21-46B5-B8D8-509AC9C3BBF1}.Debug|Mixed Platforms.ActiveCfg = Debug|Any CPU
		{DDDEFCA9-3F21-46B5-B8D8-509AC9C3BBF1}.Debug|Mixed Platforms.Build.0 = Debug|Any CPU
		{DDDEFCA9-3F21-46B5-B8D8-509AC9C3BBF1}.Debug|Mixed Platforms.Deploy.0 = Debug|Any CPU
		{DDDEFCA9-3F21-46B5-B8D8-509AC9C3BBF1}.Debug|x86.ActiveCfg = Debug|Any CPU
		{DDDEFCA9-3F21-46B5-B8D8-509AC9C3BBF1}.Release|Any CPU.ActiveCfg = Release|Any CPU
		{DDDEFCA9-3F21-46B5-B8D8-509AC9C3BBF1}.Release|Any CPU.Build.0 = Release|Any CPU
		{DDDEFCA9-3F21-46B5-B8D8-509AC9C3BBF1}.Release|Any CPU.Deploy.0 = Release|Any CPU
		{DDDEFCA9-3F21-46B5-B8D8-509AC9C3BBF1}.Release|ARM.ActiveCfg = Release|Any CPU
		{DDDEFCA9-3F21-46B5-B8D8-509AC9C3BBF1}.Release|iPhone.ActiveCfg = Release|Any CPU
		{DDDEFCA9-3F21-46B5-B8D8-509AC9C3BBF1}.Release|iPhoneSimulator.ActiveCfg = Release|Any CPU
		{DDDEFCA9-3F21-46B5-B8D8-509AC9C3BBF1}.Release|Mixed Platforms.ActiveCfg = Release|Any CPU
		{DDDEFCA9-3F21-46B5-B8D8-509AC9C3BBF1}.Release|Mixed Platforms.Build.0 = Release|Any CPU
		{DDDEFCA9-3F21-46B5-B8D8-509AC9C3BBF1}.Release|Mixed Platforms.Deploy.0 = Release|Any CPU
		{DDDEFCA9-3F21-46B5-B8D8-509AC9C3BBF1}.Release|x86.ActiveCfg = Release|Any CPU
		{5A239359-8AE3-4BDE-9C9B-9D8DAC570559}.Ad-Hoc|Any CPU.ActiveCfg = Ad-Hoc|iPhone
		{5A239359-8AE3-4BDE-9C9B-9D8DAC570559}.Ad-Hoc|ARM.ActiveCfg = Ad-Hoc|iPhone
		{5A239359-8AE3-4BDE-9C9B-9D8DAC570559}.Ad-Hoc|iPhone.ActiveCfg = Ad-Hoc|iPhone
		{5A239359-8AE3-4BDE-9C9B-9D8DAC570559}.Ad-Hoc|iPhone.Build.0 = Ad-Hoc|iPhone
		{5A239359-8AE3-4BDE-9C9B-9D8DAC570559}.Ad-Hoc|iPhone.Deploy.0 = Ad-Hoc|iPhone
		{5A239359-8AE3-4BDE-9C9B-9D8DAC570559}.Ad-Hoc|iPhoneSimulator.ActiveCfg = Ad-Hoc|iPhoneSimulator
		{5A239359-8AE3-4BDE-9C9B-9D8DAC570559}.Ad-Hoc|iPhoneSimulator.Build.0 = Ad-Hoc|iPhoneSimulator
		{5A239359-8AE3-4BDE-9C9B-9D8DAC570559}.Ad-Hoc|iPhoneSimulator.Deploy.0 = Ad-Hoc|iPhoneSimulator
		{5A239359-8AE3-4BDE-9C9B-9D8DAC570559}.Ad-Hoc|Mixed Platforms.ActiveCfg = Ad-Hoc|iPhone
		{5A239359-8AE3-4BDE-9C9B-9D8DAC570559}.Ad-Hoc|Mixed Platforms.Build.0 = Ad-Hoc|iPhone
		{5A239359-8AE3-4BDE-9C9B-9D8DAC570559}.Ad-Hoc|Mixed Platforms.Deploy.0 = Ad-Hoc|iPhone
		{5A239359-8AE3-4BDE-9C9B-9D8DAC570559}.Ad-Hoc|x86.ActiveCfg = Ad-Hoc|iPhone
		{5A239359-8AE3-4BDE-9C9B-9D8DAC570559}.AppStore|Any CPU.ActiveCfg = AppStore|iPhone
		{5A239359-8AE3-4BDE-9C9B-9D8DAC570559}.AppStore|ARM.ActiveCfg = AppStore|iPhone
		{5A239359-8AE3-4BDE-9C9B-9D8DAC570559}.AppStore|iPhone.ActiveCfg = AppStore|iPhone
		{5A239359-8AE3-4BDE-9C9B-9D8DAC570559}.AppStore|iPhone.Build.0 = AppStore|iPhone
		{5A239359-8AE3-4BDE-9C9B-9D8DAC570559}.AppStore|iPhone.Deploy.0 = AppStore|iPhone
		{5A239359-8AE3-4BDE-9C9B-9D8DAC570559}.AppStore|iPhoneSimulator.ActiveCfg = AppStore|iPhoneSimulator
		{5A239359-8AE3-4BDE-9C9B-9D8DAC570559}.AppStore|iPhoneSimulator.Build.0 = AppStore|iPhoneSimulator
		{5A239359-8AE3-4BDE-9C9B-9D8DAC570559}.AppStore|iPhoneSimulator.Deploy.0 = AppStore|iPhoneSimulator
		{5A239359-8AE3-4BDE-9C9B-9D8DAC570559}.AppStore|Mixed Platforms.ActiveCfg = AppStore|iPhone
		{5A239359-8AE3-4BDE-9C9B-9D8DAC570559}.AppStore|Mixed Platforms.Build.0 = AppStore|iPhone
		{5A239359-8AE3-4BDE-9C9B-9D8DAC570559}.AppStore|Mixed Platforms.Deploy.0 = AppStore|iPhone
		{5A239359-8AE3-4BDE-9C9B-9D8DAC570559}.AppStore|x86.ActiveCfg = AppStore|iPhone
		{5A239359-8AE3-4BDE-9C9B-9D8DAC570559}.Debug|Any CPU.ActiveCfg = Debug|iPhone
		{5A239359-8AE3-4BDE-9C9B-9D8DAC570559}.Debug|ARM.ActiveCfg = Debug|iPhone
		{5A239359-8AE3-4BDE-9C9B-9D8DAC570559}.Debug|iPhone.ActiveCfg = Debug|iPhone
		{5A239359-8AE3-4BDE-9C9B-9D8DAC570559}.Debug|iPhone.Build.0 = Debug|iPhone
		{5A239359-8AE3-4BDE-9C9B-9D8DAC570559}.Debug|iPhone.Deploy.0 = Debug|iPhone
		{5A239359-8AE3-4BDE-9C9B-9D8DAC570559}.Debug|iPhoneSimulator.ActiveCfg = Debug|iPhoneSimulator
		{5A239359-8AE3-4BDE-9C9B-9D8DAC570559}.Debug|iPhoneSimulator.Build.0 = Debug|iPhoneSimulator
		{5A239359-8AE3-4BDE-9C9B-9D8DAC570559}.Debug|iPhoneSimulator.Deploy.0 = Debug|iPhoneSimulator
		{5A239359-8AE3-4BDE-9C9B-9D8DAC570559}.Debug|Mixed Platforms.ActiveCfg = Debug|iPhone
		{5A239359-8AE3-4BDE-9C9B-9D8DAC570559}.Debug|Mixed Platforms.Build.0 = Debug|iPhone
		{5A239359-8AE3-4BDE-9C9B-9D8DAC570559}.Debug|Mixed Platforms.Deploy.0 = Debug|iPhone
		{5A239359-8AE3-4BDE-9C9B-9D8DAC570559}.Debug|x86.ActiveCfg = Debug|iPhone
		{5A239359-8AE3-4BDE-9C9B-9D8DAC570559}.Release|Any CPU.ActiveCfg = Release|iPhone
		{5A239359-8AE3-4BDE-9C9B-9D8DAC570559}.Release|ARM.ActiveCfg = Release|iPhone
		{5A239359-8AE3-4BDE-9C9B-9D8DAC570559}.Release|iPhone.ActiveCfg = Release|iPhone
		{5A239359-8AE3-4BDE-9C9B-9D8DAC570559}.Release|iPhone.Build.0 = Release|iPhone
		{5A239359-8AE3-4BDE-9C9B-9D8DAC570559}.Release|iPhone.Deploy.0 = Release|iPhone
		{5A239359-8AE3-4BDE-9C9B-9D8DAC570559}.Release|iPhoneSimulator.ActiveCfg = Release|iPhoneSimulator
		{5A239359-8AE3-4BDE-9C9B-9D8DAC570559}.Release|iPhoneSimulator.Build.0 = Release|iPhoneSimulator
		{5A239359-8AE3-4BDE-9C9B-9D8DAC570559}.Release|iPhoneSimulator.Deploy.0 = Release|iPhoneSimulator
		{5A239359-8AE3-4BDE-9C9B-9D8DAC570559}.Release|Mixed Platforms.ActiveCfg = Release|iPhone
		{5A239359-8AE3-4BDE-9C9B-9D8DAC570559}.Release|Mixed Platforms.Build.0 = Release|iPhone
		{5A239359-8AE3-4BDE-9C9B-9D8DAC570559}.Release|Mixed Platforms.Deploy.0 = Release|iPhone
		{5A239359-8AE3-4BDE-9C9B-9D8DAC570559}.Release|x86.ActiveCfg = Release|iPhone
		{A18F7409-10B7-4D86-AD96-385A0692F745}.Ad-Hoc|Any CPU.ActiveCfg = Release|Any CPU
		{A18F7409-10B7-4D86-AD96-385A0692F745}.Ad-Hoc|Any CPU.Build.0 = Release|Any CPU
		{A18F7409-10B7-4D86-AD96-385A0692F745}.Ad-Hoc|Any CPU.Deploy.0 = Release|Any CPU
		{A18F7409-10B7-4D86-AD96-385A0692F745}.Ad-Hoc|ARM.ActiveCfg = Release|ARM
		{A18F7409-10B7-4D86-AD96-385A0692F745}.Ad-Hoc|ARM.Build.0 = Release|ARM
		{A18F7409-10B7-4D86-AD96-385A0692F745}.Ad-Hoc|ARM.Deploy.0 = Release|ARM
		{A18F7409-10B7-4D86-AD96-385A0692F745}.Ad-Hoc|iPhone.ActiveCfg = Release|Any CPU
		{A18F7409-10B7-4D86-AD96-385A0692F745}.Ad-Hoc|iPhoneSimulator.ActiveCfg = Release|Any CPU
		{A18F7409-10B7-4D86-AD96-385A0692F745}.Ad-Hoc|Mixed Platforms.ActiveCfg = Release|x86
		{A18F7409-10B7-4D86-AD96-385A0692F745}.Ad-Hoc|Mixed Platforms.Build.0 = Release|x86
		{A18F7409-10B7-4D86-AD96-385A0692F745}.Ad-Hoc|Mixed Platforms.Deploy.0 = Release|x86
		{A18F7409-10B7-4D86-AD96-385A0692F745}.Ad-Hoc|x86.ActiveCfg = Release|x86
		{A18F7409-10B7-4D86-AD96-385A0692F745}.Ad-Hoc|x86.Build.0 = Release|x86
		{A18F7409-10B7-4D86-AD96-385A0692F745}.Ad-Hoc|x86.Deploy.0 = Release|x86
		{A18F7409-10B7-4D86-AD96-385A0692F745}.AppStore|Any CPU.ActiveCfg = Release|Any CPU
		{A18F7409-10B7-4D86-AD96-385A0692F745}.AppStore|Any CPU.Build.0 = Release|Any CPU
		{A18F7409-10B7-4D86-AD96-385A0692F745}.AppStore|Any CPU.Deploy.0 = Release|Any CPU
		{A18F7409-10B7-4D86-AD96-385A0692F745}.AppStore|ARM.ActiveCfg = Release|ARM
		{A18F7409-10B7-4D86-AD96-385A0692F745}.AppStore|ARM.Build.0 = Release|ARM
		{A18F7409-10B7-4D86-AD96-385A0692F745}.AppStore|ARM.Deploy.0 = Release|ARM
		{A18F7409-10B7-4D86-AD96-385A0692F745}.AppStore|iPhone.ActiveCfg = Release|Any CPU
		{A18F7409-10B7-4D86-AD96-385A0692F745}.AppStore|iPhoneSimulator.ActiveCfg = Release|Any CPU
		{A18F7409-10B7-4D86-AD96-385A0692F745}.AppStore|Mixed Platforms.ActiveCfg = Release|x86
		{A18F7409-10B7-4D86-AD96-385A0692F745}.AppStore|Mixed Platforms.Build.0 = Release|x86
		{A18F7409-10B7-4D86-AD96-385A0692F745}.AppStore|Mixed Platforms.Deploy.0 = Release|x86
		{A18F7409-10B7-4D86-AD96-385A0692F745}.AppStore|x86.ActiveCfg = Release|x86
		{A18F7409-10B7-4D86-AD96-385A0692F745}.AppStore|x86.Build.0 = Release|x86
		{A18F7409-10B7-4D86-AD96-385A0692F745}.AppStore|x86.Deploy.0 = Release|x86
		{A18F7409-10B7-4D86-AD96-385A0692F745}.Debug|Any CPU.ActiveCfg = Debug|Any CPU
		{A18F7409-10B7-4D86-AD96-385A0692F745}.Debug|Any CPU.Build.0 = Debug|Any CPU
		{A18F7409-10B7-4D86-AD96-385A0692F745}.Debug|Any CPU.Deploy.0 = Debug|Any CPU
		{A18F7409-10B7-4D86-AD96-385A0692F745}.Debug|ARM.ActiveCfg = Debug|ARM
		{A18F7409-10B7-4D86-AD96-385A0692F745}.Debug|ARM.Build.0 = Debug|ARM
		{A18F7409-10B7-4D86-AD96-385A0692F745}.Debug|ARM.Deploy.0 = Debug|ARM
		{A18F7409-10B7-4D86-AD96-385A0692F745}.Debug|iPhone.ActiveCfg = Debug|Any CPU
		{A18F7409-10B7-4D86-AD96-385A0692F745}.Debug|iPhoneSimulator.ActiveCfg = Debug|Any CPU
		{A18F7409-10B7-4D86-AD96-385A0692F745}.Debug|Mixed Platforms.ActiveCfg = Debug|x86
		{A18F7409-10B7-4D86-AD96-385A0692F745}.Debug|Mixed Platforms.Build.0 = Debug|x86
		{A18F7409-10B7-4D86-AD96-385A0692F745}.Debug|Mixed Platforms.Deploy.0 = Debug|x86
		{A18F7409-10B7-4D86-AD96-385A0692F745}.Debug|x86.ActiveCfg = Debug|x86
		{A18F7409-10B7-4D86-AD96-385A0692F745}.Debug|x86.Build.0 = Debug|x86
		{A18F7409-10B7-4D86-AD96-385A0692F745}.Debug|x86.Deploy.0 = Debug|x86
		{A18F7409-10B7-4D86-AD96-385A0692F745}.Release|Any CPU.ActiveCfg = Release|Any CPU
		{A18F7409-10B7-4D86-AD96-385A0692F745}.Release|Any CPU.Build.0 = Release|Any CPU
		{A18F7409-10B7-4D86-AD96-385A0692F745}.Release|Any CPU.Deploy.0 = Release|Any CPU
		{A18F7409-10B7-4D86-AD96-385A0692F745}.Release|ARM.ActiveCfg = Release|ARM
		{A18F7409-10B7-4D86-AD96-385A0692F745}.Release|ARM.Build.0 = Release|ARM
		{A18F7409-10B7-4D86-AD96-385A0692F745}.Release|ARM.Deploy.0 = Release|ARM
		{A18F7409-10B7-4D86-AD96-385A0692F745}.Release|iPhone.ActiveCfg = Release|Any CPU
		{A18F7409-10B7-4D86-AD96-385A0692F745}.Release|iPhoneSimulator.ActiveCfg = Release|Any CPU
		{A18F7409-10B7-4D86-AD96-385A0692F745}.Release|Mixed Platforms.ActiveCfg = Release|x86
		{A18F7409-10B7-4D86-AD96-385A0692F745}.Release|Mixed Platforms.Build.0 = Release|x86
		{A18F7409-10B7-4D86-AD96-385A0692F745}.Release|Mixed Platforms.Deploy.0 = Release|x86
		{A18F7409-10B7-4D86-AD96-385A0692F745}.Release|x86.ActiveCfg = Release|x86
		{A18F7409-10B7-4D86-AD96-385A0692F745}.Release|x86.Build.0 = Release|x86
		{A18F7409-10B7-4D86-AD96-385A0692F745}.Release|x86.Deploy.0 = Release|x86
		{81FCB0A8-8838-4EB3-B32D-54945BF322B0}.Ad-Hoc|Any CPU.ActiveCfg = Release|Any CPU
		{81FCB0A8-8838-4EB3-B32D-54945BF322B0}.Ad-Hoc|Any CPU.Build.0 = Release|Any CPU
		{81FCB0A8-8838-4EB3-B32D-54945BF322B0}.Ad-Hoc|ARM.ActiveCfg = Release|Any CPU
		{81FCB0A8-8838-4EB3-B32D-54945BF322B0}.Ad-Hoc|iPhone.ActiveCfg = Release|Any CPU
		{81FCB0A8-8838-4EB3-B32D-54945BF322B0}.Ad-Hoc|iPhoneSimulator.ActiveCfg = Release|Any CPU
		{81FCB0A8-8838-4EB3-B32D-54945BF322B0}.Ad-Hoc|Mixed Platforms.ActiveCfg = Release|Any CPU
		{81FCB0A8-8838-4EB3-B32D-54945BF322B0}.Ad-Hoc|Mixed Platforms.Build.0 = Release|Any CPU
		{81FCB0A8-8838-4EB3-B32D-54945BF322B0}.Ad-Hoc|x86.ActiveCfg = Release|Any CPU
		{81FCB0A8-8838-4EB3-B32D-54945BF322B0}.AppStore|Any CPU.ActiveCfg = Release|Any CPU
		{81FCB0A8-8838-4EB3-B32D-54945BF322B0}.AppStore|Any CPU.Build.0 = Release|Any CPU
		{81FCB0A8-8838-4EB3-B32D-54945BF322B0}.AppStore|ARM.ActiveCfg = Release|Any CPU
		{81FCB0A8-8838-4EB3-B32D-54945BF322B0}.AppStore|iPhone.ActiveCfg = Release|Any CPU
		{81FCB0A8-8838-4EB3-B32D-54945BF322B0}.AppStore|iPhoneSimulator.ActiveCfg = Release|Any CPU
		{81FCB0A8-8838-4EB3-B32D-54945BF322B0}.AppStore|Mixed Platforms.ActiveCfg = Release|Any CPU
		{81FCB0A8-8838-4EB3-B32D-54945BF322B0}.AppStore|Mixed Platforms.Build.0 = Release|Any CPU
		{81FCB0A8-8838-4EB3-B32D-54945BF322B0}.AppStore|x86.ActiveCfg = Release|Any CPU
		{81FCB0A8-8838-4EB3-B32D-54945BF322B0}.Debug|Any CPU.ActiveCfg = Debug|Any CPU
		{81FCB0A8-8838-4EB3-B32D-54945BF322B0}.Debug|Any CPU.Build.0 = Debug|Any CPU
		{81FCB0A8-8838-4EB3-B32D-54945BF322B0}.Debug|ARM.ActiveCfg = Debug|Any CPU
		{81FCB0A8-8838-4EB3-B32D-54945BF322B0}.Debug|iPhone.ActiveCfg = Debug|Any CPU
		{81FCB0A8-8838-4EB3-B32D-54945BF322B0}.Debug|iPhoneSimulator.ActiveCfg = Debug|Any CPU
		{81FCB0A8-8838-4EB3-B32D-54945BF322B0}.Debug|Mixed Platforms.ActiveCfg = Debug|Any CPU
		{81FCB0A8-8838-4EB3-B32D-54945BF322B0}.Debug|Mixed Platforms.Build.0 = Debug|Any CPU
		{81FCB0A8-8838-4EB3-B32D-54945BF322B0}.Debug|x86.ActiveCfg = Debug|Any CPU
		{81FCB0A8-8838-4EB3-B32D-54945BF322B0}.Release|Any CPU.ActiveCfg = Release|Any CPU
		{81FCB0A8-8838-4EB3-B32D-54945BF322B0}.Release|Any CPU.Build.0 = Release|Any CPU
		{81FCB0A8-8838-4EB3-B32D-54945BF322B0}.Release|ARM.ActiveCfg = Release|Any CPU
		{81FCB0A8-8838-4EB3-B32D-54945BF322B0}.Release|iPhone.ActiveCfg = Release|Any CPU
		{81FCB0A8-8838-4EB3-B32D-54945BF322B0}.Release|iPhoneSimulator.ActiveCfg = Release|Any CPU
		{81FCB0A8-8838-4EB3-B32D-54945BF322B0}.Release|Mixed Platforms.ActiveCfg = Release|Any CPU
		{81FCB0A8-8838-4EB3-B32D-54945BF322B0}.Release|Mixed Platforms.Build.0 = Release|Any CPU
		{81FCB0A8-8838-4EB3-B32D-54945BF322B0}.Release|x86.ActiveCfg = Release|Any CPU
	EndGlobalSection
	GlobalSection(SolutionProperties) = preSolution
		HideSolutionNode = FALSE
	EndGlobalSection
EndGlobal
