
Microsoft Visual Studio Solution File, Format Version 12.00
# Visual Studio 14
VisualStudioVersion = 14.0.25123.0
MinimumVisualStudioVersion = 10.0.40219.1
Project("{FAE04EC0-301F-11D3-BF4B-00C04F79EFBC}") = "Common", "Common\Common.csproj", "{85D45B1B-D669-4370-8D5C-60D2350C5544}"
EndProject
Project("{FAE04EC0-301F-11D3-BF4B-00C04F79EFBC}") = "AcceptanceTests", "AcceptanceTests\AcceptanceTests.csproj", "{12248512-C6DE-4B1B-8560-D8A09911A300}"
EndProject
Project("{FAE04EC0-301F-11D3-BF4B-00C04F79EFBC}") = "crisicheckinweb", "crisicheckinweb\crisicheckinweb.csproj", "{212DEAC4-D307-4480-94CE-2951E22B13F8}"
EndProject
Project("{F2A71F9B-5D33-465A-A702-920D77279786}") = "IntegrationTests", "IntegrationTests\IntegrationTests.fsproj", "{460BDFEE-7B00-470C-B0BB-8828E524DD17}"
EndProject
Project("{FAE04EC0-301F-11D3-BF4B-00C04F79EFBC}") = "Models", "Models\Models.csproj", "{3FD36CF5-7D79-4505-A0BB-12E35A613D88}"
EndProject
Project("{FAE04EC0-301F-11D3-BF4B-00C04F79EFBC}") = "Services", "Services\Services.csproj", "{D7A71984-2CC2-4DA7-9346-D697FDBF15B4}"
EndProject
Project("{FAE04EC0-301F-11D3-BF4B-00C04F79EFBC}") = "Services.UnitTest", "Services.UnitTest\Services.UnitTest.csproj", "{F6C6C990-7B39-457F-95A1-D22EC67F4A79}"
EndProject
Project("{FAE04EC0-301F-11D3-BF4B-00C04F79EFBC}") = "WebProjectTests", "WebProjectTests\WebProjectTests.csproj", "{29F2C62B-0F89-44E9-8EDB-6C4F7987647A}"
EndProject
Project("{FAE04EC0-301F-11D3-BF4B-00C04F79EFBC}") = "CrisisCheckinMobile", "CrisisCheckinMobile\CrisisCheckinMobile\CrisisCheckinMobile.csproj", "{37DD4F16-62B1-4770-ADAA-2EA781D401BA}"
EndProject
Project("{FAE04EC0-301F-11D3-BF4B-00C04F79EFBC}") = "CrisisCheckinMobile.Android", "CrisisCheckinMobile\CrisisCheckinMobile.Android\CrisisCheckinMobile.Android.csproj", "{239CC02A-3351-4BA8-9EDC-F2C45375D12F}"
EndProject
Project("{FAE04EC0-301F-11D3-BF4B-00C04F79EFBC}") = "CrisisCheckinMobile.UWP", "CrisisCheckinMobile\CrisisCheckinMobile.UWP\CrisisCheckinMobile.UWP.csproj", "{8CD7AE8F-99C5-449C-A14B-09D80372DA4F}"
EndProject
Project("{FAE04EC0-301F-11D3-BF4B-00C04F79EFBC}") = "CrisisCheckinMobile.iOS", "CrisisCheckinMobile\CrisisCheckinMobile.iOS\CrisisCheckinMobile.iOS.csproj", "{02D9ED13-7563-4B38-9907-116213D3E961}"
EndProject
Global
	GlobalSection(SolutionConfigurationPlatforms) = preSolution
		Ad-Hoc|Any CPU = Ad-Hoc|Any CPU
		Ad-Hoc|ARM = Ad-Hoc|ARM
		Ad-Hoc|iPhone = Ad-Hoc|iPhone
		Ad-Hoc|iPhoneSimulator = Ad-Hoc|iPhoneSimulator
		Ad-Hoc|x64 = Ad-Hoc|x64
		Ad-Hoc|x86 = Ad-Hoc|x86
		AppStore|Any CPU = AppStore|Any CPU
		AppStore|ARM = AppStore|ARM
		AppStore|iPhone = AppStore|iPhone
		AppStore|iPhoneSimulator = AppStore|iPhoneSimulator
		AppStore|x64 = AppStore|x64
		AppStore|x86 = AppStore|x86
		Debug|Any CPU = Debug|Any CPU
		Debug|ARM = Debug|ARM
		Debug|iPhone = Debug|iPhone
		Debug|iPhoneSimulator = Debug|iPhoneSimulator
		Debug|x64 = Debug|x64
		Debug|x86 = Debug|x86
		Release|Any CPU = Release|Any CPU
		Release|ARM = Release|ARM
		Release|iPhone = Release|iPhone
		Release|iPhoneSimulator = Release|iPhoneSimulator
		Release|x64 = Release|x64
		Release|x86 = Release|x86
		Staging|Any CPU = Staging|Any CPU
		Staging|ARM = Staging|ARM
		Staging|iPhone = Staging|iPhone
		Staging|iPhoneSimulator = Staging|iPhoneSimulator
		Staging|x64 = Staging|x64
		Staging|x86 = Staging|x86
	EndGlobalSection
	GlobalSection(ProjectConfigurationPlatforms) = postSolution
		{85D45B1B-D669-4370-8D5C-60D2350C5544}.Ad-Hoc|Any CPU.ActiveCfg = Staging|Any CPU
		{85D45B1B-D669-4370-8D5C-60D2350C5544}.Ad-Hoc|Any CPU.Build.0 = Staging|Any CPU
		{85D45B1B-D669-4370-8D5C-60D2350C5544}.Ad-Hoc|ARM.ActiveCfg = Staging|Any CPU
		{85D45B1B-D669-4370-8D5C-60D2350C5544}.Ad-Hoc|ARM.Build.0 = Staging|Any CPU
		{85D45B1B-D669-4370-8D5C-60D2350C5544}.Ad-Hoc|iPhone.ActiveCfg = Staging|Any CPU
		{85D45B1B-D669-4370-8D5C-60D2350C5544}.Ad-Hoc|iPhone.Build.0 = Staging|Any CPU
		{85D45B1B-D669-4370-8D5C-60D2350C5544}.Ad-Hoc|iPhoneSimulator.ActiveCfg = Staging|Any CPU
		{85D45B1B-D669-4370-8D5C-60D2350C5544}.Ad-Hoc|iPhoneSimulator.Build.0 = Staging|Any CPU
		{85D45B1B-D669-4370-8D5C-60D2350C5544}.Ad-Hoc|x64.ActiveCfg = Staging|Any CPU
		{85D45B1B-D669-4370-8D5C-60D2350C5544}.Ad-Hoc|x64.Build.0 = Staging|Any CPU
		{85D45B1B-D669-4370-8D5C-60D2350C5544}.Ad-Hoc|x86.ActiveCfg = Staging|Any CPU
		{85D45B1B-D669-4370-8D5C-60D2350C5544}.Ad-Hoc|x86.Build.0 = Staging|Any CPU
		{85D45B1B-D669-4370-8D5C-60D2350C5544}.AppStore|Any CPU.ActiveCfg = Staging|Any CPU
		{85D45B1B-D669-4370-8D5C-60D2350C5544}.AppStore|Any CPU.Build.0 = Staging|Any CPU
		{85D45B1B-D669-4370-8D5C-60D2350C5544}.AppStore|ARM.ActiveCfg = Staging|Any CPU
		{85D45B1B-D669-4370-8D5C-60D2350C5544}.AppStore|ARM.Build.0 = Staging|Any CPU
		{85D45B1B-D669-4370-8D5C-60D2350C5544}.AppStore|iPhone.ActiveCfg = Staging|Any CPU
		{85D45B1B-D669-4370-8D5C-60D2350C5544}.AppStore|iPhone.Build.0 = Staging|Any CPU
		{85D45B1B-D669-4370-8D5C-60D2350C5544}.AppStore|iPhoneSimulator.ActiveCfg = Staging|Any CPU
		{85D45B1B-D669-4370-8D5C-60D2350C5544}.AppStore|iPhoneSimulator.Build.0 = Staging|Any CPU
		{85D45B1B-D669-4370-8D5C-60D2350C5544}.AppStore|x64.ActiveCfg = Staging|Any CPU
		{85D45B1B-D669-4370-8D5C-60D2350C5544}.AppStore|x64.Build.0 = Staging|Any CPU
		{85D45B1B-D669-4370-8D5C-60D2350C5544}.AppStore|x86.ActiveCfg = Staging|Any CPU
		{85D45B1B-D669-4370-8D5C-60D2350C5544}.AppStore|x86.Build.0 = Staging|Any CPU
		{85D45B1B-D669-4370-8D5C-60D2350C5544}.Debug|Any CPU.ActiveCfg = Debug|Any CPU
		{85D45B1B-D669-4370-8D5C-60D2350C5544}.Debug|Any CPU.Build.0 = Debug|Any CPU
		{85D45B1B-D669-4370-8D5C-60D2350C5544}.Debug|ARM.ActiveCfg = Debug|Any CPU
		{85D45B1B-D669-4370-8D5C-60D2350C5544}.Debug|ARM.Build.0 = Debug|Any CPU
		{85D45B1B-D669-4370-8D5C-60D2350C5544}.Debug|iPhone.ActiveCfg = Debug|Any CPU
		{85D45B1B-D669-4370-8D5C-60D2350C5544}.Debug|iPhone.Build.0 = Debug|Any CPU
		{85D45B1B-D669-4370-8D5C-60D2350C5544}.Debug|iPhoneSimulator.ActiveCfg = Debug|Any CPU
		{85D45B1B-D669-4370-8D5C-60D2350C5544}.Debug|iPhoneSimulator.Build.0 = Debug|Any CPU
		{85D45B1B-D669-4370-8D5C-60D2350C5544}.Debug|x64.ActiveCfg = Debug|Any CPU
		{85D45B1B-D669-4370-8D5C-60D2350C5544}.Debug|x64.Build.0 = Debug|Any CPU
		{85D45B1B-D669-4370-8D5C-60D2350C5544}.Debug|x86.ActiveCfg = Debug|Any CPU
		{85D45B1B-D669-4370-8D5C-60D2350C5544}.Debug|x86.Build.0 = Debug|Any CPU
		{85D45B1B-D669-4370-8D5C-60D2350C5544}.Release|Any CPU.ActiveCfg = Release|Any CPU
		{85D45B1B-D669-4370-8D5C-60D2350C5544}.Release|Any CPU.Build.0 = Release|Any CPU
		{85D45B1B-D669-4370-8D5C-60D2350C5544}.Release|ARM.ActiveCfg = Release|Any CPU
		{85D45B1B-D669-4370-8D5C-60D2350C5544}.Release|ARM.Build.0 = Release|Any CPU
		{85D45B1B-D669-4370-8D5C-60D2350C5544}.Release|iPhone.ActiveCfg = Release|Any CPU
		{85D45B1B-D669-4370-8D5C-60D2350C5544}.Release|iPhone.Build.0 = Release|Any CPU
		{85D45B1B-D669-4370-8D5C-60D2350C5544}.Release|iPhoneSimulator.ActiveCfg = Release|Any CPU
		{85D45B1B-D669-4370-8D5C-60D2350C5544}.Release|iPhoneSimulator.Build.0 = Release|Any CPU
		{85D45B1B-D669-4370-8D5C-60D2350C5544}.Release|x64.ActiveCfg = Release|Any CPU
		{85D45B1B-D669-4370-8D5C-60D2350C5544}.Release|x64.Build.0 = Release|Any CPU
		{85D45B1B-D669-4370-8D5C-60D2350C5544}.Release|x86.ActiveCfg = Release|Any CPU
		{85D45B1B-D669-4370-8D5C-60D2350C5544}.Release|x86.Build.0 = Release|Any CPU
		{85D45B1B-D669-4370-8D5C-60D2350C5544}.Staging|Any CPU.ActiveCfg = Staging|Any CPU
		{85D45B1B-D669-4370-8D5C-60D2350C5544}.Staging|Any CPU.Build.0 = Staging|Any CPU
		{85D45B1B-D669-4370-8D5C-60D2350C5544}.Staging|ARM.ActiveCfg = Staging|Any CPU
		{85D45B1B-D669-4370-8D5C-60D2350C5544}.Staging|ARM.Build.0 = Staging|Any CPU
		{85D45B1B-D669-4370-8D5C-60D2350C5544}.Staging|iPhone.ActiveCfg = Staging|Any CPU
		{85D45B1B-D669-4370-8D5C-60D2350C5544}.Staging|iPhone.Build.0 = Staging|Any CPU
		{85D45B1B-D669-4370-8D5C-60D2350C5544}.Staging|iPhoneSimulator.ActiveCfg = Staging|Any CPU
		{85D45B1B-D669-4370-8D5C-60D2350C5544}.Staging|iPhoneSimulator.Build.0 = Staging|Any CPU
		{85D45B1B-D669-4370-8D5C-60D2350C5544}.Staging|x64.ActiveCfg = Staging|Any CPU
		{85D45B1B-D669-4370-8D5C-60D2350C5544}.Staging|x64.Build.0 = Staging|Any CPU
		{85D45B1B-D669-4370-8D5C-60D2350C5544}.Staging|x86.ActiveCfg = Staging|Any CPU
		{85D45B1B-D669-4370-8D5C-60D2350C5544}.Staging|x86.Build.0 = Staging|Any CPU
		{12248512-C6DE-4B1B-8560-D8A09911A300}.Ad-Hoc|Any CPU.ActiveCfg = Staging|Any CPU
		{12248512-C6DE-4B1B-8560-D8A09911A300}.Ad-Hoc|Any CPU.Build.0 = Staging|Any CPU
		{12248512-C6DE-4B1B-8560-D8A09911A300}.Ad-Hoc|ARM.ActiveCfg = Staging|Any CPU
		{12248512-C6DE-4B1B-8560-D8A09911A300}.Ad-Hoc|ARM.Build.0 = Staging|Any CPU
		{12248512-C6DE-4B1B-8560-D8A09911A300}.Ad-Hoc|iPhone.ActiveCfg = Staging|Any CPU
		{12248512-C6DE-4B1B-8560-D8A09911A300}.Ad-Hoc|iPhone.Build.0 = Staging|Any CPU
		{12248512-C6DE-4B1B-8560-D8A09911A300}.Ad-Hoc|iPhoneSimulator.ActiveCfg = Staging|Any CPU
		{12248512-C6DE-4B1B-8560-D8A09911A300}.Ad-Hoc|iPhoneSimulator.Build.0 = Staging|Any CPU
		{12248512-C6DE-4B1B-8560-D8A09911A300}.Ad-Hoc|x64.ActiveCfg = Staging|Any CPU
		{12248512-C6DE-4B1B-8560-D8A09911A300}.Ad-Hoc|x64.Build.0 = Staging|Any CPU
		{12248512-C6DE-4B1B-8560-D8A09911A300}.Ad-Hoc|x86.ActiveCfg = Staging|Any CPU
		{12248512-C6DE-4B1B-8560-D8A09911A300}.Ad-Hoc|x86.Build.0 = Staging|Any CPU
		{12248512-C6DE-4B1B-8560-D8A09911A300}.AppStore|Any CPU.ActiveCfg = Staging|Any CPU
		{12248512-C6DE-4B1B-8560-D8A09911A300}.AppStore|Any CPU.Build.0 = Staging|Any CPU
		{12248512-C6DE-4B1B-8560-D8A09911A300}.AppStore|ARM.ActiveCfg = Staging|Any CPU
		{12248512-C6DE-4B1B-8560-D8A09911A300}.AppStore|ARM.Build.0 = Staging|Any CPU
		{12248512-C6DE-4B1B-8560-D8A09911A300}.AppStore|iPhone.ActiveCfg = Staging|Any CPU
		{12248512-C6DE-4B1B-8560-D8A09911A300}.AppStore|iPhone.Build.0 = Staging|Any CPU
		{12248512-C6DE-4B1B-8560-D8A09911A300}.AppStore|iPhoneSimulator.ActiveCfg = Staging|Any CPU
		{12248512-C6DE-4B1B-8560-D8A09911A300}.AppStore|iPhoneSimulator.Build.0 = Staging|Any CPU
		{12248512-C6DE-4B1B-8560-D8A09911A300}.AppStore|x64.ActiveCfg = Staging|Any CPU
		{12248512-C6DE-4B1B-8560-D8A09911A300}.AppStore|x64.Build.0 = Staging|Any CPU
		{12248512-C6DE-4B1B-8560-D8A09911A300}.AppStore|x86.ActiveCfg = Staging|Any CPU
		{12248512-C6DE-4B1B-8560-D8A09911A300}.AppStore|x86.Build.0 = Staging|Any CPU
		{12248512-C6DE-4B1B-8560-D8A09911A300}.Debug|Any CPU.ActiveCfg = Debug|Any CPU
		{12248512-C6DE-4B1B-8560-D8A09911A300}.Debug|Any CPU.Build.0 = Debug|Any CPU
		{12248512-C6DE-4B1B-8560-D8A09911A300}.Debug|ARM.ActiveCfg = Debug|Any CPU
		{12248512-C6DE-4B1B-8560-D8A09911A300}.Debug|ARM.Build.0 = Debug|Any CPU
		{12248512-C6DE-4B1B-8560-D8A09911A300}.Debug|iPhone.ActiveCfg = Debug|Any CPU
		{12248512-C6DE-4B1B-8560-D8A09911A300}.Debug|iPhone.Build.0 = Debug|Any CPU
		{12248512-C6DE-4B1B-8560-D8A09911A300}.Debug|iPhoneSimulator.ActiveCfg = Debug|Any CPU
		{12248512-C6DE-4B1B-8560-D8A09911A300}.Debug|iPhoneSimulator.Build.0 = Debug|Any CPU
		{12248512-C6DE-4B1B-8560-D8A09911A300}.Debug|x64.ActiveCfg = Debug|Any CPU
		{12248512-C6DE-4B1B-8560-D8A09911A300}.Debug|x64.Build.0 = Debug|Any CPU
		{12248512-C6DE-4B1B-8560-D8A09911A300}.Debug|x86.ActiveCfg = Debug|Any CPU
		{12248512-C6DE-4B1B-8560-D8A09911A300}.Debug|x86.Build.0 = Debug|Any CPU
		{12248512-C6DE-4B1B-8560-D8A09911A300}.Release|Any CPU.ActiveCfg = Release|Any CPU
		{12248512-C6DE-4B1B-8560-D8A09911A300}.Release|Any CPU.Build.0 = Release|Any CPU
		{12248512-C6DE-4B1B-8560-D8A09911A300}.Release|ARM.ActiveCfg = Release|Any CPU
		{12248512-C6DE-4B1B-8560-D8A09911A300}.Release|ARM.Build.0 = Release|Any CPU
		{12248512-C6DE-4B1B-8560-D8A09911A300}.Release|iPhone.ActiveCfg = Release|Any CPU
		{12248512-C6DE-4B1B-8560-D8A09911A300}.Release|iPhone.Build.0 = Release|Any CPU
		{12248512-C6DE-4B1B-8560-D8A09911A300}.Release|iPhoneSimulator.ActiveCfg = Release|Any CPU
		{12248512-C6DE-4B1B-8560-D8A09911A300}.Release|iPhoneSimulator.Build.0 = Release|Any CPU
		{12248512-C6DE-4B1B-8560-D8A09911A300}.Release|x64.ActiveCfg = Release|Any CPU
		{12248512-C6DE-4B1B-8560-D8A09911A300}.Release|x64.Build.0 = Release|Any CPU
		{12248512-C6DE-4B1B-8560-D8A09911A300}.Release|x86.ActiveCfg = Release|Any CPU
		{12248512-C6DE-4B1B-8560-D8A09911A300}.Release|x86.Build.0 = Release|Any CPU
		{12248512-C6DE-4B1B-8560-D8A09911A300}.Staging|Any CPU.ActiveCfg = Staging|Any CPU
		{12248512-C6DE-4B1B-8560-D8A09911A300}.Staging|Any CPU.Build.0 = Staging|Any CPU
		{12248512-C6DE-4B1B-8560-D8A09911A300}.Staging|ARM.ActiveCfg = Staging|Any CPU
		{12248512-C6DE-4B1B-8560-D8A09911A300}.Staging|ARM.Build.0 = Staging|Any CPU
		{12248512-C6DE-4B1B-8560-D8A09911A300}.Staging|iPhone.ActiveCfg = Staging|Any CPU
		{12248512-C6DE-4B1B-8560-D8A09911A300}.Staging|iPhone.Build.0 = Staging|Any CPU
		{12248512-C6DE-4B1B-8560-D8A09911A300}.Staging|iPhoneSimulator.ActiveCfg = Staging|Any CPU
		{12248512-C6DE-4B1B-8560-D8A09911A300}.Staging|iPhoneSimulator.Build.0 = Staging|Any CPU
		{12248512-C6DE-4B1B-8560-D8A09911A300}.Staging|x64.ActiveCfg = Staging|Any CPU
		{12248512-C6DE-4B1B-8560-D8A09911A300}.Staging|x64.Build.0 = Staging|Any CPU
		{12248512-C6DE-4B1B-8560-D8A09911A300}.Staging|x86.ActiveCfg = Staging|Any CPU
		{12248512-C6DE-4B1B-8560-D8A09911A300}.Staging|x86.Build.0 = Staging|Any CPU
		{212DEAC4-D307-4480-94CE-2951E22B13F8}.Ad-Hoc|Any CPU.ActiveCfg = Staging|Any CPU
		{212DEAC4-D307-4480-94CE-2951E22B13F8}.Ad-Hoc|Any CPU.Build.0 = Staging|Any CPU
		{212DEAC4-D307-4480-94CE-2951E22B13F8}.Ad-Hoc|ARM.ActiveCfg = Staging|Any CPU
		{212DEAC4-D307-4480-94CE-2951E22B13F8}.Ad-Hoc|ARM.Build.0 = Staging|Any CPU
		{212DEAC4-D307-4480-94CE-2951E22B13F8}.Ad-Hoc|iPhone.ActiveCfg = Staging|Any CPU
		{212DEAC4-D307-4480-94CE-2951E22B13F8}.Ad-Hoc|iPhone.Build.0 = Staging|Any CPU
		{212DEAC4-D307-4480-94CE-2951E22B13F8}.Ad-Hoc|iPhoneSimulator.ActiveCfg = Staging|Any CPU
		{212DEAC4-D307-4480-94CE-2951E22B13F8}.Ad-Hoc|iPhoneSimulator.Build.0 = Staging|Any CPU
		{212DEAC4-D307-4480-94CE-2951E22B13F8}.Ad-Hoc|x64.ActiveCfg = Staging|Any CPU
		{212DEAC4-D307-4480-94CE-2951E22B13F8}.Ad-Hoc|x64.Build.0 = Staging|Any CPU
		{212DEAC4-D307-4480-94CE-2951E22B13F8}.Ad-Hoc|x86.ActiveCfg = Staging|Any CPU
		{212DEAC4-D307-4480-94CE-2951E22B13F8}.Ad-Hoc|x86.Build.0 = Staging|Any CPU
		{212DEAC4-D307-4480-94CE-2951E22B13F8}.AppStore|Any CPU.ActiveCfg = Staging|Any CPU
		{212DEAC4-D307-4480-94CE-2951E22B13F8}.AppStore|Any CPU.Build.0 = Staging|Any CPU
		{212DEAC4-D307-4480-94CE-2951E22B13F8}.AppStore|ARM.ActiveCfg = Staging|Any CPU
		{212DEAC4-D307-4480-94CE-2951E22B13F8}.AppStore|ARM.Build.0 = Staging|Any CPU
		{212DEAC4-D307-4480-94CE-2951E22B13F8}.AppStore|iPhone.ActiveCfg = Staging|Any CPU
		{212DEAC4-D307-4480-94CE-2951E22B13F8}.AppStore|iPhone.Build.0 = Staging|Any CPU
		{212DEAC4-D307-4480-94CE-2951E22B13F8}.AppStore|iPhoneSimulator.ActiveCfg = Staging|Any CPU
		{212DEAC4-D307-4480-94CE-2951E22B13F8}.AppStore|iPhoneSimulator.Build.0 = Staging|Any CPU
		{212DEAC4-D307-4480-94CE-2951E22B13F8}.AppStore|x64.ActiveCfg = Staging|Any CPU
		{212DEAC4-D307-4480-94CE-2951E22B13F8}.AppStore|x64.Build.0 = Staging|Any CPU
		{212DEAC4-D307-4480-94CE-2951E22B13F8}.AppStore|x86.ActiveCfg = Staging|Any CPU
		{212DEAC4-D307-4480-94CE-2951E22B13F8}.AppStore|x86.Build.0 = Staging|Any CPU
		{212DEAC4-D307-4480-94CE-2951E22B13F8}.Debug|Any CPU.ActiveCfg = Debug|Any CPU
		{212DEAC4-D307-4480-94CE-2951E22B13F8}.Debug|Any CPU.Build.0 = Debug|Any CPU
		{212DEAC4-D307-4480-94CE-2951E22B13F8}.Debug|ARM.ActiveCfg = Debug|Any CPU
		{212DEAC4-D307-4480-94CE-2951E22B13F8}.Debug|ARM.Build.0 = Debug|Any CPU
		{212DEAC4-D307-4480-94CE-2951E22B13F8}.Debug|iPhone.ActiveCfg = Debug|Any CPU
		{212DEAC4-D307-4480-94CE-2951E22B13F8}.Debug|iPhone.Build.0 = Debug|Any CPU
		{212DEAC4-D307-4480-94CE-2951E22B13F8}.Debug|iPhoneSimulator.ActiveCfg = Debug|Any CPU
		{212DEAC4-D307-4480-94CE-2951E22B13F8}.Debug|iPhoneSimulator.Build.0 = Debug|Any CPU
		{212DEAC4-D307-4480-94CE-2951E22B13F8}.Debug|x64.ActiveCfg = Debug|Any CPU
		{212DEAC4-D307-4480-94CE-2951E22B13F8}.Debug|x64.Build.0 = Debug|Any CPU
		{212DEAC4-D307-4480-94CE-2951E22B13F8}.Debug|x86.ActiveCfg = Debug|Any CPU
		{212DEAC4-D307-4480-94CE-2951E22B13F8}.Debug|x86.Build.0 = Debug|Any CPU
		{212DEAC4-D307-4480-94CE-2951E22B13F8}.Release|Any CPU.ActiveCfg = Release|Any CPU
		{212DEAC4-D307-4480-94CE-2951E22B13F8}.Release|Any CPU.Build.0 = Release|Any CPU
		{212DEAC4-D307-4480-94CE-2951E22B13F8}.Release|ARM.ActiveCfg = Release|Any CPU
		{212DEAC4-D307-4480-94CE-2951E22B13F8}.Release|ARM.Build.0 = Release|Any CPU
		{212DEAC4-D307-4480-94CE-2951E22B13F8}.Release|iPhone.ActiveCfg = Release|Any CPU
		{212DEAC4-D307-4480-94CE-2951E22B13F8}.Release|iPhone.Build.0 = Release|Any CPU
		{212DEAC4-D307-4480-94CE-2951E22B13F8}.Release|iPhoneSimulator.ActiveCfg = Release|Any CPU
		{212DEAC4-D307-4480-94CE-2951E22B13F8}.Release|iPhoneSimulator.Build.0 = Release|Any CPU
		{212DEAC4-D307-4480-94CE-2951E22B13F8}.Release|x64.ActiveCfg = Release|Any CPU
		{212DEAC4-D307-4480-94CE-2951E22B13F8}.Release|x64.Build.0 = Release|Any CPU
		{212DEAC4-D307-4480-94CE-2951E22B13F8}.Release|x86.ActiveCfg = Release|Any CPU
		{212DEAC4-D307-4480-94CE-2951E22B13F8}.Release|x86.Build.0 = Release|Any CPU
		{212DEAC4-D307-4480-94CE-2951E22B13F8}.Staging|Any CPU.ActiveCfg = Staging|Any CPU
		{212DEAC4-D307-4480-94CE-2951E22B13F8}.Staging|Any CPU.Build.0 = Staging|Any CPU
		{212DEAC4-D307-4480-94CE-2951E22B13F8}.Staging|ARM.ActiveCfg = Staging|Any CPU
		{212DEAC4-D307-4480-94CE-2951E22B13F8}.Staging|ARM.Build.0 = Staging|Any CPU
		{212DEAC4-D307-4480-94CE-2951E22B13F8}.Staging|iPhone.ActiveCfg = Staging|Any CPU
		{212DEAC4-D307-4480-94CE-2951E22B13F8}.Staging|iPhone.Build.0 = Staging|Any CPU
		{212DEAC4-D307-4480-94CE-2951E22B13F8}.Staging|iPhoneSimulator.ActiveCfg = Staging|Any CPU
		{212DEAC4-D307-4480-94CE-2951E22B13F8}.Staging|iPhoneSimulator.Build.0 = Staging|Any CPU
		{212DEAC4-D307-4480-94CE-2951E22B13F8}.Staging|x64.ActiveCfg = Staging|Any CPU
		{212DEAC4-D307-4480-94CE-2951E22B13F8}.Staging|x64.Build.0 = Staging|Any CPU
		{212DEAC4-D307-4480-94CE-2951E22B13F8}.Staging|x86.ActiveCfg = Staging|Any CPU
		{212DEAC4-D307-4480-94CE-2951E22B13F8}.Staging|x86.Build.0 = Staging|Any CPU
		{460BDFEE-7B00-470C-B0BB-8828E524DD17}.Ad-Hoc|Any CPU.ActiveCfg = Release|Any CPU
		{460BDFEE-7B00-470C-B0BB-8828E524DD17}.Ad-Hoc|Any CPU.Build.0 = Release|Any CPU
		{460BDFEE-7B00-470C-B0BB-8828E524DD17}.Ad-Hoc|ARM.ActiveCfg = Release|Any CPU
		{460BDFEE-7B00-470C-B0BB-8828E524DD17}.Ad-Hoc|ARM.Build.0 = Release|Any CPU
		{460BDFEE-7B00-470C-B0BB-8828E524DD17}.Ad-Hoc|iPhone.ActiveCfg = Release|Any CPU
		{460BDFEE-7B00-470C-B0BB-8828E524DD17}.Ad-Hoc|iPhone.Build.0 = Release|Any CPU
		{460BDFEE-7B00-470C-B0BB-8828E524DD17}.Ad-Hoc|iPhoneSimulator.ActiveCfg = Release|Any CPU
		{460BDFEE-7B00-470C-B0BB-8828E524DD17}.Ad-Hoc|iPhoneSimulator.Build.0 = Release|Any CPU
		{460BDFEE-7B00-470C-B0BB-8828E524DD17}.Ad-Hoc|x64.ActiveCfg = Release|Any CPU
		{460BDFEE-7B00-470C-B0BB-8828E524DD17}.Ad-Hoc|x64.Build.0 = Release|Any CPU
		{460BDFEE-7B00-470C-B0BB-8828E524DD17}.Ad-Hoc|x86.ActiveCfg = Release|Any CPU
		{460BDFEE-7B00-470C-B0BB-8828E524DD17}.Ad-Hoc|x86.Build.0 = Release|Any CPU
		{460BDFEE-7B00-470C-B0BB-8828E524DD17}.AppStore|Any CPU.ActiveCfg = Release|Any CPU
		{460BDFEE-7B00-470C-B0BB-8828E524DD17}.AppStore|Any CPU.Build.0 = Release|Any CPU
		{460BDFEE-7B00-470C-B0BB-8828E524DD17}.AppStore|ARM.ActiveCfg = Release|Any CPU
		{460BDFEE-7B00-470C-B0BB-8828E524DD17}.AppStore|ARM.Build.0 = Release|Any CPU
		{460BDFEE-7B00-470C-B0BB-8828E524DD17}.AppStore|iPhone.ActiveCfg = Release|Any CPU
		{460BDFEE-7B00-470C-B0BB-8828E524DD17}.AppStore|iPhone.Build.0 = Release|Any CPU
		{460BDFEE-7B00-470C-B0BB-8828E524DD17}.AppStore|iPhoneSimulator.ActiveCfg = Release|Any CPU
		{460BDFEE-7B00-470C-B0BB-8828E524DD17}.AppStore|iPhoneSimulator.Build.0 = Release|Any CPU
		{460BDFEE-7B00-470C-B0BB-8828E524DD17}.AppStore|x64.ActiveCfg = Release|Any CPU
		{460BDFEE-7B00-470C-B0BB-8828E524DD17}.AppStore|x64.Build.0 = Release|Any CPU
		{460BDFEE-7B00-470C-B0BB-8828E524DD17}.AppStore|x86.ActiveCfg = Release|Any CPU
		{460BDFEE-7B00-470C-B0BB-8828E524DD17}.AppStore|x86.Build.0 = Release|Any CPU
		{460BDFEE-7B00-470C-B0BB-8828E524DD17}.Debug|Any CPU.ActiveCfg = Debug|Any CPU
		{460BDFEE-7B00-470C-B0BB-8828E524DD17}.Debug|Any CPU.Build.0 = Debug|Any CPU
		{460BDFEE-7B00-470C-B0BB-8828E524DD17}.Debug|ARM.ActiveCfg = Debug|Any CPU
		{460BDFEE-7B00-470C-B0BB-8828E524DD17}.Debug|ARM.Build.0 = Debug|Any CPU
		{460BDFEE-7B00-470C-B0BB-8828E524DD17}.Debug|iPhone.ActiveCfg = Debug|Any CPU
		{460BDFEE-7B00-470C-B0BB-8828E524DD17}.Debug|iPhone.Build.0 = Debug|Any CPU
		{460BDFEE-7B00-470C-B0BB-8828E524DD17}.Debug|iPhoneSimulator.ActiveCfg = Debug|Any CPU
		{460BDFEE-7B00-470C-B0BB-8828E524DD17}.Debug|iPhoneSimulator.Build.0 = Debug|Any CPU
		{460BDFEE-7B00-470C-B0BB-8828E524DD17}.Debug|x64.ActiveCfg = Debug|Any CPU
		{460BDFEE-7B00-470C-B0BB-8828E524DD17}.Debug|x64.Build.0 = Debug|Any CPU
		{460BDFEE-7B00-470C-B0BB-8828E524DD17}.Debug|x86.ActiveCfg = Debug|Any CPU
		{460BDFEE-7B00-470C-B0BB-8828E524DD17}.Debug|x86.Build.0 = Debug|Any CPU
		{460BDFEE-7B00-470C-B0BB-8828E524DD17}.Release|Any CPU.ActiveCfg = Release|Any CPU
		{460BDFEE-7B00-470C-B0BB-8828E524DD17}.Release|Any CPU.Build.0 = Release|Any CPU
		{460BDFEE-7B00-470C-B0BB-8828E524DD17}.Release|ARM.ActiveCfg = Release|Any CPU
		{460BDFEE-7B00-470C-B0BB-8828E524DD17}.Release|ARM.Build.0 = Release|Any CPU
		{460BDFEE-7B00-470C-B0BB-8828E524DD17}.Release|iPhone.ActiveCfg = Release|Any CPU
		{460BDFEE-7B00-470C-B0BB-8828E524DD17}.Release|iPhone.Build.0 = Release|Any CPU
		{460BDFEE-7B00-470C-B0BB-8828E524DD17}.Release|iPhoneSimulator.ActiveCfg = Release|Any CPU
		{460BDFEE-7B00-470C-B0BB-8828E524DD17}.Release|iPhoneSimulator.Build.0 = Release|Any CPU
		{460BDFEE-7B00-470C-B0BB-8828E524DD17}.Release|x64.ActiveCfg = Release|Any CPU
		{460BDFEE-7B00-470C-B0BB-8828E524DD17}.Release|x64.Build.0 = Release|Any CPU
		{460BDFEE-7B00-470C-B0BB-8828E524DD17}.Release|x86.ActiveCfg = Release|Any CPU
		{460BDFEE-7B00-470C-B0BB-8828E524DD17}.Release|x86.Build.0 = Release|Any CPU
		{460BDFEE-7B00-470C-B0BB-8828E524DD17}.Staging|Any CPU.ActiveCfg = Release|Any CPU
		{460BDFEE-7B00-470C-B0BB-8828E524DD17}.Staging|Any CPU.Build.0 = Release|Any CPU
		{460BDFEE-7B00-470C-B0BB-8828E524DD17}.Staging|ARM.ActiveCfg = Release|Any CPU
		{460BDFEE-7B00-470C-B0BB-8828E524DD17}.Staging|ARM.Build.0 = Release|Any CPU
		{460BDFEE-7B00-470C-B0BB-8828E524DD17}.Staging|iPhone.ActiveCfg = Release|Any CPU
		{460BDFEE-7B00-470C-B0BB-8828E524DD17}.Staging|iPhone.Build.0 = Release|Any CPU
		{460BDFEE-7B00-470C-B0BB-8828E524DD17}.Staging|iPhoneSimulator.ActiveCfg = Release|Any CPU
		{460BDFEE-7B00-470C-B0BB-8828E524DD17}.Staging|iPhoneSimulator.Build.0 = Release|Any CPU
		{460BDFEE-7B00-470C-B0BB-8828E524DD17}.Staging|x64.ActiveCfg = Release|Any CPU
		{460BDFEE-7B00-470C-B0BB-8828E524DD17}.Staging|x64.Build.0 = Release|Any CPU
		{460BDFEE-7B00-470C-B0BB-8828E524DD17}.Staging|x86.ActiveCfg = Release|Any CPU
		{460BDFEE-7B00-470C-B0BB-8828E524DD17}.Staging|x86.Build.0 = Release|Any CPU
		{3FD36CF5-7D79-4505-A0BB-12E35A613D88}.Ad-Hoc|Any CPU.ActiveCfg = Staging|Any CPU
		{3FD36CF5-7D79-4505-A0BB-12E35A613D88}.Ad-Hoc|Any CPU.Build.0 = Staging|Any CPU
		{3FD36CF5-7D79-4505-A0BB-12E35A613D88}.Ad-Hoc|ARM.ActiveCfg = Staging|Any CPU
		{3FD36CF5-7D79-4505-A0BB-12E35A613D88}.Ad-Hoc|ARM.Build.0 = Staging|Any CPU
		{3FD36CF5-7D79-4505-A0BB-12E35A613D88}.Ad-Hoc|iPhone.ActiveCfg = Staging|Any CPU
		{3FD36CF5-7D79-4505-A0BB-12E35A613D88}.Ad-Hoc|iPhone.Build.0 = Staging|Any CPU
		{3FD36CF5-7D79-4505-A0BB-12E35A613D88}.Ad-Hoc|iPhoneSimulator.ActiveCfg = Staging|Any CPU
		{3FD36CF5-7D79-4505-A0BB-12E35A613D88}.Ad-Hoc|iPhoneSimulator.Build.0 = Staging|Any CPU
		{3FD36CF5-7D79-4505-A0BB-12E35A613D88}.Ad-Hoc|x64.ActiveCfg = Staging|Any CPU
		{3FD36CF5-7D79-4505-A0BB-12E35A613D88}.Ad-Hoc|x64.Build.0 = Staging|Any CPU
		{3FD36CF5-7D79-4505-A0BB-12E35A613D88}.Ad-Hoc|x86.ActiveCfg = Staging|Any CPU
		{3FD36CF5-7D79-4505-A0BB-12E35A613D88}.Ad-Hoc|x86.Build.0 = Staging|Any CPU
		{3FD36CF5-7D79-4505-A0BB-12E35A613D88}.AppStore|Any CPU.ActiveCfg = Staging|Any CPU
		{3FD36CF5-7D79-4505-A0BB-12E35A613D88}.AppStore|Any CPU.Build.0 = Staging|Any CPU
		{3FD36CF5-7D79-4505-A0BB-12E35A613D88}.AppStore|ARM.ActiveCfg = Staging|Any CPU
		{3FD36CF5-7D79-4505-A0BB-12E35A613D88}.AppStore|ARM.Build.0 = Staging|Any CPU
		{3FD36CF5-7D79-4505-A0BB-12E35A613D88}.AppStore|iPhone.ActiveCfg = Staging|Any CPU
		{3FD36CF5-7D79-4505-A0BB-12E35A613D88}.AppStore|iPhone.Build.0 = Staging|Any CPU
		{3FD36CF5-7D79-4505-A0BB-12E35A613D88}.AppStore|iPhoneSimulator.ActiveCfg = Staging|Any CPU
		{3FD36CF5-7D79-4505-A0BB-12E35A613D88}.AppStore|iPhoneSimulator.Build.0 = Staging|Any CPU
		{3FD36CF5-7D79-4505-A0BB-12E35A613D88}.AppStore|x64.ActiveCfg = Staging|Any CPU
		{3FD36CF5-7D79-4505-A0BB-12E35A613D88}.AppStore|x64.Build.0 = Staging|Any CPU
		{3FD36CF5-7D79-4505-A0BB-12E35A613D88}.AppStore|x86.ActiveCfg = Staging|Any CPU
		{3FD36CF5-7D79-4505-A0BB-12E35A613D88}.AppStore|x86.Build.0 = Staging|Any CPU
		{3FD36CF5-7D79-4505-A0BB-12E35A613D88}.Debug|Any CPU.ActiveCfg = Debug|Any CPU
		{3FD36CF5-7D79-4505-A0BB-12E35A613D88}.Debug|Any CPU.Build.0 = Debug|Any CPU
		{3FD36CF5-7D79-4505-A0BB-12E35A613D88}.Debug|ARM.ActiveCfg = Debug|Any CPU
		{3FD36CF5-7D79-4505-A0BB-12E35A613D88}.Debug|ARM.Build.0 = Debug|Any CPU
		{3FD36CF5-7D79-4505-A0BB-12E35A613D88}.Debug|iPhone.ActiveCfg = Debug|Any CPU
		{3FD36CF5-7D79-4505-A0BB-12E35A613D88}.Debug|iPhone.Build.0 = Debug|Any CPU
		{3FD36CF5-7D79-4505-A0BB-12E35A613D88}.Debug|iPhoneSimulator.ActiveCfg = Debug|Any CPU
		{3FD36CF5-7D79-4505-A0BB-12E35A613D88}.Debug|iPhoneSimulator.Build.0 = Debug|Any CPU
		{3FD36CF5-7D79-4505-A0BB-12E35A613D88}.Debug|x64.ActiveCfg = Debug|Any CPU
		{3FD36CF5-7D79-4505-A0BB-12E35A613D88}.Debug|x64.Build.0 = Debug|Any CPU
		{3FD36CF5-7D79-4505-A0BB-12E35A613D88}.Debug|x86.ActiveCfg = Debug|Any CPU
		{3FD36CF5-7D79-4505-A0BB-12E35A613D88}.Debug|x86.Build.0 = Debug|Any CPU
		{3FD36CF5-7D79-4505-A0BB-12E35A613D88}.Release|Any CPU.ActiveCfg = Release|Any CPU
		{3FD36CF5-7D79-4505-A0BB-12E35A613D88}.Release|Any CPU.Build.0 = Release|Any CPU
		{3FD36CF5-7D79-4505-A0BB-12E35A613D88}.Release|ARM.ActiveCfg = Release|Any CPU
		{3FD36CF5-7D79-4505-A0BB-12E35A613D88}.Release|ARM.Build.0 = Release|Any CPU
		{3FD36CF5-7D79-4505-A0BB-12E35A613D88}.Release|iPhone.ActiveCfg = Release|Any CPU
		{3FD36CF5-7D79-4505-A0BB-12E35A613D88}.Release|iPhone.Build.0 = Release|Any CPU
		{3FD36CF5-7D79-4505-A0BB-12E35A613D88}.Release|iPhoneSimulator.ActiveCfg = Release|Any CPU
		{3FD36CF5-7D79-4505-A0BB-12E35A613D88}.Release|iPhoneSimulator.Build.0 = Release|Any CPU
		{3FD36CF5-7D79-4505-A0BB-12E35A613D88}.Release|x64.ActiveCfg = Release|Any CPU
		{3FD36CF5-7D79-4505-A0BB-12E35A613D88}.Release|x64.Build.0 = Release|Any CPU
		{3FD36CF5-7D79-4505-A0BB-12E35A613D88}.Release|x86.ActiveCfg = Release|Any CPU
		{3FD36CF5-7D79-4505-A0BB-12E35A613D88}.Release|x86.Build.0 = Release|Any CPU
		{3FD36CF5-7D79-4505-A0BB-12E35A613D88}.Staging|Any CPU.ActiveCfg = Staging|Any CPU
		{3FD36CF5-7D79-4505-A0BB-12E35A613D88}.Staging|Any CPU.Build.0 = Staging|Any CPU
		{3FD36CF5-7D79-4505-A0BB-12E35A613D88}.Staging|ARM.ActiveCfg = Staging|Any CPU
		{3FD36CF5-7D79-4505-A0BB-12E35A613D88}.Staging|ARM.Build.0 = Staging|Any CPU
		{3FD36CF5-7D79-4505-A0BB-12E35A613D88}.Staging|iPhone.ActiveCfg = Staging|Any CPU
		{3FD36CF5-7D79-4505-A0BB-12E35A613D88}.Staging|iPhone.Build.0 = Staging|Any CPU
		{3FD36CF5-7D79-4505-A0BB-12E35A613D88}.Staging|iPhoneSimulator.ActiveCfg = Staging|Any CPU
		{3FD36CF5-7D79-4505-A0BB-12E35A613D88}.Staging|iPhoneSimulator.Build.0 = Staging|Any CPU
		{3FD36CF5-7D79-4505-A0BB-12E35A613D88}.Staging|x64.ActiveCfg = Staging|Any CPU
		{3FD36CF5-7D79-4505-A0BB-12E35A613D88}.Staging|x64.Build.0 = Staging|Any CPU
		{3FD36CF5-7D79-4505-A0BB-12E35A613D88}.Staging|x86.ActiveCfg = Staging|Any CPU
		{3FD36CF5-7D79-4505-A0BB-12E35A613D88}.Staging|x86.Build.0 = Staging|Any CPU
		{D7A71984-2CC2-4DA7-9346-D697FDBF15B4}.Ad-Hoc|Any CPU.ActiveCfg = Staging|Any CPU
		{D7A71984-2CC2-4DA7-9346-D697FDBF15B4}.Ad-Hoc|Any CPU.Build.0 = Staging|Any CPU
		{D7A71984-2CC2-4DA7-9346-D697FDBF15B4}.Ad-Hoc|ARM.ActiveCfg = Staging|Any CPU
		{D7A71984-2CC2-4DA7-9346-D697FDBF15B4}.Ad-Hoc|ARM.Build.0 = Staging|Any CPU
		{D7A71984-2CC2-4DA7-9346-D697FDBF15B4}.Ad-Hoc|iPhone.ActiveCfg = Staging|Any CPU
		{D7A71984-2CC2-4DA7-9346-D697FDBF15B4}.Ad-Hoc|iPhone.Build.0 = Staging|Any CPU
		{D7A71984-2CC2-4DA7-9346-D697FDBF15B4}.Ad-Hoc|iPhoneSimulator.ActiveCfg = Staging|Any CPU
		{D7A71984-2CC2-4DA7-9346-D697FDBF15B4}.Ad-Hoc|iPhoneSimulator.Build.0 = Staging|Any CPU
		{D7A71984-2CC2-4DA7-9346-D697FDBF15B4}.Ad-Hoc|x64.ActiveCfg = Staging|Any CPU
		{D7A71984-2CC2-4DA7-9346-D697FDBF15B4}.Ad-Hoc|x64.Build.0 = Staging|Any CPU
		{D7A71984-2CC2-4DA7-9346-D697FDBF15B4}.Ad-Hoc|x86.ActiveCfg = Staging|Any CPU
		{D7A71984-2CC2-4DA7-9346-D697FDBF15B4}.Ad-Hoc|x86.Build.0 = Staging|Any CPU
		{D7A71984-2CC2-4DA7-9346-D697FDBF15B4}.AppStore|Any CPU.ActiveCfg = Staging|Any CPU
		{D7A71984-2CC2-4DA7-9346-D697FDBF15B4}.AppStore|Any CPU.Build.0 = Staging|Any CPU
		{D7A71984-2CC2-4DA7-9346-D697FDBF15B4}.AppStore|ARM.ActiveCfg = Staging|Any CPU
		{D7A71984-2CC2-4DA7-9346-D697FDBF15B4}.AppStore|ARM.Build.0 = Staging|Any CPU
		{D7A71984-2CC2-4DA7-9346-D697FDBF15B4}.AppStore|iPhone.ActiveCfg = Staging|Any CPU
		{D7A71984-2CC2-4DA7-9346-D697FDBF15B4}.AppStore|iPhone.Build.0 = Staging|Any CPU
		{D7A71984-2CC2-4DA7-9346-D697FDBF15B4}.AppStore|iPhoneSimulator.ActiveCfg = Staging|Any CPU
		{D7A71984-2CC2-4DA7-9346-D697FDBF15B4}.AppStore|iPhoneSimulator.Build.0 = Staging|Any CPU
		{D7A71984-2CC2-4DA7-9346-D697FDBF15B4}.AppStore|x64.ActiveCfg = Staging|Any CPU
		{D7A71984-2CC2-4DA7-9346-D697FDBF15B4}.AppStore|x64.Build.0 = Staging|Any CPU
		{D7A71984-2CC2-4DA7-9346-D697FDBF15B4}.AppStore|x86.ActiveCfg = Staging|Any CPU
		{D7A71984-2CC2-4DA7-9346-D697FDBF15B4}.AppStore|x86.Build.0 = Staging|Any CPU
		{D7A71984-2CC2-4DA7-9346-D697FDBF15B4}.Debug|Any CPU.ActiveCfg = Debug|Any CPU
		{D7A71984-2CC2-4DA7-9346-D697FDBF15B4}.Debug|Any CPU.Build.0 = Debug|Any CPU
		{D7A71984-2CC2-4DA7-9346-D697FDBF15B4}.Debug|ARM.ActiveCfg = Debug|Any CPU
		{D7A71984-2CC2-4DA7-9346-D697FDBF15B4}.Debug|ARM.Build.0 = Debug|Any CPU
		{D7A71984-2CC2-4DA7-9346-D697FDBF15B4}.Debug|iPhone.ActiveCfg = Debug|Any CPU
		{D7A71984-2CC2-4DA7-9346-D697FDBF15B4}.Debug|iPhone.Build.0 = Debug|Any CPU
		{D7A71984-2CC2-4DA7-9346-D697FDBF15B4}.Debug|iPhoneSimulator.ActiveCfg = Debug|Any CPU
		{D7A71984-2CC2-4DA7-9346-D697FDBF15B4}.Debug|iPhoneSimulator.Build.0 = Debug|Any CPU
		{D7A71984-2CC2-4DA7-9346-D697FDBF15B4}.Debug|x64.ActiveCfg = Debug|Any CPU
		{D7A71984-2CC2-4DA7-9346-D697FDBF15B4}.Debug|x64.Build.0 = Debug|Any CPU
		{D7A71984-2CC2-4DA7-9346-D697FDBF15B4}.Debug|x86.ActiveCfg = Debug|Any CPU
		{D7A71984-2CC2-4DA7-9346-D697FDBF15B4}.Debug|x86.Build.0 = Debug|Any CPU
		{D7A71984-2CC2-4DA7-9346-D697FDBF15B4}.Release|Any CPU.ActiveCfg = Release|Any CPU
		{D7A71984-2CC2-4DA7-9346-D697FDBF15B4}.Release|Any CPU.Build.0 = Release|Any CPU
		{D7A71984-2CC2-4DA7-9346-D697FDBF15B4}.Release|ARM.ActiveCfg = Release|Any CPU
		{D7A71984-2CC2-4DA7-9346-D697FDBF15B4}.Release|ARM.Build.0 = Release|Any CPU
		{D7A71984-2CC2-4DA7-9346-D697FDBF15B4}.Release|iPhone.ActiveCfg = Release|Any CPU
		{D7A71984-2CC2-4DA7-9346-D697FDBF15B4}.Release|iPhone.Build.0 = Release|Any CPU
		{D7A71984-2CC2-4DA7-9346-D697FDBF15B4}.Release|iPhoneSimulator.ActiveCfg = Release|Any CPU
		{D7A71984-2CC2-4DA7-9346-D697FDBF15B4}.Release|iPhoneSimulator.Build.0 = Release|Any CPU
		{D7A71984-2CC2-4DA7-9346-D697FDBF15B4}.Release|x64.ActiveCfg = Release|Any CPU
		{D7A71984-2CC2-4DA7-9346-D697FDBF15B4}.Release|x64.Build.0 = Release|Any CPU
		{D7A71984-2CC2-4DA7-9346-D697FDBF15B4}.Release|x86.ActiveCfg = Release|Any CPU
		{D7A71984-2CC2-4DA7-9346-D697FDBF15B4}.Release|x86.Build.0 = Release|Any CPU
		{D7A71984-2CC2-4DA7-9346-D697FDBF15B4}.Staging|Any CPU.ActiveCfg = Staging|Any CPU
		{D7A71984-2CC2-4DA7-9346-D697FDBF15B4}.Staging|Any CPU.Build.0 = Staging|Any CPU
		{D7A71984-2CC2-4DA7-9346-D697FDBF15B4}.Staging|ARM.ActiveCfg = Staging|Any CPU
		{D7A71984-2CC2-4DA7-9346-D697FDBF15B4}.Staging|ARM.Build.0 = Staging|Any CPU
		{D7A71984-2CC2-4DA7-9346-D697FDBF15B4}.Staging|iPhone.ActiveCfg = Staging|Any CPU
		{D7A71984-2CC2-4DA7-9346-D697FDBF15B4}.Staging|iPhone.Build.0 = Staging|Any CPU
		{D7A71984-2CC2-4DA7-9346-D697FDBF15B4}.Staging|iPhoneSimulator.ActiveCfg = Staging|Any CPU
		{D7A71984-2CC2-4DA7-9346-D697FDBF15B4}.Staging|iPhoneSimulator.Build.0 = Staging|Any CPU
		{D7A71984-2CC2-4DA7-9346-D697FDBF15B4}.Staging|x64.ActiveCfg = Staging|Any CPU
		{D7A71984-2CC2-4DA7-9346-D697FDBF15B4}.Staging|x64.Build.0 = Staging|Any CPU
		{D7A71984-2CC2-4DA7-9346-D697FDBF15B4}.Staging|x86.ActiveCfg = Staging|Any CPU
		{D7A71984-2CC2-4DA7-9346-D697FDBF15B4}.Staging|x86.Build.0 = Staging|Any CPU
		{F6C6C990-7B39-457F-95A1-D22EC67F4A79}.Ad-Hoc|Any CPU.ActiveCfg = Staging|Any CPU
		{F6C6C990-7B39-457F-95A1-D22EC67F4A79}.Ad-Hoc|Any CPU.Build.0 = Staging|Any CPU
		{F6C6C990-7B39-457F-95A1-D22EC67F4A79}.Ad-Hoc|ARM.ActiveCfg = Staging|Any CPU
		{F6C6C990-7B39-457F-95A1-D22EC67F4A79}.Ad-Hoc|ARM.Build.0 = Staging|Any CPU
		{F6C6C990-7B39-457F-95A1-D22EC67F4A79}.Ad-Hoc|iPhone.ActiveCfg = Staging|Any CPU
		{F6C6C990-7B39-457F-95A1-D22EC67F4A79}.Ad-Hoc|iPhone.Build.0 = Staging|Any CPU
		{F6C6C990-7B39-457F-95A1-D22EC67F4A79}.Ad-Hoc|iPhoneSimulator.ActiveCfg = Staging|Any CPU
		{F6C6C990-7B39-457F-95A1-D22EC67F4A79}.Ad-Hoc|iPhoneSimulator.Build.0 = Staging|Any CPU
		{F6C6C990-7B39-457F-95A1-D22EC67F4A79}.Ad-Hoc|x64.ActiveCfg = Staging|Any CPU
		{F6C6C990-7B39-457F-95A1-D22EC67F4A79}.Ad-Hoc|x64.Build.0 = Staging|Any CPU
		{F6C6C990-7B39-457F-95A1-D22EC67F4A79}.Ad-Hoc|x86.ActiveCfg = Staging|Any CPU
		{F6C6C990-7B39-457F-95A1-D22EC67F4A79}.Ad-Hoc|x86.Build.0 = Staging|Any CPU
		{F6C6C990-7B39-457F-95A1-D22EC67F4A79}.AppStore|Any CPU.ActiveCfg = Staging|Any CPU
		{F6C6C990-7B39-457F-95A1-D22EC67F4A79}.AppStore|Any CPU.Build.0 = Staging|Any CPU
		{F6C6C990-7B39-457F-95A1-D22EC67F4A79}.AppStore|ARM.ActiveCfg = Staging|Any CPU
		{F6C6C990-7B39-457F-95A1-D22EC67F4A79}.AppStore|ARM.Build.0 = Staging|Any CPU
		{F6C6C990-7B39-457F-95A1-D22EC67F4A79}.AppStore|iPhone.ActiveCfg = Staging|Any CPU
		{F6C6C990-7B39-457F-95A1-D22EC67F4A79}.AppStore|iPhone.Build.0 = Staging|Any CPU
		{F6C6C990-7B39-457F-95A1-D22EC67F4A79}.AppStore|iPhoneSimulator.ActiveCfg = Staging|Any CPU
		{F6C6C990-7B39-457F-95A1-D22EC67F4A79}.AppStore|iPhoneSimulator.Build.0 = Staging|Any CPU
		{F6C6C990-7B39-457F-95A1-D22EC67F4A79}.AppStore|x64.ActiveCfg = Staging|Any CPU
		{F6C6C990-7B39-457F-95A1-D22EC67F4A79}.AppStore|x64.Build.0 = Staging|Any CPU
		{F6C6C990-7B39-457F-95A1-D22EC67F4A79}.AppStore|x86.ActiveCfg = Staging|Any CPU
		{F6C6C990-7B39-457F-95A1-D22EC67F4A79}.AppStore|x86.Build.0 = Staging|Any CPU
		{F6C6C990-7B39-457F-95A1-D22EC67F4A79}.Debug|Any CPU.ActiveCfg = Debug|Any CPU
		{F6C6C990-7B39-457F-95A1-D22EC67F4A79}.Debug|Any CPU.Build.0 = Debug|Any CPU
		{F6C6C990-7B39-457F-95A1-D22EC67F4A79}.Debug|ARM.ActiveCfg = Debug|Any CPU
		{F6C6C990-7B39-457F-95A1-D22EC67F4A79}.Debug|ARM.Build.0 = Debug|Any CPU
		{F6C6C990-7B39-457F-95A1-D22EC67F4A79}.Debug|iPhone.ActiveCfg = Debug|Any CPU
		{F6C6C990-7B39-457F-95A1-D22EC67F4A79}.Debug|iPhone.Build.0 = Debug|Any CPU
		{F6C6C990-7B39-457F-95A1-D22EC67F4A79}.Debug|iPhoneSimulator.ActiveCfg = Debug|Any CPU
		{F6C6C990-7B39-457F-95A1-D22EC67F4A79}.Debug|iPhoneSimulator.Build.0 = Debug|Any CPU
		{F6C6C990-7B39-457F-95A1-D22EC67F4A79}.Debug|x64.ActiveCfg = Debug|Any CPU
		{F6C6C990-7B39-457F-95A1-D22EC67F4A79}.Debug|x64.Build.0 = Debug|Any CPU
		{F6C6C990-7B39-457F-95A1-D22EC67F4A79}.Debug|x86.ActiveCfg = Debug|Any CPU
		{F6C6C990-7B39-457F-95A1-D22EC67F4A79}.Debug|x86.Build.0 = Debug|Any CPU
		{F6C6C990-7B39-457F-95A1-D22EC67F4A79}.Release|Any CPU.ActiveCfg = Release|Any CPU
		{F6C6C990-7B39-457F-95A1-D22EC67F4A79}.Release|Any CPU.Build.0 = Release|Any CPU
		{F6C6C990-7B39-457F-95A1-D22EC67F4A79}.Release|ARM.ActiveCfg = Release|Any CPU
		{F6C6C990-7B39-457F-95A1-D22EC67F4A79}.Release|ARM.Build.0 = Release|Any CPU
		{F6C6C990-7B39-457F-95A1-D22EC67F4A79}.Release|iPhone.ActiveCfg = Release|Any CPU
		{F6C6C990-7B39-457F-95A1-D22EC67F4A79}.Release|iPhone.Build.0 = Release|Any CPU
		{F6C6C990-7B39-457F-95A1-D22EC67F4A79}.Release|iPhoneSimulator.ActiveCfg = Release|Any CPU
		{F6C6C990-7B39-457F-95A1-D22EC67F4A79}.Release|iPhoneSimulator.Build.0 = Release|Any CPU
		{F6C6C990-7B39-457F-95A1-D22EC67F4A79}.Release|x64.ActiveCfg = Release|Any CPU
		{F6C6C990-7B39-457F-95A1-D22EC67F4A79}.Release|x64.Build.0 = Release|Any CPU
		{F6C6C990-7B39-457F-95A1-D22EC67F4A79}.Release|x86.ActiveCfg = Release|Any CPU
		{F6C6C990-7B39-457F-95A1-D22EC67F4A79}.Release|x86.Build.0 = Release|Any CPU
		{F6C6C990-7B39-457F-95A1-D22EC67F4A79}.Staging|Any CPU.ActiveCfg = Staging|Any CPU
		{F6C6C990-7B39-457F-95A1-D22EC67F4A79}.Staging|Any CPU.Build.0 = Staging|Any CPU
		{F6C6C990-7B39-457F-95A1-D22EC67F4A79}.Staging|ARM.ActiveCfg = Staging|Any CPU
		{F6C6C990-7B39-457F-95A1-D22EC67F4A79}.Staging|ARM.Build.0 = Staging|Any CPU
		{F6C6C990-7B39-457F-95A1-D22EC67F4A79}.Staging|iPhone.ActiveCfg = Staging|Any CPU
		{F6C6C990-7B39-457F-95A1-D22EC67F4A79}.Staging|iPhone.Build.0 = Staging|Any CPU
		{F6C6C990-7B39-457F-95A1-D22EC67F4A79}.Staging|iPhoneSimulator.ActiveCfg = Staging|Any CPU
		{F6C6C990-7B39-457F-95A1-D22EC67F4A79}.Staging|iPhoneSimulator.Build.0 = Staging|Any CPU
		{F6C6C990-7B39-457F-95A1-D22EC67F4A79}.Staging|x64.ActiveCfg = Staging|Any CPU
		{F6C6C990-7B39-457F-95A1-D22EC67F4A79}.Staging|x64.Build.0 = Staging|Any CPU
		{F6C6C990-7B39-457F-95A1-D22EC67F4A79}.Staging|x86.ActiveCfg = Staging|Any CPU
		{F6C6C990-7B39-457F-95A1-D22EC67F4A79}.Staging|x86.Build.0 = Staging|Any CPU
		{29F2C62B-0F89-44E9-8EDB-6C4F7987647A}.Ad-Hoc|Any CPU.ActiveCfg = Staging|Any CPU
		{29F2C62B-0F89-44E9-8EDB-6C4F7987647A}.Ad-Hoc|Any CPU.Build.0 = Staging|Any CPU
		{29F2C62B-0F89-44E9-8EDB-6C4F7987647A}.Ad-Hoc|ARM.ActiveCfg = Staging|Any CPU
		{29F2C62B-0F89-44E9-8EDB-6C4F7987647A}.Ad-Hoc|ARM.Build.0 = Staging|Any CPU
		{29F2C62B-0F89-44E9-8EDB-6C4F7987647A}.Ad-Hoc|iPhone.ActiveCfg = Staging|Any CPU
		{29F2C62B-0F89-44E9-8EDB-6C4F7987647A}.Ad-Hoc|iPhone.Build.0 = Staging|Any CPU
		{29F2C62B-0F89-44E9-8EDB-6C4F7987647A}.Ad-Hoc|iPhoneSimulator.ActiveCfg = Staging|Any CPU
		{29F2C62B-0F89-44E9-8EDB-6C4F7987647A}.Ad-Hoc|iPhoneSimulator.Build.0 = Staging|Any CPU
		{29F2C62B-0F89-44E9-8EDB-6C4F7987647A}.Ad-Hoc|x64.ActiveCfg = Staging|Any CPU
		{29F2C62B-0F89-44E9-8EDB-6C4F7987647A}.Ad-Hoc|x64.Build.0 = Staging|Any CPU
		{29F2C62B-0F89-44E9-8EDB-6C4F7987647A}.Ad-Hoc|x86.ActiveCfg = Staging|Any CPU
		{29F2C62B-0F89-44E9-8EDB-6C4F7987647A}.Ad-Hoc|x86.Build.0 = Staging|Any CPU
		{29F2C62B-0F89-44E9-8EDB-6C4F7987647A}.AppStore|Any CPU.ActiveCfg = Staging|Any CPU
		{29F2C62B-0F89-44E9-8EDB-6C4F7987647A}.AppStore|Any CPU.Build.0 = Staging|Any CPU
		{29F2C62B-0F89-44E9-8EDB-6C4F7987647A}.AppStore|ARM.ActiveCfg = Staging|Any CPU
		{29F2C62B-0F89-44E9-8EDB-6C4F7987647A}.AppStore|ARM.Build.0 = Staging|Any CPU
		{29F2C62B-0F89-44E9-8EDB-6C4F7987647A}.AppStore|iPhone.ActiveCfg = Staging|Any CPU
		{29F2C62B-0F89-44E9-8EDB-6C4F7987647A}.AppStore|iPhone.Build.0 = Staging|Any CPU
		{29F2C62B-0F89-44E9-8EDB-6C4F7987647A}.AppStore|iPhoneSimulator.ActiveCfg = Staging|Any CPU
		{29F2C62B-0F89-44E9-8EDB-6C4F7987647A}.AppStore|iPhoneSimulator.Build.0 = Staging|Any CPU
		{29F2C62B-0F89-44E9-8EDB-6C4F7987647A}.AppStore|x64.ActiveCfg = Staging|Any CPU
		{29F2C62B-0F89-44E9-8EDB-6C4F7987647A}.AppStore|x64.Build.0 = Staging|Any CPU
		{29F2C62B-0F89-44E9-8EDB-6C4F7987647A}.AppStore|x86.ActiveCfg = Staging|Any CPU
		{29F2C62B-0F89-44E9-8EDB-6C4F7987647A}.AppStore|x86.Build.0 = Staging|Any CPU
		{29F2C62B-0F89-44E9-8EDB-6C4F7987647A}.Debug|Any CPU.ActiveCfg = Debug|Any CPU
		{29F2C62B-0F89-44E9-8EDB-6C4F7987647A}.Debug|Any CPU.Build.0 = Debug|Any CPU
		{29F2C62B-0F89-44E9-8EDB-6C4F7987647A}.Debug|ARM.ActiveCfg = Debug|Any CPU
		{29F2C62B-0F89-44E9-8EDB-6C4F7987647A}.Debug|ARM.Build.0 = Debug|Any CPU
		{29F2C62B-0F89-44E9-8EDB-6C4F7987647A}.Debug|iPhone.ActiveCfg = Debug|Any CPU
		{29F2C62B-0F89-44E9-8EDB-6C4F7987647A}.Debug|iPhone.Build.0 = Debug|Any CPU
		{29F2C62B-0F89-44E9-8EDB-6C4F7987647A}.Debug|iPhoneSimulator.ActiveCfg = Debug|Any CPU
		{29F2C62B-0F89-44E9-8EDB-6C4F7987647A}.Debug|iPhoneSimulator.Build.0 = Debug|Any CPU
		{29F2C62B-0F89-44E9-8EDB-6C4F7987647A}.Debug|x64.ActiveCfg = Debug|Any CPU
		{29F2C62B-0F89-44E9-8EDB-6C4F7987647A}.Debug|x64.Build.0 = Debug|Any CPU
		{29F2C62B-0F89-44E9-8EDB-6C4F7987647A}.Debug|x86.ActiveCfg = Debug|Any CPU
		{29F2C62B-0F89-44E9-8EDB-6C4F7987647A}.Debug|x86.Build.0 = Debug|Any CPU
		{29F2C62B-0F89-44E9-8EDB-6C4F7987647A}.Release|Any CPU.ActiveCfg = Release|Any CPU
		{29F2C62B-0F89-44E9-8EDB-6C4F7987647A}.Release|Any CPU.Build.0 = Release|Any CPU
		{29F2C62B-0F89-44E9-8EDB-6C4F7987647A}.Release|ARM.ActiveCfg = Release|Any CPU
		{29F2C62B-0F89-44E9-8EDB-6C4F7987647A}.Release|ARM.Build.0 = Release|Any CPU
		{29F2C62B-0F89-44E9-8EDB-6C4F7987647A}.Release|iPhone.ActiveCfg = Release|Any CPU
		{29F2C62B-0F89-44E9-8EDB-6C4F7987647A}.Release|iPhone.Build.0 = Release|Any CPU
		{29F2C62B-0F89-44E9-8EDB-6C4F7987647A}.Release|iPhoneSimulator.ActiveCfg = Release|Any CPU
		{29F2C62B-0F89-44E9-8EDB-6C4F7987647A}.Release|iPhoneSimulator.Build.0 = Release|Any CPU
		{29F2C62B-0F89-44E9-8EDB-6C4F7987647A}.Release|x64.ActiveCfg = Release|Any CPU
		{29F2C62B-0F89-44E9-8EDB-6C4F7987647A}.Release|x64.Build.0 = Release|Any CPU
		{29F2C62B-0F89-44E9-8EDB-6C4F7987647A}.Release|x86.ActiveCfg = Release|Any CPU
		{29F2C62B-0F89-44E9-8EDB-6C4F7987647A}.Release|x86.Build.0 = Release|Any CPU
		{29F2C62B-0F89-44E9-8EDB-6C4F7987647A}.Staging|Any CPU.ActiveCfg = Staging|Any CPU
		{29F2C62B-0F89-44E9-8EDB-6C4F7987647A}.Staging|Any CPU.Build.0 = Staging|Any CPU
		{29F2C62B-0F89-44E9-8EDB-6C4F7987647A}.Staging|ARM.ActiveCfg = Staging|Any CPU
		{29F2C62B-0F89-44E9-8EDB-6C4F7987647A}.Staging|ARM.Build.0 = Staging|Any CPU
		{29F2C62B-0F89-44E9-8EDB-6C4F7987647A}.Staging|iPhone.ActiveCfg = Staging|Any CPU
		{29F2C62B-0F89-44E9-8EDB-6C4F7987647A}.Staging|iPhone.Build.0 = Staging|Any CPU
		{29F2C62B-0F89-44E9-8EDB-6C4F7987647A}.Staging|iPhoneSimulator.ActiveCfg = Staging|Any CPU
		{29F2C62B-0F89-44E9-8EDB-6C4F7987647A}.Staging|iPhoneSimulator.Build.0 = Staging|Any CPU
		{29F2C62B-0F89-44E9-8EDB-6C4F7987647A}.Staging|x64.ActiveCfg = Staging|Any CPU
		{29F2C62B-0F89-44E9-8EDB-6C4F7987647A}.Staging|x64.Build.0 = Staging|Any CPU
		{29F2C62B-0F89-44E9-8EDB-6C4F7987647A}.Staging|x86.ActiveCfg = Staging|Any CPU
		{29F2C62B-0F89-44E9-8EDB-6C4F7987647A}.Staging|x86.Build.0 = Staging|Any CPU
		{37DD4F16-62B1-4770-ADAA-2EA781D401BA}.Ad-Hoc|Any CPU.ActiveCfg = Release|Any CPU
		{37DD4F16-62B1-4770-ADAA-2EA781D401BA}.Ad-Hoc|Any CPU.Build.0 = Release|Any CPU
		{37DD4F16-62B1-4770-ADAA-2EA781D401BA}.Ad-Hoc|ARM.ActiveCfg = Release|Any CPU
		{37DD4F16-62B1-4770-ADAA-2EA781D401BA}.Ad-Hoc|ARM.Build.0 = Release|Any CPU
		{37DD4F16-62B1-4770-ADAA-2EA781D401BA}.Ad-Hoc|iPhone.ActiveCfg = Release|Any CPU
		{37DD4F16-62B1-4770-ADAA-2EA781D401BA}.Ad-Hoc|iPhone.Build.0 = Release|Any CPU
		{37DD4F16-62B1-4770-ADAA-2EA781D401BA}.Ad-Hoc|iPhoneSimulator.ActiveCfg = Release|Any CPU
		{37DD4F16-62B1-4770-ADAA-2EA781D401BA}.Ad-Hoc|iPhoneSimulator.Build.0 = Release|Any CPU
		{37DD4F16-62B1-4770-ADAA-2EA781D401BA}.Ad-Hoc|x64.ActiveCfg = Release|Any CPU
		{37DD4F16-62B1-4770-ADAA-2EA781D401BA}.Ad-Hoc|x64.Build.0 = Release|Any CPU
		{37DD4F16-62B1-4770-ADAA-2EA781D401BA}.Ad-Hoc|x86.ActiveCfg = Release|Any CPU
		{37DD4F16-62B1-4770-ADAA-2EA781D401BA}.Ad-Hoc|x86.Build.0 = Release|Any CPU
		{37DD4F16-62B1-4770-ADAA-2EA781D401BA}.AppStore|Any CPU.ActiveCfg = Release|Any CPU
		{37DD4F16-62B1-4770-ADAA-2EA781D401BA}.AppStore|Any CPU.Build.0 = Release|Any CPU
		{37DD4F16-62B1-4770-ADAA-2EA781D401BA}.AppStore|ARM.ActiveCfg = Release|Any CPU
		{37DD4F16-62B1-4770-ADAA-2EA781D401BA}.AppStore|ARM.Build.0 = Release|Any CPU
		{37DD4F16-62B1-4770-ADAA-2EA781D401BA}.AppStore|iPhone.ActiveCfg = Release|Any CPU
		{37DD4F16-62B1-4770-ADAA-2EA781D401BA}.AppStore|iPhone.Build.0 = Release|Any CPU
		{37DD4F16-62B1-4770-ADAA-2EA781D401BA}.AppStore|iPhoneSimulator.ActiveCfg = Release|Any CPU
		{37DD4F16-62B1-4770-ADAA-2EA781D401BA}.AppStore|iPhoneSimulator.Build.0 = Release|Any CPU
		{37DD4F16-62B1-4770-ADAA-2EA781D401BA}.AppStore|x64.ActiveCfg = Release|Any CPU
		{37DD4F16-62B1-4770-ADAA-2EA781D401BA}.AppStore|x64.Build.0 = Release|Any CPU
		{37DD4F16-62B1-4770-ADAA-2EA781D401BA}.AppStore|x86.ActiveCfg = Release|Any CPU
		{37DD4F16-62B1-4770-ADAA-2EA781D401BA}.AppStore|x86.Build.0 = Release|Any CPU
		{37DD4F16-62B1-4770-ADAA-2EA781D401BA}.Debug|Any CPU.ActiveCfg = Debug|Any CPU
		{37DD4F16-62B1-4770-ADAA-2EA781D401BA}.Debug|Any CPU.Build.0 = Debug|Any CPU
		{37DD4F16-62B1-4770-ADAA-2EA781D401BA}.Debug|ARM.ActiveCfg = Debug|Any CPU
		{37DD4F16-62B1-4770-ADAA-2EA781D401BA}.Debug|ARM.Build.0 = Debug|Any CPU
		{37DD4F16-62B1-4770-ADAA-2EA781D401BA}.Debug|iPhone.ActiveCfg = Debug|Any CPU
		{37DD4F16-62B1-4770-ADAA-2EA781D401BA}.Debug|iPhone.Build.0 = Debug|Any CPU
		{37DD4F16-62B1-4770-ADAA-2EA781D401BA}.Debug|iPhoneSimulator.ActiveCfg = Debug|Any CPU
		{37DD4F16-62B1-4770-ADAA-2EA781D401BA}.Debug|iPhoneSimulator.Build.0 = Debug|Any CPU
		{37DD4F16-62B1-4770-ADAA-2EA781D401BA}.Debug|x64.ActiveCfg = Debug|Any CPU
		{37DD4F16-62B1-4770-ADAA-2EA781D401BA}.Debug|x64.Build.0 = Debug|Any CPU
		{37DD4F16-62B1-4770-ADAA-2EA781D401BA}.Debug|x86.ActiveCfg = Debug|Any CPU
		{37DD4F16-62B1-4770-ADAA-2EA781D401BA}.Debug|x86.Build.0 = Debug|Any CPU
		{37DD4F16-62B1-4770-ADAA-2EA781D401BA}.Release|Any CPU.ActiveCfg = Release|Any CPU
		{37DD4F16-62B1-4770-ADAA-2EA781D401BA}.Release|Any CPU.Build.0 = Release|Any CPU
		{37DD4F16-62B1-4770-ADAA-2EA781D401BA}.Release|ARM.ActiveCfg = Release|Any CPU
		{37DD4F16-62B1-4770-ADAA-2EA781D401BA}.Release|ARM.Build.0 = Release|Any CPU
		{37DD4F16-62B1-4770-ADAA-2EA781D401BA}.Release|iPhone.ActiveCfg = Release|Any CPU
		{37DD4F16-62B1-4770-ADAA-2EA781D401BA}.Release|iPhone.Build.0 = Release|Any CPU
		{37DD4F16-62B1-4770-ADAA-2EA781D401BA}.Release|iPhoneSimulator.ActiveCfg = Release|Any CPU
		{37DD4F16-62B1-4770-ADAA-2EA781D401BA}.Release|iPhoneSimulator.Build.0 = Release|Any CPU
		{37DD4F16-62B1-4770-ADAA-2EA781D401BA}.Release|x64.ActiveCfg = Release|Any CPU
		{37DD4F16-62B1-4770-ADAA-2EA781D401BA}.Release|x64.Build.0 = Release|Any CPU
		{37DD4F16-62B1-4770-ADAA-2EA781D401BA}.Release|x86.ActiveCfg = Release|Any CPU
		{37DD4F16-62B1-4770-ADAA-2EA781D401BA}.Release|x86.Build.0 = Release|Any CPU
		{37DD4F16-62B1-4770-ADAA-2EA781D401BA}.Staging|Any CPU.ActiveCfg = Release|Any CPU
		{37DD4F16-62B1-4770-ADAA-2EA781D401BA}.Staging|Any CPU.Build.0 = Release|Any CPU
		{37DD4F16-62B1-4770-ADAA-2EA781D401BA}.Staging|ARM.ActiveCfg = Release|Any CPU
		{37DD4F16-62B1-4770-ADAA-2EA781D401BA}.Staging|ARM.Build.0 = Release|Any CPU
		{37DD4F16-62B1-4770-ADAA-2EA781D401BA}.Staging|iPhone.ActiveCfg = Release|Any CPU
		{37DD4F16-62B1-4770-ADAA-2EA781D401BA}.Staging|iPhone.Build.0 = Release|Any CPU
		{37DD4F16-62B1-4770-ADAA-2EA781D401BA}.Staging|iPhoneSimulator.ActiveCfg = Release|Any CPU
		{37DD4F16-62B1-4770-ADAA-2EA781D401BA}.Staging|iPhoneSimulator.Build.0 = Release|Any CPU
		{37DD4F16-62B1-4770-ADAA-2EA781D401BA}.Staging|x64.ActiveCfg = Release|Any CPU
		{37DD4F16-62B1-4770-ADAA-2EA781D401BA}.Staging|x64.Build.0 = Release|Any CPU
		{37DD4F16-62B1-4770-ADAA-2EA781D401BA}.Staging|x86.ActiveCfg = Release|Any CPU
		{37DD4F16-62B1-4770-ADAA-2EA781D401BA}.Staging|x86.Build.0 = Release|Any CPU
		{239CC02A-3351-4BA8-9EDC-F2C45375D12F}.Ad-Hoc|Any CPU.ActiveCfg = Release|Any CPU
		{239CC02A-3351-4BA8-9EDC-F2C45375D12F}.Ad-Hoc|Any CPU.Build.0 = Release|Any CPU
		{239CC02A-3351-4BA8-9EDC-F2C45375D12F}.Ad-Hoc|Any CPU.Deploy.0 = Release|Any CPU
		{239CC02A-3351-4BA8-9EDC-F2C45375D12F}.Ad-Hoc|ARM.ActiveCfg = Release|Any CPU
		{239CC02A-3351-4BA8-9EDC-F2C45375D12F}.Ad-Hoc|ARM.Build.0 = Release|Any CPU
		{239CC02A-3351-4BA8-9EDC-F2C45375D12F}.Ad-Hoc|ARM.Deploy.0 = Release|Any CPU
		{239CC02A-3351-4BA8-9EDC-F2C45375D12F}.Ad-Hoc|iPhone.ActiveCfg = Release|Any CPU
		{239CC02A-3351-4BA8-9EDC-F2C45375D12F}.Ad-Hoc|iPhone.Build.0 = Release|Any CPU
		{239CC02A-3351-4BA8-9EDC-F2C45375D12F}.Ad-Hoc|iPhone.Deploy.0 = Release|Any CPU
		{239CC02A-3351-4BA8-9EDC-F2C45375D12F}.Ad-Hoc|iPhoneSimulator.ActiveCfg = Release|Any CPU
		{239CC02A-3351-4BA8-9EDC-F2C45375D12F}.Ad-Hoc|iPhoneSimulator.Build.0 = Release|Any CPU
		{239CC02A-3351-4BA8-9EDC-F2C45375D12F}.Ad-Hoc|iPhoneSimulator.Deploy.0 = Release|Any CPU
		{239CC02A-3351-4BA8-9EDC-F2C45375D12F}.Ad-Hoc|x64.ActiveCfg = Release|Any CPU
		{239CC02A-3351-4BA8-9EDC-F2C45375D12F}.Ad-Hoc|x64.Build.0 = Release|Any CPU
		{239CC02A-3351-4BA8-9EDC-F2C45375D12F}.Ad-Hoc|x64.Deploy.0 = Release|Any CPU
		{239CC02A-3351-4BA8-9EDC-F2C45375D12F}.Ad-Hoc|x86.ActiveCfg = Release|Any CPU
		{239CC02A-3351-4BA8-9EDC-F2C45375D12F}.Ad-Hoc|x86.Build.0 = Release|Any CPU
		{239CC02A-3351-4BA8-9EDC-F2C45375D12F}.Ad-Hoc|x86.Deploy.0 = Release|Any CPU
		{239CC02A-3351-4BA8-9EDC-F2C45375D12F}.AppStore|Any CPU.ActiveCfg = Release|Any CPU
		{239CC02A-3351-4BA8-9EDC-F2C45375D12F}.AppStore|Any CPU.Build.0 = Release|Any CPU
		{239CC02A-3351-4BA8-9EDC-F2C45375D12F}.AppStore|Any CPU.Deploy.0 = Release|Any CPU
		{239CC02A-3351-4BA8-9EDC-F2C45375D12F}.AppStore|ARM.ActiveCfg = Release|Any CPU
		{239CC02A-3351-4BA8-9EDC-F2C45375D12F}.AppStore|ARM.Build.0 = Release|Any CPU
		{239CC02A-3351-4BA8-9EDC-F2C45375D12F}.AppStore|ARM.Deploy.0 = Release|Any CPU
		{239CC02A-3351-4BA8-9EDC-F2C45375D12F}.AppStore|iPhone.ActiveCfg = Release|Any CPU
		{239CC02A-3351-4BA8-9EDC-F2C45375D12F}.AppStore|iPhone.Build.0 = Release|Any CPU
		{239CC02A-3351-4BA8-9EDC-F2C45375D12F}.AppStore|iPhone.Deploy.0 = Release|Any CPU
		{239CC02A-3351-4BA8-9EDC-F2C45375D12F}.AppStore|iPhoneSimulator.ActiveCfg = Release|Any CPU
		{239CC02A-3351-4BA8-9EDC-F2C45375D12F}.AppStore|iPhoneSimulator.Build.0 = Release|Any CPU
		{239CC02A-3351-4BA8-9EDC-F2C45375D12F}.AppStore|iPhoneSimulator.Deploy.0 = Release|Any CPU
		{239CC02A-3351-4BA8-9EDC-F2C45375D12F}.AppStore|x64.ActiveCfg = Release|Any CPU
		{239CC02A-3351-4BA8-9EDC-F2C45375D12F}.AppStore|x64.Build.0 = Release|Any CPU
		{239CC02A-3351-4BA8-9EDC-F2C45375D12F}.AppStore|x64.Deploy.0 = Release|Any CPU
		{239CC02A-3351-4BA8-9EDC-F2C45375D12F}.AppStore|x86.ActiveCfg = Release|Any CPU
		{239CC02A-3351-4BA8-9EDC-F2C45375D12F}.AppStore|x86.Build.0 = Release|Any CPU
		{239CC02A-3351-4BA8-9EDC-F2C45375D12F}.AppStore|x86.Deploy.0 = Release|Any CPU
		{239CC02A-3351-4BA8-9EDC-F2C45375D12F}.Debug|Any CPU.ActiveCfg = Debug|Any CPU
		{239CC02A-3351-4BA8-9EDC-F2C45375D12F}.Debug|Any CPU.Build.0 = Debug|Any CPU
		{239CC02A-3351-4BA8-9EDC-F2C45375D12F}.Debug|Any CPU.Deploy.0 = Debug|Any CPU
		{239CC02A-3351-4BA8-9EDC-F2C45375D12F}.Debug|ARM.ActiveCfg = Debug|Any CPU
		{239CC02A-3351-4BA8-9EDC-F2C45375D12F}.Debug|ARM.Build.0 = Debug|Any CPU
		{239CC02A-3351-4BA8-9EDC-F2C45375D12F}.Debug|ARM.Deploy.0 = Debug|Any CPU
		{239CC02A-3351-4BA8-9EDC-F2C45375D12F}.Debug|iPhone.ActiveCfg = Debug|Any CPU
		{239CC02A-3351-4BA8-9EDC-F2C45375D12F}.Debug|iPhone.Build.0 = Debug|Any CPU
		{239CC02A-3351-4BA8-9EDC-F2C45375D12F}.Debug|iPhone.Deploy.0 = Debug|Any CPU
		{239CC02A-3351-4BA8-9EDC-F2C45375D12F}.Debug|iPhoneSimulator.ActiveCfg = Debug|Any CPU
		{239CC02A-3351-4BA8-9EDC-F2C45375D12F}.Debug|iPhoneSimulator.Build.0 = Debug|Any CPU
		{239CC02A-3351-4BA8-9EDC-F2C45375D12F}.Debug|iPhoneSimulator.Deploy.0 = Debug|Any CPU
		{239CC02A-3351-4BA8-9EDC-F2C45375D12F}.Debug|x64.ActiveCfg = Debug|Any CPU
		{239CC02A-3351-4BA8-9EDC-F2C45375D12F}.Debug|x64.Build.0 = Debug|Any CPU
		{239CC02A-3351-4BA8-9EDC-F2C45375D12F}.Debug|x64.Deploy.0 = Debug|Any CPU
		{239CC02A-3351-4BA8-9EDC-F2C45375D12F}.Debug|x86.ActiveCfg = Debug|Any CPU
		{239CC02A-3351-4BA8-9EDC-F2C45375D12F}.Debug|x86.Build.0 = Debug|Any CPU
		{239CC02A-3351-4BA8-9EDC-F2C45375D12F}.Debug|x86.Deploy.0 = Debug|Any CPU
		{239CC02A-3351-4BA8-9EDC-F2C45375D12F}.Release|Any CPU.ActiveCfg = Release|Any CPU
		{239CC02A-3351-4BA8-9EDC-F2C45375D12F}.Release|Any CPU.Build.0 = Release|Any CPU
		{239CC02A-3351-4BA8-9EDC-F2C45375D12F}.Release|Any CPU.Deploy.0 = Release|Any CPU
		{239CC02A-3351-4BA8-9EDC-F2C45375D12F}.Release|ARM.ActiveCfg = Release|Any CPU
		{239CC02A-3351-4BA8-9EDC-F2C45375D12F}.Release|ARM.Build.0 = Release|Any CPU
		{239CC02A-3351-4BA8-9EDC-F2C45375D12F}.Release|ARM.Deploy.0 = Release|Any CPU
		{239CC02A-3351-4BA8-9EDC-F2C45375D12F}.Release|iPhone.ActiveCfg = Release|Any CPU
		{239CC02A-3351-4BA8-9EDC-F2C45375D12F}.Release|iPhone.Build.0 = Release|Any CPU
		{239CC02A-3351-4BA8-9EDC-F2C45375D12F}.Release|iPhone.Deploy.0 = Release|Any CPU
		{239CC02A-3351-4BA8-9EDC-F2C45375D12F}.Release|iPhoneSimulator.ActiveCfg = Release|Any CPU
		{239CC02A-3351-4BA8-9EDC-F2C45375D12F}.Release|iPhoneSimulator.Build.0 = Release|Any CPU
		{239CC02A-3351-4BA8-9EDC-F2C45375D12F}.Release|iPhoneSimulator.Deploy.0 = Release|Any CPU
		{239CC02A-3351-4BA8-9EDC-F2C45375D12F}.Release|x64.ActiveCfg = Release|Any CPU
		{239CC02A-3351-4BA8-9EDC-F2C45375D12F}.Release|x64.Build.0 = Release|Any CPU
		{239CC02A-3351-4BA8-9EDC-F2C45375D12F}.Release|x64.Deploy.0 = Release|Any CPU
		{239CC02A-3351-4BA8-9EDC-F2C45375D12F}.Release|x86.ActiveCfg = Release|Any CPU
		{239CC02A-3351-4BA8-9EDC-F2C45375D12F}.Release|x86.Build.0 = Release|Any CPU
		{239CC02A-3351-4BA8-9EDC-F2C45375D12F}.Release|x86.Deploy.0 = Release|Any CPU
		{239CC02A-3351-4BA8-9EDC-F2C45375D12F}.Staging|Any CPU.ActiveCfg = Release|Any CPU
		{239CC02A-3351-4BA8-9EDC-F2C45375D12F}.Staging|Any CPU.Build.0 = Release|Any CPU
		{239CC02A-3351-4BA8-9EDC-F2C45375D12F}.Staging|Any CPU.Deploy.0 = Release|Any CPU
		{239CC02A-3351-4BA8-9EDC-F2C45375D12F}.Staging|ARM.ActiveCfg = Release|Any CPU
		{239CC02A-3351-4BA8-9EDC-F2C45375D12F}.Staging|ARM.Build.0 = Release|Any CPU
		{239CC02A-3351-4BA8-9EDC-F2C45375D12F}.Staging|ARM.Deploy.0 = Release|Any CPU
		{239CC02A-3351-4BA8-9EDC-F2C45375D12F}.Staging|iPhone.ActiveCfg = Release|Any CPU
		{239CC02A-3351-4BA8-9EDC-F2C45375D12F}.Staging|iPhone.Build.0 = Release|Any CPU
		{239CC02A-3351-4BA8-9EDC-F2C45375D12F}.Staging|iPhone.Deploy.0 = Release|Any CPU
		{239CC02A-3351-4BA8-9EDC-F2C45375D12F}.Staging|iPhoneSimulator.ActiveCfg = Release|Any CPU
		{239CC02A-3351-4BA8-9EDC-F2C45375D12F}.Staging|iPhoneSimulator.Build.0 = Release|Any CPU
		{239CC02A-3351-4BA8-9EDC-F2C45375D12F}.Staging|iPhoneSimulator.Deploy.0 = Release|Any CPU
		{239CC02A-3351-4BA8-9EDC-F2C45375D12F}.Staging|x64.ActiveCfg = Release|Any CPU
		{239CC02A-3351-4BA8-9EDC-F2C45375D12F}.Staging|x64.Build.0 = Release|Any CPU
		{239CC02A-3351-4BA8-9EDC-F2C45375D12F}.Staging|x64.Deploy.0 = Release|Any CPU
		{239CC02A-3351-4BA8-9EDC-F2C45375D12F}.Staging|x86.ActiveCfg = Release|Any CPU
		{239CC02A-3351-4BA8-9EDC-F2C45375D12F}.Staging|x86.Build.0 = Release|Any CPU
		{239CC02A-3351-4BA8-9EDC-F2C45375D12F}.Staging|x86.Deploy.0 = Release|Any CPU
		{8CD7AE8F-99C5-449C-A14B-09D80372DA4F}.Ad-Hoc|Any CPU.ActiveCfg = Release|x64
		{8CD7AE8F-99C5-449C-A14B-09D80372DA4F}.Ad-Hoc|Any CPU.Build.0 = Release|x64
		{8CD7AE8F-99C5-449C-A14B-09D80372DA4F}.Ad-Hoc|Any CPU.Deploy.0 = Release|x64
		{8CD7AE8F-99C5-449C-A14B-09D80372DA4F}.Ad-Hoc|ARM.ActiveCfg = Release|ARM
		{8CD7AE8F-99C5-449C-A14B-09D80372DA4F}.Ad-Hoc|ARM.Build.0 = Release|ARM
		{8CD7AE8F-99C5-449C-A14B-09D80372DA4F}.Ad-Hoc|ARM.Deploy.0 = Release|ARM
		{8CD7AE8F-99C5-449C-A14B-09D80372DA4F}.Ad-Hoc|iPhone.ActiveCfg = Release|x64
		{8CD7AE8F-99C5-449C-A14B-09D80372DA4F}.Ad-Hoc|iPhone.Build.0 = Release|x64
		{8CD7AE8F-99C5-449C-A14B-09D80372DA4F}.Ad-Hoc|iPhone.Deploy.0 = Release|x64
		{8CD7AE8F-99C5-449C-A14B-09D80372DA4F}.Ad-Hoc|iPhoneSimulator.ActiveCfg = Release|x64
		{8CD7AE8F-99C5-449C-A14B-09D80372DA4F}.Ad-Hoc|iPhoneSimulator.Build.0 = Release|x64
		{8CD7AE8F-99C5-449C-A14B-09D80372DA4F}.Ad-Hoc|iPhoneSimulator.Deploy.0 = Release|x64
		{8CD7AE8F-99C5-449C-A14B-09D80372DA4F}.Ad-Hoc|x64.ActiveCfg = Release|x64
		{8CD7AE8F-99C5-449C-A14B-09D80372DA4F}.Ad-Hoc|x64.Build.0 = Release|x64
		{8CD7AE8F-99C5-449C-A14B-09D80372DA4F}.Ad-Hoc|x64.Deploy.0 = Release|x64
		{8CD7AE8F-99C5-449C-A14B-09D80372DA4F}.Ad-Hoc|x86.ActiveCfg = Release|x86
		{8CD7AE8F-99C5-449C-A14B-09D80372DA4F}.Ad-Hoc|x86.Build.0 = Release|x86
		{8CD7AE8F-99C5-449C-A14B-09D80372DA4F}.Ad-Hoc|x86.Deploy.0 = Release|x86
		{8CD7AE8F-99C5-449C-A14B-09D80372DA4F}.AppStore|Any CPU.ActiveCfg = Release|x64
		{8CD7AE8F-99C5-449C-A14B-09D80372DA4F}.AppStore|Any CPU.Build.0 = Release|x64
		{8CD7AE8F-99C5-449C-A14B-09D80372DA4F}.AppStore|Any CPU.Deploy.0 = Release|x64
		{8CD7AE8F-99C5-449C-A14B-09D80372DA4F}.AppStore|ARM.ActiveCfg = Release|ARM
		{8CD7AE8F-99C5-449C-A14B-09D80372DA4F}.AppStore|ARM.Build.0 = Release|ARM
		{8CD7AE8F-99C5-449C-A14B-09D80372DA4F}.AppStore|ARM.Deploy.0 = Release|ARM
		{8CD7AE8F-99C5-449C-A14B-09D80372DA4F}.AppStore|iPhone.ActiveCfg = Release|x64
		{8CD7AE8F-99C5-449C-A14B-09D80372DA4F}.AppStore|iPhone.Build.0 = Release|x64
		{8CD7AE8F-99C5-449C-A14B-09D80372DA4F}.AppStore|iPhone.Deploy.0 = Release|x64
		{8CD7AE8F-99C5-449C-A14B-09D80372DA4F}.AppStore|iPhoneSimulator.ActiveCfg = Release|x64
		{8CD7AE8F-99C5-449C-A14B-09D80372DA4F}.AppStore|iPhoneSimulator.Build.0 = Release|x64
		{8CD7AE8F-99C5-449C-A14B-09D80372DA4F}.AppStore|iPhoneSimulator.Deploy.0 = Release|x64
		{8CD7AE8F-99C5-449C-A14B-09D80372DA4F}.AppStore|x64.ActiveCfg = Release|x64
		{8CD7AE8F-99C5-449C-A14B-09D80372DA4F}.AppStore|x64.Build.0 = Release|x64
		{8CD7AE8F-99C5-449C-A14B-09D80372DA4F}.AppStore|x64.Deploy.0 = Release|x64
		{8CD7AE8F-99C5-449C-A14B-09D80372DA4F}.AppStore|x86.ActiveCfg = Release|x86
		{8CD7AE8F-99C5-449C-A14B-09D80372DA4F}.AppStore|x86.Build.0 = Release|x86
		{8CD7AE8F-99C5-449C-A14B-09D80372DA4F}.AppStore|x86.Deploy.0 = Release|x86
		{8CD7AE8F-99C5-449C-A14B-09D80372DA4F}.Debug|Any CPU.ActiveCfg = Debug|x86
		{8CD7AE8F-99C5-449C-A14B-09D80372DA4F}.Debug|Any CPU.Build.0 = Debug|x86
		{8CD7AE8F-99C5-449C-A14B-09D80372DA4F}.Debug|ARM.ActiveCfg = Debug|ARM
		{8CD7AE8F-99C5-449C-A14B-09D80372DA4F}.Debug|ARM.Build.0 = Debug|ARM
		{8CD7AE8F-99C5-449C-A14B-09D80372DA4F}.Debug|ARM.Deploy.0 = Debug|ARM
		{8CD7AE8F-99C5-449C-A14B-09D80372DA4F}.Debug|iPhone.ActiveCfg = Debug|x86
		{8CD7AE8F-99C5-449C-A14B-09D80372DA4F}.Debug|iPhoneSimulator.ActiveCfg = Debug|x86
		{8CD7AE8F-99C5-449C-A14B-09D80372DA4F}.Debug|x64.ActiveCfg = Debug|x64
		{8CD7AE8F-99C5-449C-A14B-09D80372DA4F}.Debug|x64.Build.0 = Debug|x64
		{8CD7AE8F-99C5-449C-A14B-09D80372DA4F}.Debug|x64.Deploy.0 = Debug|x64
		{8CD7AE8F-99C5-449C-A14B-09D80372DA4F}.Debug|x86.ActiveCfg = Debug|x86
		{8CD7AE8F-99C5-449C-A14B-09D80372DA4F}.Debug|x86.Build.0 = Debug|x86
		{8CD7AE8F-99C5-449C-A14B-09D80372DA4F}.Debug|x86.Deploy.0 = Debug|x86
		{8CD7AE8F-99C5-449C-A14B-09D80372DA4F}.Release|Any CPU.ActiveCfg = Release|x86
		{8CD7AE8F-99C5-449C-A14B-09D80372DA4F}.Release|ARM.ActiveCfg = Release|ARM
		{8CD7AE8F-99C5-449C-A14B-09D80372DA4F}.Release|ARM.Build.0 = Release|ARM
		{8CD7AE8F-99C5-449C-A14B-09D80372DA4F}.Release|ARM.Deploy.0 = Release|ARM
		{8CD7AE8F-99C5-449C-A14B-09D80372DA4F}.Release|iPhone.ActiveCfg = Release|x86
		{8CD7AE8F-99C5-449C-A14B-09D80372DA4F}.Release|iPhoneSimulator.ActiveCfg = Release|x86
		{8CD7AE8F-99C5-449C-A14B-09D80372DA4F}.Release|x64.ActiveCfg = Release|x64
		{8CD7AE8F-99C5-449C-A14B-09D80372DA4F}.Release|x64.Build.0 = Release|x64
		{8CD7AE8F-99C5-449C-A14B-09D80372DA4F}.Release|x64.Deploy.0 = Release|x64
		{8CD7AE8F-99C5-449C-A14B-09D80372DA4F}.Release|x86.ActiveCfg = Release|x86
		{8CD7AE8F-99C5-449C-A14B-09D80372DA4F}.Release|x86.Build.0 = Release|x86
		{8CD7AE8F-99C5-449C-A14B-09D80372DA4F}.Release|x86.Deploy.0 = Release|x86
		{8CD7AE8F-99C5-449C-A14B-09D80372DA4F}.Staging|Any CPU.ActiveCfg = Release|x64
		{8CD7AE8F-99C5-449C-A14B-09D80372DA4F}.Staging|Any CPU.Build.0 = Release|x64
		{8CD7AE8F-99C5-449C-A14B-09D80372DA4F}.Staging|Any CPU.Deploy.0 = Release|x64
		{8CD7AE8F-99C5-449C-A14B-09D80372DA4F}.Staging|ARM.ActiveCfg = Release|ARM
		{8CD7AE8F-99C5-449C-A14B-09D80372DA4F}.Staging|ARM.Build.0 = Release|ARM
		{8CD7AE8F-99C5-449C-A14B-09D80372DA4F}.Staging|ARM.Deploy.0 = Release|ARM
		{8CD7AE8F-99C5-449C-A14B-09D80372DA4F}.Staging|iPhone.ActiveCfg = Release|x64
		{8CD7AE8F-99C5-449C-A14B-09D80372DA4F}.Staging|iPhone.Build.0 = Release|x64
		{8CD7AE8F-99C5-449C-A14B-09D80372DA4F}.Staging|iPhone.Deploy.0 = Release|x64
		{8CD7AE8F-99C5-449C-A14B-09D80372DA4F}.Staging|iPhoneSimulator.ActiveCfg = Release|x64
		{8CD7AE8F-99C5-449C-A14B-09D80372DA4F}.Staging|iPhoneSimulator.Build.0 = Release|x64
		{8CD7AE8F-99C5-449C-A14B-09D80372DA4F}.Staging|iPhoneSimulator.Deploy.0 = Release|x64
		{8CD7AE8F-99C5-449C-A14B-09D80372DA4F}.Staging|x64.ActiveCfg = Release|x64
		{8CD7AE8F-99C5-449C-A14B-09D80372DA4F}.Staging|x64.Build.0 = Release|x64
		{8CD7AE8F-99C5-449C-A14B-09D80372DA4F}.Staging|x64.Deploy.0 = Release|x64
		{8CD7AE8F-99C5-449C-A14B-09D80372DA4F}.Staging|x86.ActiveCfg = Release|x86
		{8CD7AE8F-99C5-449C-A14B-09D80372DA4F}.Staging|x86.Build.0 = Release|x86
		{8CD7AE8F-99C5-449C-A14B-09D80372DA4F}.Staging|x86.Deploy.0 = Release|x86
		{02D9ED13-7563-4B38-9907-116213D3E961}.Ad-Hoc|Any CPU.ActiveCfg = Ad-Hoc|iPhone
		{02D9ED13-7563-4B38-9907-116213D3E961}.Ad-Hoc|ARM.ActiveCfg = Ad-Hoc|iPhone
		{02D9ED13-7563-4B38-9907-116213D3E961}.Ad-Hoc|iPhone.ActiveCfg = Ad-Hoc|iPhone
		{02D9ED13-7563-4B38-9907-116213D3E961}.Ad-Hoc|iPhone.Build.0 = Ad-Hoc|iPhone
		{02D9ED13-7563-4B38-9907-116213D3E961}.Ad-Hoc|iPhoneSimulator.ActiveCfg = Ad-Hoc|iPhoneSimulator
		{02D9ED13-7563-4B38-9907-116213D3E961}.Ad-Hoc|iPhoneSimulator.Build.0 = Ad-Hoc|iPhoneSimulator
		{02D9ED13-7563-4B38-9907-116213D3E961}.Ad-Hoc|x64.ActiveCfg = Ad-Hoc|iPhone
		{02D9ED13-7563-4B38-9907-116213D3E961}.Ad-Hoc|x86.ActiveCfg = Ad-Hoc|iPhone
		{02D9ED13-7563-4B38-9907-116213D3E961}.AppStore|Any CPU.ActiveCfg = AppStore|iPhone
		{02D9ED13-7563-4B38-9907-116213D3E961}.AppStore|ARM.ActiveCfg = AppStore|iPhone
		{02D9ED13-7563-4B38-9907-116213D3E961}.AppStore|iPhone.ActiveCfg = AppStore|iPhone
		{02D9ED13-7563-4B38-9907-116213D3E961}.AppStore|iPhone.Build.0 = AppStore|iPhone
		{02D9ED13-7563-4B38-9907-116213D3E961}.AppStore|iPhoneSimulator.ActiveCfg = AppStore|iPhoneSimulator
		{02D9ED13-7563-4B38-9907-116213D3E961}.AppStore|iPhoneSimulator.Build.0 = AppStore|iPhoneSimulator
		{02D9ED13-7563-4B38-9907-116213D3E961}.AppStore|x64.ActiveCfg = AppStore|iPhone
		{02D9ED13-7563-4B38-9907-116213D3E961}.AppStore|x86.ActiveCfg = AppStore|iPhone
		{02D9ED13-7563-4B38-9907-116213D3E961}.Debug|Any CPU.ActiveCfg = Debug|iPhone
		{02D9ED13-7563-4B38-9907-116213D3E961}.Debug|Any CPU.Build.0 = Debug|iPhone
		{02D9ED13-7563-4B38-9907-116213D3E961}.Debug|ARM.ActiveCfg = Debug|iPhone
		{02D9ED13-7563-4B38-9907-116213D3E961}.Debug|iPhone.ActiveCfg = Debug|iPhone
		{02D9ED13-7563-4B38-9907-116213D3E961}.Debug|iPhone.Build.0 = Debug|iPhone
		{02D9ED13-7563-4B38-9907-116213D3E961}.Debug|iPhoneSimulator.ActiveCfg = Debug|iPhoneSimulator
		{02D9ED13-7563-4B38-9907-116213D3E961}.Debug|iPhoneSimulator.Build.0 = Debug|iPhoneSimulator
		{02D9ED13-7563-4B38-9907-116213D3E961}.Debug|x64.ActiveCfg = Debug|iPhone
		{02D9ED13-7563-4B38-9907-116213D3E961}.Debug|x86.ActiveCfg = Debug|iPhone
		{02D9ED13-7563-4B38-9907-116213D3E961}.Release|Any CPU.ActiveCfg = Release|iPhone
		{02D9ED13-7563-4B38-9907-116213D3E961}.Release|ARM.ActiveCfg = Release|iPhone
		{02D9ED13-7563-4B38-9907-116213D3E961}.Release|iPhone.ActiveCfg = Release|iPhone
		{02D9ED13-7563-4B38-9907-116213D3E961}.Release|iPhone.Build.0 = Release|iPhone
		{02D9ED13-7563-4B38-9907-116213D3E961}.Release|iPhoneSimulator.ActiveCfg = Release|iPhoneSimulator
		{02D9ED13-7563-4B38-9907-116213D3E961}.Release|iPhoneSimulator.Build.0 = Release|iPhoneSimulator
		{02D9ED13-7563-4B38-9907-116213D3E961}.Release|x64.ActiveCfg = Release|iPhone
		{02D9ED13-7563-4B38-9907-116213D3E961}.Release|x86.ActiveCfg = Release|iPhone
		{02D9ED13-7563-4B38-9907-116213D3E961}.Staging|Any CPU.ActiveCfg = AppStore|iPhone
		{02D9ED13-7563-4B38-9907-116213D3E961}.Staging|Any CPU.Build.0 = AppStore|iPhone
		{02D9ED13-7563-4B38-9907-116213D3E961}.Staging|ARM.ActiveCfg = AppStore|iPhone
		{02D9ED13-7563-4B38-9907-116213D3E961}.Staging|ARM.Build.0 = AppStore|iPhone
		{02D9ED13-7563-4B38-9907-116213D3E961}.Staging|iPhone.ActiveCfg = AppStore|iPhone
		{02D9ED13-7563-4B38-9907-116213D3E961}.Staging|iPhone.Build.0 = AppStore|iPhone
		{02D9ED13-7563-4B38-9907-116213D3E961}.Staging|iPhoneSimulator.ActiveCfg = AppStore|iPhoneSimulator
		{02D9ED13-7563-4B38-9907-116213D3E961}.Staging|iPhoneSimulator.Build.0 = AppStore|iPhoneSimulator
		{02D9ED13-7563-4B38-9907-116213D3E961}.Staging|x64.ActiveCfg = AppStore|iPhone
		{02D9ED13-7563-4B38-9907-116213D3E961}.Staging|x64.Build.0 = AppStore|iPhone
		{02D9ED13-7563-4B38-9907-116213D3E961}.Staging|x86.ActiveCfg = AppStore|iPhone
		{02D9ED13-7563-4B38-9907-116213D3E961}.Staging|x86.Build.0 = AppStore|iPhone
	EndGlobalSection
	GlobalSection(SolutionProperties) = preSolution
		HideSolutionNode = FALSE
	EndGlobalSection
EndGlobal
