
Microsoft Visual Studio Solution File, Format Version 12.00
# Visual Studio 2013
VisualStudioVersion = 12.0.30723.0
MinimumVisualStudioVersion = 10.0.40219.1
Project("{FAE04EC0-301F-11D3-BF4B-00C04F79EFBC}") = "crisicheckinweb", "crisicheckinweb\crisicheckinweb.csproj", "{212DEAC4-D307-4480-94CE-2951E22B13F8}"
EndProject
Project("{2150E333-8FDC-42A3-9474-1A3956D46DE8}") = ".nuget", ".nuget", "{8C18E7EA-2B79-4431-9AB0-E098B5B091D3}"
	ProjectSection(SolutionItems) = preProject
		.nuget\NuGet.Config = .nuget\NuGet.Config
	EndProjectSection
EndProject
Project("{FAE04EC0-301F-11D3-BF4B-00C04F79EFBC}") = "WebProjectTests", "WebProjectTests\WebProjectTests.csproj", "{29F2C62B-0F89-44E9-8EDB-6C4F7987647A}"
EndProject
Project("{FAE04EC0-301F-11D3-BF4B-00C04F79EFBC}") = "Services", "Services\Services.csproj", "{D7A71984-2CC2-4DA7-9346-D697FDBF15B4}"
EndProject
Project("{FAE04EC0-301F-11D3-BF4B-00C04F79EFBC}") = "Models", "Models\Models.csproj", "{3FD36CF5-7D79-4505-A0BB-12E35A613D88}"
EndProject
Project("{FAE04EC0-301F-11D3-BF4B-00C04F79EFBC}") = "Services.UnitTest", "Services.UnitTest\Services.UnitTest.csproj", "{F6C6C990-7B39-457F-95A1-D22EC67F4A79}"
EndProject
Project("{FAE04EC0-301F-11D3-BF4B-00C04F79EFBC}") = "Common", "Common\Common.csproj", "{85D45B1B-D669-4370-8D5C-60D2350C5544}"
EndProject
Project("{FAE04EC0-301F-11D3-BF4B-00C04F79EFBC}") = "AcceptanceTests", "AcceptanceTests\AcceptanceTests.csproj", "{12248512-C6DE-4B1B-8560-D8A09911A300}"
EndProject
Project("{FAE04EC0-301F-11D3-BF4B-00C04F79EFBC}") = "Mobile", "mobile\CrisisCheckin.Mobile\Mobile.csproj", "{81FCB0A8-8838-4EB3-B32D-54945BF322B0}"
EndProject
Global
	GlobalSection(SolutionConfigurationPlatforms) = preSolution
		Debug|Any CPU = Debug|Any CPU
		Release|Any CPU = Release|Any CPU
	EndGlobalSection
	GlobalSection(ProjectConfigurationPlatforms) = postSolution
		{212DEAC4-D307-4480-94CE-2951E22B13F8}.Debug|Any CPU.ActiveCfg = Debug|Any CPU
		{212DEAC4-D307-4480-94CE-2951E22B13F8}.Debug|Any CPU.Build.0 = Debug|Any CPU
		{212DEAC4-D307-4480-94CE-2951E22B13F8}.Release|Any CPU.ActiveCfg = Release|Any CPU
		{212DEAC4-D307-4480-94CE-2951E22B13F8}.Release|Any CPU.Build.0 = Release|Any CPU
		{29F2C62B-0F89-44E9-8EDB-6C4F7987647A}.Debug|Any CPU.ActiveCfg = Debug|Any CPU
		{29F2C62B-0F89-44E9-8EDB-6C4F7987647A}.Debug|Any CPU.Build.0 = Debug|Any CPU
		{29F2C62B-0F89-44E9-8EDB-6C4F7987647A}.Release|Any CPU.ActiveCfg = Release|Any CPU
		{29F2C62B-0F89-44E9-8EDB-6C4F7987647A}.Release|Any CPU.Build.0 = Release|Any CPU
		{D7A71984-2CC2-4DA7-9346-D697FDBF15B4}.Debug|Any CPU.ActiveCfg = Debug|Any CPU
		{D7A71984-2CC2-4DA7-9346-D697FDBF15B4}.Debug|Any CPU.Build.0 = Debug|Any CPU
		{D7A71984-2CC2-4DA7-9346-D697FDBF15B4}.Release|Any CPU.ActiveCfg = Release|Any CPU
		{D7A71984-2CC2-4DA7-9346-D697FDBF15B4}.Release|Any CPU.Build.0 = Release|Any CPU
		{3FD36CF5-7D79-4505-A0BB-12E35A613D88}.Debug|Any CPU.ActiveCfg = Debug|Any CPU
		{3FD36CF5-7D79-4505-A0BB-12E35A613D88}.Debug|Any CPU.Build.0 = Debug|Any CPU
		{3FD36CF5-7D79-4505-A0BB-12E35A613D88}.Release|Any CPU.ActiveCfg = Release|Any CPU
		{3FD36CF5-7D79-4505-A0BB-12E35A613D88}.Release|Any CPU.Build.0 = Release|Any CPU
		{F6C6C990-7B39-457F-95A1-D22EC67F4A79}.Debug|Any CPU.ActiveCfg = Debug|Any CPU
		{F6C6C990-7B39-457F-95A1-D22EC67F4A79}.Debug|Any CPU.Build.0 = Debug|Any CPU
		{F6C6C990-7B39-457F-95A1-D22EC67F4A79}.Release|Any CPU.ActiveCfg = Release|Any CPU
		{F6C6C990-7B39-457F-95A1-D22EC67F4A79}.Release|Any CPU.Build.0 = Release|Any CPU
		{85D45B1B-D669-4370-8D5C-60D2350C5544}.Debug|Any CPU.ActiveCfg = Debug|Any CPU
		{85D45B1B-D669-4370-8D5C-60D2350C5544}.Debug|Any CPU.Build.0 = Debug|Any CPU
		{85D45B1B-D669-4370-8D5C-60D2350C5544}.Release|Any CPU.ActiveCfg = Release|Any CPU
		{85D45B1B-D669-4370-8D5C-60D2350C5544}.Release|Any CPU.Build.0 = Release|Any CPU
		{12248512-C6DE-4B1B-8560-D8A09911A300}.Debug|Any CPU.ActiveCfg = Debug|Any CPU
		{12248512-C6DE-4B1B-8560-D8A09911A300}.Debug|Any CPU.Build.0 = Debug|Any CPU
		{12248512-C6DE-4B1B-8560-D8A09911A300}.Release|Any CPU.ActiveCfg = Release|Any CPU
		{12248512-C6DE-4B1B-8560-D8A09911A300}.Release|Any CPU.Build.0 = Release|Any CPU
		{81FCB0A8-8838-4EB3-B32D-54945BF322B0}.Debug|Any CPU.ActiveCfg = Debug|Any CPU
		{81FCB0A8-8838-4EB3-B32D-54945BF322B0}.Debug|Any CPU.Build.0 = Debug|Any CPU
		{81FCB0A8-8838-4EB3-B32D-54945BF322B0}.Release|Any CPU.ActiveCfg = Release|Any CPU
		{81FCB0A8-8838-4EB3-B32D-54945BF322B0}.Release|Any CPU.Build.0 = Release|Any CPU
	EndGlobalSection
	GlobalSection(SolutionProperties) = preSolution
		HideSolutionNode = FALSE
	EndGlobalSection
EndGlobal
