
Microsoft Visual Studio Solution File, Format Version 12.00
# Visual Studio 2012
VisualStudioVersion = 12.0.30723.0
MinimumVisualStudioVersion = 10.0.40219.1
Project("{FAE04EC0-301F-11D3-BF4B-00C04F79EFBC}") = "CrisisCheckinMobile", "CrisisCheckinMobile\CrisisCheckinMobile\CrisisCheckinMobile.csproj", "{37DD4F16-62B1-4770-ADAA-2EA781D401BA}"
EndProject
Project("{FAE04EC0-301F-11D3-BF4B-00C04F79EFBC}") = "CrisisCheckinMobile.iOS", "CrisisCheckinMobile\CrisisCheckinMobile.iOS\CrisisCheckinMobile.iOS.csproj", "{02D9ED13-7563-4B38-9907-116213D3E961}"
EndProject
Project("{FAE04EC0-301F-11D3-BF4B-00C04F79EFBC}") = "CrisisCheckinMobile.Android", "CrisisCheckinMobile\CrisisCheckinMobile.Android\CrisisCheckinMobile.Android.csproj", "{239CC02A-3351-4BA8-9EDC-F2C45375D12F}"
EndProject
Project("{FAE04EC0-301F-11D3-BF4B-00C04F79EFBC}") = "CrisisCheckinMobile.WinPhone", "CrisisCheckinMobile\CrisisCheckinMobile.WinPhone\CrisisCheckinMobile.WinPhone.csproj", "{39D5E0BC-F97B-4F68-BDDC-AF3E94ACE931}"
EndProject
Global
	GlobalSection(SolutionConfigurationPlatforms) = preSolution
		Ad-Hoc|Any CPU = Ad-Hoc|Any CPU
		Ad-Hoc|ARM = Ad-Hoc|ARM
		Ad-Hoc|iPhone = Ad-Hoc|iPhone
		Ad-Hoc|iPhoneSimulator = Ad-Hoc|iPhoneSimulator
		Ad-Hoc|Mixed Platforms = Ad-Hoc|Mixed Platforms
		Ad-Hoc|x86 = Ad-Hoc|x86
		AppStore|Any CPU = AppStore|Any CPU
		AppStore|ARM = AppStore|ARM
		AppStore|iPhone = AppStore|iPhone
		AppStore|iPhoneSimulator = AppStore|iPhoneSimulator
		AppStore|Mixed Platforms = AppStore|Mixed Platforms
		AppStore|x86 = AppStore|x86
		Debug|Any CPU = Debug|Any CPU
		Debug|ARM = Debug|ARM
		Debug|iPhone = Debug|iPhone
		Debug|iPhoneSimulator = Debug|iPhoneSimulator
		Debug|Mixed Platforms = Debug|Mixed Platforms
		Debug|x86 = Debug|x86
		Release|Any CPU = Release|Any CPU
		Release|ARM = Release|ARM
		Release|iPhone = Release|iPhone
		Release|iPhoneSimulator = Release|iPhoneSimulator
		Release|Mixed Platforms = Release|Mixed Platforms
		Release|x86 = Release|x86
	EndGlobalSection
	GlobalSection(ProjectConfigurationPlatforms) = postSolution
		{02D9ED13-7563-4B38-9907-116213D3E961}.Ad-Hoc|Any CPU.ActiveCfg = Ad-Hoc|iPhone
		{02D9ED13-7563-4B38-9907-116213D3E961}.Ad-Hoc|ARM.ActiveCfg = Ad-Hoc|iPhone
		{02D9ED13-7563-4B38-9907-116213D3E961}.Ad-Hoc|iPhone.ActiveCfg = Ad-Hoc|iPhone
		{02D9ED13-7563-4B38-9907-116213D3E961}.Ad-Hoc|iPhone.Build.0 = Ad-Hoc|iPhone
		{02D9ED13-7563-4B38-9907-116213D3E961}.Ad-Hoc|iPhone.Deploy.0 = Ad-Hoc|iPhone
		{02D9ED13-7563-4B38-9907-116213D3E961}.Ad-Hoc|iPhoneSimulator.ActiveCfg = Ad-Hoc|iPhoneSimulator
		{02D9ED13-7563-4B38-9907-116213D3E961}.Ad-Hoc|iPhoneSimulator.Build.0 = Ad-Hoc|iPhoneSimulator
		{02D9ED13-7563-4B38-9907-116213D3E961}.Ad-Hoc|iPhoneSimulator.Deploy.0 = Ad-Hoc|iPhoneSimulator
		{02D9ED13-7563-4B38-9907-116213D3E961}.Ad-Hoc|Mixed Platforms.ActiveCfg = Ad-Hoc|iPhone
		{02D9ED13-7563-4B38-9907-116213D3E961}.Ad-Hoc|Mixed Platforms.Build.0 = Ad-Hoc|iPhone
		{02D9ED13-7563-4B38-9907-116213D3E961}.Ad-Hoc|Mixed Platforms.Deploy.0 = Ad-Hoc|iPhone
		{02D9ED13-7563-4B38-9907-116213D3E961}.Ad-Hoc|x86.ActiveCfg = Ad-Hoc|iPhone
		{02D9ED13-7563-4B38-9907-116213D3E961}.AppStore|Any CPU.ActiveCfg = AppStore|iPhone
		{02D9ED13-7563-4B38-9907-116213D3E961}.AppStore|ARM.ActiveCfg = AppStore|iPhone
		{02D9ED13-7563-4B38-9907-116213D3E961}.AppStore|iPhone.ActiveCfg = AppStore|iPhone
		{02D9ED13-7563-4B38-9907-116213D3E961}.AppStore|iPhone.Build.0 = AppStore|iPhone
		{02D9ED13-7563-4B38-9907-116213D3E961}.AppStore|iPhone.Deploy.0 = AppStore|iPhone
		{02D9ED13-7563-4B38-9907-116213D3E961}.AppStore|iPhoneSimulator.ActiveCfg = AppStore|iPhoneSimulator
		{02D9ED13-7563-4B38-9907-116213D3E961}.AppStore|iPhoneSimulator.Build.0 = AppStore|iPhoneSimulator
		{02D9ED13-7563-4B38-9907-116213D3E961}.AppStore|iPhoneSimulator.Deploy.0 = AppStore|iPhoneSimulator
		{02D9ED13-7563-4B38-9907-116213D3E961}.AppStore|Mixed Platforms.ActiveCfg = AppStore|iPhone
		{02D9ED13-7563-4B38-9907-116213D3E961}.AppStore|Mixed Platforms.Build.0 = AppStore|iPhone
		{02D9ED13-7563-4B38-9907-116213D3E961}.AppStore|Mixed Platforms.Deploy.0 = AppStore|iPhone
		{02D9ED13-7563-4B38-9907-116213D3E961}.AppStore|x86.ActiveCfg = AppStore|iPhone
		{02D9ED13-7563-4B38-9907-116213D3E961}.Debug|Any CPU.ActiveCfg = Debug|iPhone
		{02D9ED13-7563-4B38-9907-116213D3E961}.Debug|ARM.ActiveCfg = Debug|iPhone
		{02D9ED13-7563-4B38-9907-116213D3E961}.Debug|iPhone.ActiveCfg = Debug|iPhone
		{02D9ED13-7563-4B38-9907-116213D3E961}.Debug|iPhone.Build.0 = Debug|iPhone
		{02D9ED13-7563-4B38-9907-116213D3E961}.Debug|iPhone.Deploy.0 = Debug|iPhone
		{02D9ED13-7563-4B38-9907-116213D3E961}.Debug|iPhoneSimulator.ActiveCfg = Debug|iPhoneSimulator
		{02D9ED13-7563-4B38-9907-116213D3E961}.Debug|iPhoneSimulator.Build.0 = Debug|iPhoneSimulator
		{02D9ED13-7563-4B38-9907-116213D3E961}.Debug|iPhoneSimulator.Deploy.0 = Debug|iPhoneSimulator
		{02D9ED13-7563-4B38-9907-116213D3E961}.Debug|Mixed Platforms.ActiveCfg = Debug|iPhone
		{02D9ED13-7563-4B38-9907-116213D3E961}.Debug|Mixed Platforms.Build.0 = Debug|iPhone
		{02D9ED13-7563-4B38-9907-116213D3E961}.Debug|Mixed Platforms.Deploy.0 = Debug|iPhone
		{02D9ED13-7563-4B38-9907-116213D3E961}.Debug|x86.ActiveCfg = Debug|iPhone
		{02D9ED13-7563-4B38-9907-116213D3E961}.Release|Any CPU.ActiveCfg = Release|iPhone
		{02D9ED13-7563-4B38-9907-116213D3E961}.Release|ARM.ActiveCfg = Release|iPhone
		{02D9ED13-7563-4B38-9907-116213D3E961}.Release|iPhone.ActiveCfg = Release|iPhone
		{02D9ED13-7563-4B38-9907-116213D3E961}.Release|iPhone.Build.0 = Release|iPhone
		{02D9ED13-7563-4B38-9907-116213D3E961}.Release|iPhone.Deploy.0 = Release|iPhone
		{02D9ED13-7563-4B38-9907-116213D3E961}.Release|iPhoneSimulator.ActiveCfg = Release|iPhoneSimulator
		{02D9ED13-7563-4B38-9907-116213D3E961}.Release|iPhoneSimulator.Build.0 = Release|iPhoneSimulator
		{02D9ED13-7563-4B38-9907-116213D3E961}.Release|iPhoneSimulator.Deploy.0 = Release|iPhoneSimulator
		{02D9ED13-7563-4B38-9907-116213D3E961}.Release|Mixed Platforms.ActiveCfg = Release|iPhone
		{02D9ED13-7563-4B38-9907-116213D3E961}.Release|Mixed Platforms.Build.0 = Release|iPhone
		{02D9ED13-7563-4B38-9907-116213D3E961}.Release|Mixed Platforms.Deploy.0 = Release|iPhone
		{02D9ED13-7563-4B38-9907-116213D3E961}.Release|x86.ActiveCfg = Release|iPhone
		{239CC02A-3351-4BA8-9EDC-F2C45375D12F}.Ad-Hoc|Any CPU.ActiveCfg = Release|Any CPU
		{239CC02A-3351-4BA8-9EDC-F2C45375D12F}.Ad-Hoc|Any CPU.Build.0 = Release|Any CPU
		{239CC02A-3351-4BA8-9EDC-F2C45375D12F}.Ad-Hoc|Any CPU.Deploy.0 = Release|Any CPU
		{239CC02A-3351-4BA8-9EDC-F2C45375D12F}.Ad-Hoc|ARM.ActiveCfg = Release|Any CPU
		{239CC02A-3351-4BA8-9EDC-F2C45375D12F}.Ad-Hoc|iPhone.ActiveCfg = Release|Any CPU
		{239CC02A-3351-4BA8-9EDC-F2C45375D12F}.Ad-Hoc|iPhoneSimulator.ActiveCfg = Release|Any CPU
		{239CC02A-3351-4BA8-9EDC-F2C45375D12F}.Ad-Hoc|Mixed Platforms.ActiveCfg = Release|Any CPU
		{239CC02A-3351-4BA8-9EDC-F2C45375D12F}.Ad-Hoc|Mixed Platforms.Build.0 = Release|Any CPU
		{239CC02A-3351-4BA8-9EDC-F2C45375D12F}.Ad-Hoc|Mixed Platforms.Deploy.0 = Release|Any CPU
		{239CC02A-3351-4BA8-9EDC-F2C45375D12F}.Ad-Hoc|x86.ActiveCfg = Release|Any CPU
		{239CC02A-3351-4BA8-9EDC-F2C45375D12F}.AppStore|Any CPU.ActiveCfg = Release|Any CPU
		{239CC02A-3351-4BA8-9EDC-F2C45375D12F}.AppStore|Any CPU.Build.0 = Release|Any CPU
		{239CC02A-3351-4BA8-9EDC-F2C45375D12F}.AppStore|Any CPU.Deploy.0 = Release|Any CPU
		{239CC02A-3351-4BA8-9EDC-F2C45375D12F}.AppStore|ARM.ActiveCfg = Release|Any CPU
		{239CC02A-3351-4BA8-9EDC-F2C45375D12F}.AppStore|iPhone.ActiveCfg = Release|Any CPU
		{239CC02A-3351-4BA8-9EDC-F2C45375D12F}.AppStore|iPhoneSimulator.ActiveCfg = Release|Any CPU
		{239CC02A-3351-4BA8-9EDC-F2C45375D12F}.AppStore|Mixed Platforms.ActiveCfg = Release|Any CPU
		{239CC02A-3351-4BA8-9EDC-F2C45375D12F}.AppStore|Mixed Platforms.Build.0 = Release|Any CPU
		{239CC02A-3351-4BA8-9EDC-F2C45375D12F}.AppStore|Mixed Platforms.Deploy.0 = Release|Any CPU
		{239CC02A-3351-4BA8-9EDC-F2C45375D12F}.AppStore|x86.ActiveCfg = Release|Any CPU
		{239CC02A-3351-4BA8-9EDC-F2C45375D12F}.Debug|Any CPU.ActiveCfg = Debug|Any CPU
		{239CC02A-3351-4BA8-9EDC-F2C45375D12F}.Debug|Any CPU.Build.0 = Debug|Any CPU
		{239CC02A-3351-4BA8-9EDC-F2C45375D12F}.Debug|Any CPU.Deploy.0 = Debug|Any CPU
		{239CC02A-3351-4BA8-9EDC-F2C45375D12F}.Debug|ARM.ActiveCfg = Debug|Any CPU
		{239CC02A-3351-4BA8-9EDC-F2C45375D12F}.Debug|iPhone.ActiveCfg = Debug|Any CPU
		{239CC02A-3351-4BA8-9EDC-F2C45375D12F}.Debug|iPhoneSimulator.ActiveCfg = Debug|Any CPU
		{239CC02A-3351-4BA8-9EDC-F2C45375D12F}.Debug|Mixed Platforms.ActiveCfg = Debug|Any CPU
		{239CC02A-3351-4BA8-9EDC-F2C45375D12F}.Debug|Mixed Platforms.Build.0 = Debug|Any CPU
		{239CC02A-3351-4BA8-9EDC-F2C45375D12F}.Debug|Mixed Platforms.Deploy.0 = Debug|Any CPU
		{239CC02A-3351-4BA8-9EDC-F2C45375D12F}.Debug|x86.ActiveCfg = Debug|Any CPU
		{239CC02A-3351-4BA8-9EDC-F2C45375D12F}.Release|Any CPU.ActiveCfg = Release|Any CPU
		{239CC02A-3351-4BA8-9EDC-F2C45375D12F}.Release|Any CPU.Build.0 = Release|Any CPU
		{239CC02A-3351-4BA8-9EDC-F2C45375D12F}.Release|Any CPU.Deploy.0 = Release|Any CPU
		{239CC02A-3351-4BA8-9EDC-F2C45375D12F}.Release|ARM.ActiveCfg = Release|Any CPU
		{239CC02A-3351-4BA8-9EDC-F2C45375D12F}.Release|iPhone.ActiveCfg = Release|Any CPU
		{239CC02A-3351-4BA8-9EDC-F2C45375D12F}.Release|iPhoneSimulator.ActiveCfg = Release|Any CPU
		{239CC02A-3351-4BA8-9EDC-F2C45375D12F}.Release|Mixed Platforms.ActiveCfg = Release|Any CPU
		{239CC02A-3351-4BA8-9EDC-F2C45375D12F}.Release|Mixed Platforms.Build.0 = Release|Any CPU
		{239CC02A-3351-4BA8-9EDC-F2C45375D12F}.Release|Mixed Platforms.Deploy.0 = Release|Any CPU
		{239CC02A-3351-4BA8-9EDC-F2C45375D12F}.Release|x86.ActiveCfg = Release|Any CPU
		{37DD4F16-62B1-4770-ADAA-2EA781D401BA}.Ad-Hoc|Any CPU.ActiveCfg = Release|Any CPU
		{37DD4F16-62B1-4770-ADAA-2EA781D401BA}.Ad-Hoc|Any CPU.Build.0 = Release|Any CPU
		{37DD4F16-62B1-4770-ADAA-2EA781D401BA}.Ad-Hoc|ARM.ActiveCfg = Release|Any CPU
		{37DD4F16-62B1-4770-ADAA-2EA781D401BA}.Ad-Hoc|iPhone.ActiveCfg = Release|Any CPU
		{37DD4F16-62B1-4770-ADAA-2EA781D401BA}.Ad-Hoc|iPhone.Build.0 = Release|Any CPU
		{37DD4F16-62B1-4770-ADAA-2EA781D401BA}.Ad-Hoc|iPhoneSimulator.ActiveCfg = Release|Any CPU
		{37DD4F16-62B1-4770-ADAA-2EA781D401BA}.Ad-Hoc|iPhoneSimulator.Build.0 = Release|Any CPU
		{37DD4F16-62B1-4770-ADAA-2EA781D401BA}.Ad-Hoc|Mixed Platforms.ActiveCfg = Release|Any CPU
		{37DD4F16-62B1-4770-ADAA-2EA781D401BA}.Ad-Hoc|Mixed Platforms.Build.0 = Release|Any CPU
		{37DD4F16-62B1-4770-ADAA-2EA781D401BA}.Ad-Hoc|x86.ActiveCfg = Release|Any CPU
		{37DD4F16-62B1-4770-ADAA-2EA781D401BA}.AppStore|Any CPU.ActiveCfg = Release|Any CPU
		{37DD4F16-62B1-4770-ADAA-2EA781D401BA}.AppStore|Any CPU.Build.0 = Release|Any CPU
		{37DD4F16-62B1-4770-ADAA-2EA781D401BA}.AppStore|ARM.ActiveCfg = Release|Any CPU
		{37DD4F16-62B1-4770-ADAA-2EA781D401BA}.AppStore|iPhone.ActiveCfg = Release|Any CPU
		{37DD4F16-62B1-4770-ADAA-2EA781D401BA}.AppStore|iPhoneSimulator.ActiveCfg = Release|Any CPU
		{37DD4F16-62B1-4770-ADAA-2EA781D401BA}.AppStore|Mixed Platforms.ActiveCfg = Release|Any CPU
		{37DD4F16-62B1-4770-ADAA-2EA781D401BA}.AppStore|Mixed Platforms.Build.0 = Release|Any CPU
		{37DD4F16-62B1-4770-ADAA-2EA781D401BA}.AppStore|x86.ActiveCfg = Release|Any CPU
		{37DD4F16-62B1-4770-ADAA-2EA781D401BA}.Debug|Any CPU.ActiveCfg = Debug|Any CPU
		{37DD4F16-62B1-4770-ADAA-2EA781D401BA}.Debug|Any CPU.Build.0 = Debug|Any CPU
		{37DD4F16-62B1-4770-ADAA-2EA781D401BA}.Debug|ARM.ActiveCfg = Debug|Any CPU
		{37DD4F16-62B1-4770-ADAA-2EA781D401BA}.Debug|iPhone.ActiveCfg = Debug|Any CPU
		{37DD4F16-62B1-4770-ADAA-2EA781D401BA}.Debug|iPhone.Build.0 = Debug|Any CPU
		{37DD4F16-62B1-4770-ADAA-2EA781D401BA}.Debug|iPhoneSimulator.ActiveCfg = Debug|Any CPU
		{37DD4F16-62B1-4770-ADAA-2EA781D401BA}.Debug|iPhoneSimulator.Build.0 = Debug|Any CPU
		{37DD4F16-62B1-4770-ADAA-2EA781D401BA}.Debug|Mixed Platforms.ActiveCfg = Debug|Any CPU
		{37DD4F16-62B1-4770-ADAA-2EA781D401BA}.Debug|Mixed Platforms.Build.0 = Debug|Any CPU
		{37DD4F16-62B1-4770-ADAA-2EA781D401BA}.Debug|x86.ActiveCfg = Debug|Any CPU
		{37DD4F16-62B1-4770-ADAA-2EA781D401BA}.Release|Any CPU.ActiveCfg = Release|Any CPU
		{37DD4F16-62B1-4770-ADAA-2EA781D401BA}.Release|Any CPU.Build.0 = Release|Any CPU
		{37DD4F16-62B1-4770-ADAA-2EA781D401BA}.Release|ARM.ActiveCfg = Release|Any CPU
		{37DD4F16-62B1-4770-ADAA-2EA781D401BA}.Release|iPhone.ActiveCfg = Release|Any CPU
		{37DD4F16-62B1-4770-ADAA-2EA781D401BA}.Release|iPhone.Build.0 = Release|Any CPU
		{37DD4F16-62B1-4770-ADAA-2EA781D401BA}.Release|iPhoneSimulator.ActiveCfg = Release|Any CPU
		{37DD4F16-62B1-4770-ADAA-2EA781D401BA}.Release|iPhoneSimulator.Build.0 = Release|Any CPU
		{37DD4F16-62B1-4770-ADAA-2EA781D401BA}.Release|Mixed Platforms.ActiveCfg = Release|Any CPU
		{37DD4F16-62B1-4770-ADAA-2EA781D401BA}.Release|Mixed Platforms.Build.0 = Release|Any CPU
		{37DD4F16-62B1-4770-ADAA-2EA781D401BA}.Release|x86.ActiveCfg = Release|Any CPU
	EndGlobalSection
	GlobalSection(MonoDevelopProperties) = preSolution
		StartupItem = CrisisCheckinMobile\CrisisCheckinMobile.Android\CrisisCheckinMobile.Android.csproj
	EndGlobalSection
	GlobalSection(SolutionProperties) = preSolution
		HideSolutionNode = FALSE
	EndGlobalSection
EndGlobal
