
Microsoft Visual Studio Solution File, Format Version 12.00
# Visual Studio 2012
VisualStudioVersion = 12.0.30723.0
MinimumVisualStudioVersion = 10.0.40219.1
Project("{FAE04EC0-301F-11D3-BF4B-00C04F79EFBC}") = "Htbox.CrisisCheckin", "Htbox.CrisisCheckin\Htbox.CrisisCheckin\Htbox.CrisisCheckin.csproj", "{81FCB0A8-8838-4EB3-B32D-54945BF322B0}"
EndProject
Project("{FAE04EC0-301F-11D3-BF4B-00C04F79EFBC}") = "Htbox.CrisisCheckin.iOS", "Htbox.CrisisCheckin\Htbox.CrisisCheckin.iOS\Htbox.CrisisCheckin.iOS.csproj", "{5A239359-8AE3-4BDE-9C9B-9D8DAC570559}"
EndProject
Project("{FAE04EC0-301F-11D3-BF4B-00C04F79EFBC}") = "Htbox.CrisisCheckin.Android", "Htbox.CrisisCheckin\Htbox.CrisisCheckin.Android\Htbox.CrisisCheckin.Android.csproj", "{DDDEFCA9-3F21-46B5-B8D8-509AC9C3BBF1}"
EndProject
Project("{FAE04EC0-301F-11D3-BF4B-00C04F79EFBC}") = "Htbox.CrisisCheckin.WinPhone", "Htbox.CrisisCheckin\Htbox.CrisisCheckin.WinPhone\Htbox.CrisisCheckin.WinPhone.csproj", "{A18F7409-10B7-4D86-AD96-385A0692F745}"
EndProject
Global
	GlobalSection(SolutionConfigurationPlatforms) = preSolution
		Ad-Hoc|Any CPU = Ad-Hoc|Any CPU
		Ad-Hoc|ARM = Ad-Hoc|ARM
		Ad-Hoc|iPhone = Ad-Hoc|iPhone
		Ad-Hoc|iPhoneSimulator = Ad-Hoc|iPhoneSimulator
		Ad-Hoc|Mixed Platforms = Ad-Hoc|Mixed Platforms
		Ad-Hoc|x86 = Ad-Hoc|x86
		AppStore|Any CPU = AppStore|Any CPU
		AppStore|ARM = AppStore|ARM
		AppStore|iPhone = AppStore|iPhone
		AppStore|iPhoneSimulator = AppStore|iPhoneSimulator
		AppStore|Mixed Platforms = AppStore|Mixed Platforms
		AppStore|x86 = AppStore|x86
		Debug|Any CPU = Debug|Any CPU
		Debug|ARM = Debug|ARM
		Debug|iPhone = Debug|iPhone
		Debug|iPhoneSimulator = Debug|iPhoneSimulator
		Debug|Mixed Platforms = Debug|Mixed Platforms
		Debug|x86 = Debug|x86
		Release|Any CPU = Release|Any CPU
		Release|ARM = Release|ARM
		Release|iPhone = Release|iPhone
		Release|iPhoneSimulator = Release|iPhoneSimulator
		Release|Mixed Platforms = Release|Mixed Platforms
		Release|x86 = Release|x86
	EndGlobalSection
	GlobalSection(ProjectConfigurationPlatforms) = postSolution
		{5A239359-8AE3-4BDE-9C9B-9D8DAC570559}.Ad-Hoc|Any CPU.ActiveCfg = Ad-Hoc|iPhone
		{5A239359-8AE3-4BDE-9C9B-9D8DAC570559}.Ad-Hoc|ARM.ActiveCfg = Ad-Hoc|iPhone
		{5A239359-8AE3-4BDE-9C9B-9D8DAC570559}.Ad-Hoc|iPhone.ActiveCfg = Ad-Hoc|iPhone
		{5A239359-8AE3-4BDE-9C9B-9D8DAC570559}.Ad-Hoc|iPhone.Build.0 = Ad-Hoc|iPhone
		{5A239359-8AE3-4BDE-9C9B-9D8DAC570559}.Ad-Hoc|iPhone.Deploy.0 = Ad-Hoc|iPhone
		{5A239359-8AE3-4BDE-9C9B-9D8DAC570559}.Ad-Hoc|iPhoneSimulator.ActiveCfg = Ad-Hoc|iPhoneSimulator
		{5A239359-8AE3-4BDE-9C9B-9D8DAC570559}.Ad-Hoc|iPhoneSimulator.Build.0 = Ad-Hoc|iPhoneSimulator
		{5A239359-8AE3-4BDE-9C9B-9D8DAC570559}.Ad-Hoc|iPhoneSimulator.Deploy.0 = Ad-Hoc|iPhoneSimulator
		{5A239359-8AE3-4BDE-9C9B-9D8DAC570559}.Ad-Hoc|Mixed Platforms.ActiveCfg = Ad-Hoc|iPhone
		{5A239359-8AE3-4BDE-9C9B-9D8DAC570559}.Ad-Hoc|Mixed Platforms.Build.0 = Ad-Hoc|iPhone
		{5A239359-8AE3-4BDE-9C9B-9D8DAC570559}.Ad-Hoc|Mixed Platforms.Deploy.0 = Ad-Hoc|iPhone
		{5A239359-8AE3-4BDE-9C9B-9D8DAC570559}.Ad-Hoc|x86.ActiveCfg = Ad-Hoc|iPhone
		{5A239359-8AE3-4BDE-9C9B-9D8DAC570559}.AppStore|Any CPU.ActiveCfg = AppStore|iPhone
		{5A239359-8AE3-4BDE-9C9B-9D8DAC570559}.AppStore|ARM.ActiveCfg = AppStore|iPhone
		{5A239359-8AE3-4BDE-9C9B-9D8DAC570559}.AppStore|iPhone.ActiveCfg = AppStore|iPhone
		{5A239359-8AE3-4BDE-9C9B-9D8DAC570559}.AppStore|iPhone.Build.0 = AppStore|iPhone
		{5A239359-8AE3-4BDE-9C9B-9D8DAC570559}.AppStore|iPhone.Deploy.0 = AppStore|iPhone
		{5A239359-8AE3-4BDE-9C9B-9D8DAC570559}.AppStore|iPhoneSimulator.ActiveCfg = AppStore|iPhoneSimulator
		{5A239359-8AE3-4BDE-9C9B-9D8DAC570559}.AppStore|iPhoneSimulator.Build.0 = AppStore|iPhoneSimulator
		{5A239359-8AE3-4BDE-9C9B-9D8DAC570559}.AppStore|iPhoneSimulator.Deploy.0 = AppStore|iPhoneSimulator
		{5A239359-8AE3-4BDE-9C9B-9D8DAC570559}.AppStore|Mixed Platforms.ActiveCfg = AppStore|iPhone
		{5A239359-8AE3-4BDE-9C9B-9D8DAC570559}.AppStore|Mixed Platforms.Build.0 = AppStore|iPhone
		{5A239359-8AE3-4BDE-9C9B-9D8DAC570559}.AppStore|Mixed Platforms.Deploy.0 = AppStore|iPhone
		{5A239359-8AE3-4BDE-9C9B-9D8DAC570559}.AppStore|x86.ActiveCfg = AppStore|iPhone
		{5A239359-8AE3-4BDE-9C9B-9D8DAC570559}.Debug|Any CPU.ActiveCfg = Debug|iPhone
		{5A239359-8AE3-4BDE-9C9B-9D8DAC570559}.Debug|ARM.ActiveCfg = Debug|iPhone
		{5A239359-8AE3-4BDE-9C9B-9D8DAC570559}.Debug|iPhone.ActiveCfg = Debug|iPhone
		{5A239359-8AE3-4BDE-9C9B-9D8DAC570559}.Debug|iPhone.Build.0 = Debug|iPhone
		{5A239359-8AE3-4BDE-9C9B-9D8DAC570559}.Debug|iPhone.Deploy.0 = Debug|iPhone
		{5A239359-8AE3-4BDE-9C9B-9D8DAC570559}.Debug|iPhoneSimulator.ActiveCfg = Debug|iPhoneSimulator
		{5A239359-8AE3-4BDE-9C9B-9D8DAC570559}.Debug|iPhoneSimulator.Build.0 = Debug|iPhoneSimulator
		{5A239359-8AE3-4BDE-9C9B-9D8DAC570559}.Debug|iPhoneSimulator.Deploy.0 = Debug|iPhoneSimulator
		{5A239359-8AE3-4BDE-9C9B-9D8DAC570559}.Debug|Mixed Platforms.ActiveCfg = Debug|iPhone
		{5A239359-8AE3-4BDE-9C9B-9D8DAC570559}.Debug|Mixed Platforms.Build.0 = Debug|iPhone
		{5A239359-8AE3-4BDE-9C9B-9D8DAC570559}.Debug|Mixed Platforms.Deploy.0 = Debug|iPhone
		{5A239359-8AE3-4BDE-9C9B-9D8DAC570559}.Debug|x86.ActiveCfg = Debug|iPhone
		{5A239359-8AE3-4BDE-9C9B-9D8DAC570559}.Release|Any CPU.ActiveCfg = Release|iPhone
		{5A239359-8AE3-4BDE-9C9B-9D8DAC570559}.Release|ARM.ActiveCfg = Release|iPhone
		{5A239359-8AE3-4BDE-9C9B-9D8DAC570559}.Release|iPhone.ActiveCfg = Release|iPhone
		{5A239359-8AE3-4BDE-9C9B-9D8DAC570559}.Release|iPhone.Build.0 = Release|iPhone
		{5A239359-8AE3-4BDE-9C9B-9D8DAC570559}.Release|iPhone.Deploy.0 = Release|iPhone
		{5A239359-8AE3-4BDE-9C9B-9D8DAC570559}.Release|iPhoneSimulator.ActiveCfg = Release|iPhoneSimulator
		{5A239359-8AE3-4BDE-9C9B-9D8DAC570559}.Release|iPhoneSimulator.Build.0 = Release|iPhoneSimulator
		{5A239359-8AE3-4BDE-9C9B-9D8DAC570559}.Release|iPhoneSimulator.Deploy.0 = Release|iPhoneSimulator
		{5A239359-8AE3-4BDE-9C9B-9D8DAC570559}.Release|Mixed Platforms.ActiveCfg = Release|iPhone
		{5A239359-8AE3-4BDE-9C9B-9D8DAC570559}.Release|Mixed Platforms.Build.0 = Release|iPhone
		{5A239359-8AE3-4BDE-9C9B-9D8DAC570559}.Release|Mixed Platforms.Deploy.0 = Release|iPhone
		{5A239359-8AE3-4BDE-9C9B-9D8DAC570559}.Release|x86.ActiveCfg = Release|iPhone
		{81FCB0A8-8838-4EB3-B32D-54945BF322B0}.Ad-Hoc|Any CPU.ActiveCfg = Release|Any CPU
		{81FCB0A8-8838-4EB3-B32D-54945BF322B0}.Ad-Hoc|Any CPU.Build.0 = Release|Any CPU
		{81FCB0A8-8838-4EB3-B32D-54945BF322B0}.Ad-Hoc|ARM.ActiveCfg = Release|Any CPU
		{81FCB0A8-8838-4EB3-B32D-54945BF322B0}.Ad-Hoc|iPhone.ActiveCfg = Release|Any CPU
		{81FCB0A8-8838-4EB3-B32D-54945BF322B0}.Ad-Hoc|iPhoneSimulator.ActiveCfg = Release|Any CPU
		{81FCB0A8-8838-4EB3-B32D-54945BF322B0}.Ad-Hoc|Mixed Platforms.ActiveCfg = Release|Any CPU
		{81FCB0A8-8838-4EB3-B32D-54945BF322B0}.Ad-Hoc|Mixed Platforms.Build.0 = Release|Any CPU
		{81FCB0A8-8838-4EB3-B32D-54945BF322B0}.Ad-Hoc|x86.ActiveCfg = Release|Any CPU
		{81FCB0A8-8838-4EB3-B32D-54945BF322B0}.AppStore|Any CPU.ActiveCfg = Release|Any CPU
		{81FCB0A8-8838-4EB3-B32D-54945BF322B0}.AppStore|Any CPU.Build.0 = Release|Any CPU
		{81FCB0A8-8838-4EB3-B32D-54945BF322B0}.AppStore|ARM.ActiveCfg = Release|Any CPU
		{81FCB0A8-8838-4EB3-B32D-54945BF322B0}.AppStore|iPhone.ActiveCfg = Release|Any CPU
		{81FCB0A8-8838-4EB3-B32D-54945BF322B0}.AppStore|iPhoneSimulator.ActiveCfg = Release|Any CPU
		{81FCB0A8-8838-4EB3-B32D-54945BF322B0}.AppStore|Mixed Platforms.ActiveCfg = Release|Any CPU
		{81FCB0A8-8838-4EB3-B32D-54945BF322B0}.AppStore|Mixed Platforms.Build.0 = Release|Any CPU
		{81FCB0A8-8838-4EB3-B32D-54945BF322B0}.AppStore|x86.ActiveCfg = Release|Any CPU
		{81FCB0A8-8838-4EB3-B32D-54945BF322B0}.Debug|Any CPU.ActiveCfg = Debug|Any CPU
		{81FCB0A8-8838-4EB3-B32D-54945BF322B0}.Debug|Any CPU.Build.0 = Debug|Any CPU
		{81FCB0A8-8838-4EB3-B32D-54945BF322B0}.Debug|ARM.ActiveCfg = Debug|Any CPU
		{81FCB0A8-8838-4EB3-B32D-54945BF322B0}.Debug|iPhone.ActiveCfg = Debug|Any CPU
		{81FCB0A8-8838-4EB3-B32D-54945BF322B0}.Debug|iPhone.Build.0 = Debug|Any CPU
		{81FCB0A8-8838-4EB3-B32D-54945BF322B0}.Debug|iPhoneSimulator.ActiveCfg = Debug|Any CPU
		{81FCB0A8-8838-4EB3-B32D-54945BF322B0}.Debug|iPhoneSimulator.Build.0 = Debug|Any CPU
		{81FCB0A8-8838-4EB3-B32D-54945BF322B0}.Debug|Mixed Platforms.ActiveCfg = Debug|Any CPU
		{81FCB0A8-8838-4EB3-B32D-54945BF322B0}.Debug|Mixed Platforms.Build.0 = Debug|Any CPU
		{81FCB0A8-8838-4EB3-B32D-54945BF322B0}.Debug|x86.ActiveCfg = Debug|Any CPU
		{81FCB0A8-8838-4EB3-B32D-54945BF322B0}.Release|Any CPU.ActiveCfg = Release|Any CPU
		{81FCB0A8-8838-4EB3-B32D-54945BF322B0}.Release|Any CPU.Build.0 = Release|Any CPU
		{81FCB0A8-8838-4EB3-B32D-54945BF322B0}.Release|ARM.ActiveCfg = Release|Any CPU
		{81FCB0A8-8838-4EB3-B32D-54945BF322B0}.Release|iPhone.ActiveCfg = Release|Any CPU
		{81FCB0A8-8838-4EB3-B32D-54945BF322B0}.Release|iPhoneSimulator.ActiveCfg = Release|Any CPU
		{81FCB0A8-8838-4EB3-B32D-54945BF322B0}.Release|Mixed Platforms.ActiveCfg = Release|Any CPU
		{81FCB0A8-8838-4EB3-B32D-54945BF322B0}.Release|Mixed Platforms.Build.0 = Release|Any CPU
		{81FCB0A8-8838-4EB3-B32D-54945BF322B0}.Release|x86.ActiveCfg = Release|Any CPU
		{DDDEFCA9-3F21-46B5-B8D8-509AC9C3BBF1}.Ad-Hoc|Any CPU.ActiveCfg = Release|Any CPU
		{DDDEFCA9-3F21-46B5-B8D8-509AC9C3BBF1}.Ad-Hoc|Any CPU.Build.0 = Release|Any CPU
		{DDDEFCA9-3F21-46B5-B8D8-509AC9C3BBF1}.Ad-Hoc|Any CPU.Deploy.0 = Release|Any CPU
		{DDDEFCA9-3F21-46B5-B8D8-509AC9C3BBF1}.Ad-Hoc|ARM.ActiveCfg = Release|Any CPU
		{DDDEFCA9-3F21-46B5-B8D8-509AC9C3BBF1}.Ad-Hoc|iPhone.ActiveCfg = Release|Any CPU
		{DDDEFCA9-3F21-46B5-B8D8-509AC9C3BBF1}.Ad-Hoc|iPhoneSimulator.ActiveCfg = Release|Any CPU
		{DDDEFCA9-3F21-46B5-B8D8-509AC9C3BBF1}.Ad-Hoc|Mixed Platforms.ActiveCfg = Release|Any CPU
		{DDDEFCA9-3F21-46B5-B8D8-509AC9C3BBF1}.Ad-Hoc|Mixed Platforms.Build.0 = Release|Any CPU
		{DDDEFCA9-3F21-46B5-B8D8-509AC9C3BBF1}.Ad-Hoc|Mixed Platforms.Deploy.0 = Release|Any CPU
		{DDDEFCA9-3F21-46B5-B8D8-509AC9C3BBF1}.Ad-Hoc|x86.ActiveCfg = Release|Any CPU
		{DDDEFCA9-3F21-46B5-B8D8-509AC9C3BBF1}.AppStore|Any CPU.ActiveCfg = Release|Any CPU
		{DDDEFCA9-3F21-46B5-B8D8-509AC9C3BBF1}.AppStore|Any CPU.Build.0 = Release|Any CPU
		{DDDEFCA9-3F21-46B5-B8D8-509AC9C3BBF1}.AppStore|Any CPU.Deploy.0 = Release|Any CPU
		{DDDEFCA9-3F21-46B5-B8D8-509AC9C3BBF1}.AppStore|ARM.ActiveCfg = Release|Any CPU
		{DDDEFCA9-3F21-46B5-B8D8-509AC9C3BBF1}.AppStore|iPhone.ActiveCfg = Release|Any CPU
		{DDDEFCA9-3F21-46B5-B8D8-509AC9C3BBF1}.AppStore|iPhoneSimulator.ActiveCfg = Release|Any CPU
		{DDDEFCA9-3F21-46B5-B8D8-509AC9C3BBF1}.AppStore|Mixed Platforms.ActiveCfg = Release|Any CPU
		{DDDEFCA9-3F21-46B5-B8D8-509AC9C3BBF1}.AppStore|Mixed Platforms.Build.0 = Release|Any CPU
		{DDDEFCA9-3F21-46B5-B8D8-509AC9C3BBF1}.AppStore|Mixed Platforms.Deploy.0 = Release|Any CPU
		{DDDEFCA9-3F21-46B5-B8D8-509AC9C3BBF1}.AppStore|x86.ActiveCfg = Release|Any CPU
		{DDDEFCA9-3F21-46B5-B8D8-509AC9C3BBF1}.Debug|Any CPU.ActiveCfg = Debug|Any CPU
		{DDDEFCA9-3F21-46B5-B8D8-509AC9C3BBF1}.Debug|Any CPU.Build.0 = Debug|Any CPU
		{DDDEFCA9-3F21-46B5-B8D8-509AC9C3BBF1}.Debug|Any CPU.Deploy.0 = Debug|Any CPU
		{DDDEFCA9-3F21-46B5-B8D8-509AC9C3BBF1}.Debug|ARM.ActiveCfg = Debug|Any CPU
		{DDDEFCA9-3F21-46B5-B8D8-509AC9C3BBF1}.Debug|iPhone.ActiveCfg = Debug|Any CPU
		{DDDEFCA9-3F21-46B5-B8D8-509AC9C3BBF1}.Debug|iPhoneSimulator.ActiveCfg = Debug|Any CPU
		{DDDEFCA9-3F21-46B5-B8D8-509AC9C3BBF1}.Debug|Mixed Platforms.ActiveCfg = Debug|Any CPU
		{DDDEFCA9-3F21-46B5-B8D8-509AC9C3BBF1}.Debug|Mixed Platforms.Build.0 = Debug|Any CPU
		{DDDEFCA9-3F21-46B5-B8D8-509AC9C3BBF1}.Debug|Mixed Platforms.Deploy.0 = Debug|Any CPU
		{DDDEFCA9-3F21-46B5-B8D8-509AC9C3BBF1}.Debug|x86.ActiveCfg = Debug|Any CPU
		{DDDEFCA9-3F21-46B5-B8D8-509AC9C3BBF1}.Release|Any CPU.ActiveCfg = Release|Any CPU
		{DDDEFCA9-3F21-46B5-B8D8-509AC9C3BBF1}.Release|Any CPU.Build.0 = Release|Any CPU
		{DDDEFCA9-3F21-46B5-B8D8-509AC9C3BBF1}.Release|Any CPU.Deploy.0 = Release|Any CPU
		{DDDEFCA9-3F21-46B5-B8D8-509AC9C3BBF1}.Release|ARM.ActiveCfg = Release|Any CPU
		{DDDEFCA9-3F21-46B5-B8D8-509AC9C3BBF1}.Release|iPhone.ActiveCfg = Release|Any CPU
		{DDDEFCA9-3F21-46B5-B8D8-509AC9C3BBF1}.Release|iPhoneSimulator.ActiveCfg = Release|Any CPU
		{DDDEFCA9-3F21-46B5-B8D8-509AC9C3BBF1}.Release|Mixed Platforms.ActiveCfg = Release|Any CPU
		{DDDEFCA9-3F21-46B5-B8D8-509AC9C3BBF1}.Release|Mixed Platforms.Build.0 = Release|Any CPU
		{DDDEFCA9-3F21-46B5-B8D8-509AC9C3BBF1}.Release|Mixed Platforms.Deploy.0 = Release|Any CPU
		{DDDEFCA9-3F21-46B5-B8D8-509AC9C3BBF1}.Release|x86.ActiveCfg = Release|Any CPU
	EndGlobalSection
	GlobalSection(MonoDevelopProperties) = preSolution
		StartupItem = Htbox.CrisisCheckin\Htbox.CrisisCheckin.Android\Htbox.CrisisCheckin.Android.csproj
		Policies = $0
		$0.TextStylePolicy = $1
		$1.inheritsSet = null
		$1.scope = text/x-csharp
		$0.CSharpFormattingPolicy = $2
		$2.AfterDelegateDeclarationParameterComma = True
		$2.inheritsSet = Mono
		$2.inheritsScope = text/x-csharp
		$2.scope = text/x-csharp
		$0.StandardHeader = $3
		$3.Text = 
		$3.IncludeInNewFiles = True
		$0.NameConventionPolicy = $4
		$4.Rules = $5
		$5.NamingRule = $6
		$6.Name = Namespaces
		$6.AffectedEntity = Namespace
		$6.VisibilityMask = VisibilityMask
		$6.NamingStyle = PascalCase
		$6.IncludeInstanceMembers = True
		$6.IncludeStaticEntities = True
		$5.NamingRule = $7
		$7.Name = Types
		$7.AffectedEntity = Class, Struct, Enum, Delegate
		$7.VisibilityMask = Public
		$7.NamingStyle = PascalCase
		$7.IncludeInstanceMembers = True
		$7.IncludeStaticEntities = True
		$5.NamingRule = $8
		$8.Name = Interfaces
		$8.RequiredPrefixes = $9
		$9.String = I
		$8.AffectedEntity = Interface
		$8.VisibilityMask = Public
		$8.NamingStyle = PascalCase
		$8.IncludeInstanceMembers = True
		$8.IncludeStaticEntities = True
		$5.NamingRule = $10
		$10.Name = Attributes
		$10.RequiredSuffixes = $11
		$11.String = Attribute
		$10.AffectedEntity = CustomAttributes
		$10.VisibilityMask = Public
		$10.NamingStyle = PascalCase
		$10.IncludeInstanceMembers = True
		$10.IncludeStaticEntities = True
		$5.NamingRule = $12
		$12.Name = Event Arguments
		$12.RequiredSuffixes = $13
		$13.String = EventArgs
		$12.AffectedEntity = CustomEventArgs
		$12.VisibilityMask = Public
		$12.NamingStyle = PascalCase
		$12.IncludeInstanceMembers = True
		$12.IncludeStaticEntities = True
		$5.NamingRule = $14
		$14.Name = Exceptions
		$14.RequiredSuffixes = $15
		$15.String = Exception
		$14.AffectedEntity = CustomExceptions
		$14.VisibilityMask = VisibilityMask
		$14.NamingStyle = PascalCase
		$14.IncludeInstanceMembers = True
		$14.IncludeStaticEntities = True
		$5.NamingRule = $16
		$16.Name = Methods
		$16.AffectedEntity = Methods
		$16.VisibilityMask = Protected, Public
		$16.NamingStyle = PascalCase
		$16.IncludeInstanceMembers = True
		$16.IncludeStaticEntities = True
		$5.NamingRule = $17
		$17.Name = Static Readonly Fields
		$17.AffectedEntity = ReadonlyField
		$17.VisibilityMask = Protected, Public
		$17.NamingStyle = PascalCase
		$17.IncludeInstanceMembers = False
		$17.IncludeStaticEntities = True
		$5.NamingRule = $18
		$18.Name = Fields
		$18.AffectedEntity = Field
		$18.VisibilityMask = Protected, Public
		$18.NamingStyle = PascalCase
		$18.IncludeInstanceMembers = True
		$18.IncludeStaticEntities = True
		$5.NamingRule = $19
		$19.Name = ReadOnly Fields
		$19.AffectedEntity = ReadonlyField
		$19.VisibilityMask = Protected, Public
		$19.NamingStyle = PascalCase
		$19.IncludeInstanceMembers = True
		$19.IncludeStaticEntities = False
		$5.NamingRule = $20
		$20.Name = Constant Fields
		$20.AffectedEntity = ConstantField
		$20.VisibilityMask = Protected, Public
		$20.NamingStyle = PascalCase
		$20.IncludeInstanceMembers = True
		$20.IncludeStaticEntities = True
		$5.NamingRule = $21
		$21.Name = Properties
		$21.AffectedEntity = Property
		$21.VisibilityMask = Protected, Public
		$21.NamingStyle = PascalCase
		$21.IncludeInstanceMembers = True
		$21.IncludeStaticEntities = True
		$5.NamingRule = $22
		$22.Name = Events
		$22.AffectedEntity = Event
		$22.VisibilityMask = Protected, Public
		$22.NamingStyle = PascalCase
		$22.IncludeInstanceMembers = True
		$22.IncludeStaticEntities = True
		$5.NamingRule = $23
		$23.Name = Enum Members
		$23.AffectedEntity = EnumMember
		$23.VisibilityMask = VisibilityMask
		$23.NamingStyle = PascalCase
		$23.IncludeInstanceMembers = True
		$23.IncludeStaticEntities = True
		$5.NamingRule = $24
		$24.Name = Parameters
		$24.AffectedEntity = Parameter
		$24.VisibilityMask = VisibilityMask
		$24.NamingStyle = CamelCase
		$24.IncludeInstanceMembers = True
		$24.IncludeStaticEntities = True
		$5.NamingRule = $25
		$25.Name = Type Parameters
		$25.RequiredPrefixes = $26
		$26.String = T
		$25.AffectedEntity = TypeParameter
		$25.VisibilityMask = VisibilityMask
		$25.NamingStyle = PascalCase
		$25.IncludeInstanceMembers = True
		$25.IncludeStaticEntities = True
		$0.VersionControlPolicy = $27
		$27.inheritsSet = Mono
	EndGlobalSection
	GlobalSection(SolutionProperties) = preSolution
		HideSolutionNode = FALSE
	EndGlobalSection
EndGlobal
