
Microsoft Visual Studio Solution File, Format Version 12.00
# Visual Studio 2012
Project("{FAE04EC0-301F-11D3-BF4B-00C04F79EFBC}") = "CrisisCheckin.IOS", "CrisisCheckin.IOS\CrisisCheckin.IOS.csproj", "{6B76605A-F625-4D04-AEF6-D09DD2E475FD}"
EndProject
Project("{FAE04EC0-301F-11D3-BF4B-00C04F79EFBC}") = "CrisisCheckin.Android", "CrisisCheckin.Android\CrisisCheckin.Android.csproj", "{233584AD-99A2-4809-99AA-8AC066AD6D87}"
EndProject
Project("{FAE04EC0-301F-11D3-BF4B-00C04F79EFBC}") = "CrisisCheckin.WindowsPhone", "CrisisCheckin.WindowsPhone\CrisisCheckin.WindowsPhone.csproj", "{F4F5DC38-24ED-41B4-A3F3-3C4DA0AC0290}"
EndProject
Project("{FAE04EC0-301F-11D3-BF4B-00C04F79EFBC}") = "CrisisCheckin.Core", "CrisisCheckin.Core\CrisisCheckin.Core.csproj", "{2B013945-CA64-4595-989E-47AE2BA97611}"
EndProject
Global
	GlobalSection(SolutionConfigurationPlatforms) = preSolution
		Ad-Hoc|Any CPU = Ad-Hoc|Any CPU
		Ad-Hoc|ARM = Ad-Hoc|ARM
		Ad-Hoc|iPhone = Ad-Hoc|iPhone
		Ad-Hoc|iPhoneSimulator = Ad-Hoc|iPhoneSimulator
		Ad-Hoc|Mixed Platforms = Ad-Hoc|Mixed Platforms
		Ad-Hoc|x86 = Ad-Hoc|x86
		AppStore|Any CPU = AppStore|Any CPU
		AppStore|ARM = AppStore|ARM
		AppStore|iPhone = AppStore|iPhone
		AppStore|iPhoneSimulator = AppStore|iPhoneSimulator
		AppStore|Mixed Platforms = AppStore|Mixed Platforms
		AppStore|x86 = AppStore|x86
		Debug|Any CPU = Debug|Any CPU
		Debug|ARM = Debug|ARM
		Debug|iPhone = Debug|iPhone
		Debug|iPhoneSimulator = Debug|iPhoneSimulator
		Debug|Mixed Platforms = Debug|Mixed Platforms
		Debug|x86 = Debug|x86
		Release|Any CPU = Release|Any CPU
		Release|ARM = Release|ARM
		Release|iPhone = Release|iPhone
		Release|iPhoneSimulator = Release|iPhoneSimulator
		Release|Mixed Platforms = Release|Mixed Platforms
		Release|x86 = Release|x86
	EndGlobalSection
	GlobalSection(ProjectConfigurationPlatforms) = postSolution
		{6B76605A-F625-4D04-AEF6-D09DD2E475FD}.Ad-Hoc|Any CPU.ActiveCfg = Ad-Hoc|iPhoneSimulator
		{6B76605A-F625-4D04-AEF6-D09DD2E475FD}.Ad-Hoc|ARM.ActiveCfg = Ad-Hoc|iPhoneSimulator
		{6B76605A-F625-4D04-AEF6-D09DD2E475FD}.Ad-Hoc|iPhone.ActiveCfg = Ad-Hoc|iPhone
		{6B76605A-F625-4D04-AEF6-D09DD2E475FD}.Ad-Hoc|iPhone.Build.0 = Ad-Hoc|iPhone
		{6B76605A-F625-4D04-AEF6-D09DD2E475FD}.Ad-Hoc|iPhoneSimulator.ActiveCfg = Ad-Hoc|iPhoneSimulator
		{6B76605A-F625-4D04-AEF6-D09DD2E475FD}.Ad-Hoc|iPhoneSimulator.Build.0 = Ad-Hoc|iPhoneSimulator
		{6B76605A-F625-4D04-AEF6-D09DD2E475FD}.Ad-Hoc|Mixed Platforms.ActiveCfg = Ad-Hoc|iPhoneSimulator
		{6B76605A-F625-4D04-AEF6-D09DD2E475FD}.Ad-Hoc|Mixed Platforms.Build.0 = Ad-Hoc|iPhoneSimulator
		{6B76605A-F625-4D04-AEF6-D09DD2E475FD}.Ad-Hoc|x86.ActiveCfg = Ad-Hoc|iPhoneSimulator
		{6B76605A-F625-4D04-AEF6-D09DD2E475FD}.AppStore|Any CPU.ActiveCfg = AppStore|iPhoneSimulator
		{6B76605A-F625-4D04-AEF6-D09DD2E475FD}.AppStore|ARM.ActiveCfg = AppStore|iPhoneSimulator
		{6B76605A-F625-4D04-AEF6-D09DD2E475FD}.AppStore|iPhone.ActiveCfg = AppStore|iPhone
		{6B76605A-F625-4D04-AEF6-D09DD2E475FD}.AppStore|iPhone.Build.0 = AppStore|iPhone
		{6B76605A-F625-4D04-AEF6-D09DD2E475FD}.AppStore|iPhoneSimulator.ActiveCfg = AppStore|iPhoneSimulator
		{6B76605A-F625-4D04-AEF6-D09DD2E475FD}.AppStore|iPhoneSimulator.Build.0 = AppStore|iPhoneSimulator
		{6B76605A-F625-4D04-AEF6-D09DD2E475FD}.AppStore|Mixed Platforms.ActiveCfg = AppStore|iPhoneSimulator
		{6B76605A-F625-4D04-AEF6-D09DD2E475FD}.AppStore|Mixed Platforms.Build.0 = AppStore|iPhoneSimulator
		{6B76605A-F625-4D04-AEF6-D09DD2E475FD}.AppStore|x86.ActiveCfg = AppStore|iPhoneSimulator
		{6B76605A-F625-4D04-AEF6-D09DD2E475FD}.Debug|Any CPU.ActiveCfg = Debug|iPhoneSimulator
		{6B76605A-F625-4D04-AEF6-D09DD2E475FD}.Debug|ARM.ActiveCfg = Debug|iPhoneSimulator
		{6B76605A-F625-4D04-AEF6-D09DD2E475FD}.Debug|iPhone.ActiveCfg = Debug|iPhone
		{6B76605A-F625-4D04-AEF6-D09DD2E475FD}.Debug|iPhone.Build.0 = Debug|iPhone
		{6B76605A-F625-4D04-AEF6-D09DD2E475FD}.Debug|iPhoneSimulator.ActiveCfg = Debug|iPhoneSimulator
		{6B76605A-F625-4D04-AEF6-D09DD2E475FD}.Debug|iPhoneSimulator.Build.0 = Debug|iPhoneSimulator
		{6B76605A-F625-4D04-AEF6-D09DD2E475FD}.Debug|Mixed Platforms.ActiveCfg = Debug|iPhoneSimulator
		{6B76605A-F625-4D04-AEF6-D09DD2E475FD}.Debug|Mixed Platforms.Build.0 = Debug|iPhoneSimulator
		{6B76605A-F625-4D04-AEF6-D09DD2E475FD}.Debug|x86.ActiveCfg = Debug|iPhoneSimulator
		{6B76605A-F625-4D04-AEF6-D09DD2E475FD}.Release|Any CPU.ActiveCfg = Release|iPhoneSimulator
		{6B76605A-F625-4D04-AEF6-D09DD2E475FD}.Release|ARM.ActiveCfg = Release|iPhoneSimulator
		{6B76605A-F625-4D04-AEF6-D09DD2E475FD}.Release|iPhone.ActiveCfg = Release|iPhone
		{6B76605A-F625-4D04-AEF6-D09DD2E475FD}.Release|iPhone.Build.0 = Release|iPhone
		{6B76605A-F625-4D04-AEF6-D09DD2E475FD}.Release|iPhoneSimulator.ActiveCfg = Release|iPhoneSimulator
		{6B76605A-F625-4D04-AEF6-D09DD2E475FD}.Release|iPhoneSimulator.Build.0 = Release|iPhoneSimulator
		{6B76605A-F625-4D04-AEF6-D09DD2E475FD}.Release|Mixed Platforms.ActiveCfg = Release|iPhoneSimulator
		{6B76605A-F625-4D04-AEF6-D09DD2E475FD}.Release|Mixed Platforms.Build.0 = Release|iPhoneSimulator
		{6B76605A-F625-4D04-AEF6-D09DD2E475FD}.Release|x86.ActiveCfg = Release|iPhoneSimulator
		{233584AD-99A2-4809-99AA-8AC066AD6D87}.Ad-Hoc|Any CPU.ActiveCfg = Debug|Any CPU
		{233584AD-99A2-4809-99AA-8AC066AD6D87}.Ad-Hoc|Any CPU.Build.0 = Debug|Any CPU
		{233584AD-99A2-4809-99AA-8AC066AD6D87}.Ad-Hoc|Any CPU.Deploy.0 = Debug|Any CPU
		{233584AD-99A2-4809-99AA-8AC066AD6D87}.Ad-Hoc|ARM.ActiveCfg = Debug|Any CPU
		{233584AD-99A2-4809-99AA-8AC066AD6D87}.Ad-Hoc|iPhone.ActiveCfg = Release|Any CPU
		{233584AD-99A2-4809-99AA-8AC066AD6D87}.Ad-Hoc|iPhone.Build.0 = Release|Any CPU
		{233584AD-99A2-4809-99AA-8AC066AD6D87}.Ad-Hoc|iPhoneSimulator.ActiveCfg = Debug|Any CPU
		{233584AD-99A2-4809-99AA-8AC066AD6D87}.Ad-Hoc|Mixed Platforms.ActiveCfg = Debug|Any CPU
		{233584AD-99A2-4809-99AA-8AC066AD6D87}.Ad-Hoc|Mixed Platforms.Build.0 = Debug|Any CPU
		{233584AD-99A2-4809-99AA-8AC066AD6D87}.Ad-Hoc|Mixed Platforms.Deploy.0 = Debug|Any CPU
		{233584AD-99A2-4809-99AA-8AC066AD6D87}.Ad-Hoc|x86.ActiveCfg = Debug|Any CPU
		{233584AD-99A2-4809-99AA-8AC066AD6D87}.AppStore|Any CPU.ActiveCfg = Debug|Any CPU
		{233584AD-99A2-4809-99AA-8AC066AD6D87}.AppStore|Any CPU.Build.0 = Debug|Any CPU
		{233584AD-99A2-4809-99AA-8AC066AD6D87}.AppStore|Any CPU.Deploy.0 = Debug|Any CPU
		{233584AD-99A2-4809-99AA-8AC066AD6D87}.AppStore|ARM.ActiveCfg = Debug|Any CPU
		{233584AD-99A2-4809-99AA-8AC066AD6D87}.AppStore|iPhone.ActiveCfg = Release|Any CPU
		{233584AD-99A2-4809-99AA-8AC066AD6D87}.AppStore|iPhone.Build.0 = Release|Any CPU
		{233584AD-99A2-4809-99AA-8AC066AD6D87}.AppStore|iPhoneSimulator.ActiveCfg = Debug|Any CPU
		{233584AD-99A2-4809-99AA-8AC066AD6D87}.AppStore|Mixed Platforms.ActiveCfg = Debug|Any CPU
		{233584AD-99A2-4809-99AA-8AC066AD6D87}.AppStore|Mixed Platforms.Build.0 = Debug|Any CPU
		{233584AD-99A2-4809-99AA-8AC066AD6D87}.AppStore|Mixed Platforms.Deploy.0 = Debug|Any CPU
		{233584AD-99A2-4809-99AA-8AC066AD6D87}.AppStore|x86.ActiveCfg = Debug|Any CPU
		{233584AD-99A2-4809-99AA-8AC066AD6D87}.Debug|Any CPU.ActiveCfg = Debug|Any CPU
		{233584AD-99A2-4809-99AA-8AC066AD6D87}.Debug|Any CPU.Build.0 = Debug|Any CPU
		{233584AD-99A2-4809-99AA-8AC066AD6D87}.Debug|Any CPU.Deploy.0 = Debug|Any CPU
		{233584AD-99A2-4809-99AA-8AC066AD6D87}.Debug|ARM.ActiveCfg = Debug|Any CPU
		{233584AD-99A2-4809-99AA-8AC066AD6D87}.Debug|iPhone.ActiveCfg = Debug|Any CPU
		{233584AD-99A2-4809-99AA-8AC066AD6D87}.Debug|iPhone.Build.0 = Debug|Any CPU
		{233584AD-99A2-4809-99AA-8AC066AD6D87}.Debug|iPhoneSimulator.ActiveCfg = Debug|Any CPU
		{233584AD-99A2-4809-99AA-8AC066AD6D87}.Debug|iPhoneSimulator.Build.0 = Debug|Any CPU
		{233584AD-99A2-4809-99AA-8AC066AD6D87}.Debug|Mixed Platforms.ActiveCfg = Debug|Any CPU
		{233584AD-99A2-4809-99AA-8AC066AD6D87}.Debug|Mixed Platforms.Build.0 = Debug|Any CPU
		{233584AD-99A2-4809-99AA-8AC066AD6D87}.Debug|Mixed Platforms.Deploy.0 = Debug|Any CPU
		{233584AD-99A2-4809-99AA-8AC066AD6D87}.Debug|x86.ActiveCfg = Debug|Any CPU
		{233584AD-99A2-4809-99AA-8AC066AD6D87}.Release|Any CPU.ActiveCfg = Release|Any CPU
		{233584AD-99A2-4809-99AA-8AC066AD6D87}.Release|Any CPU.Build.0 = Release|Any CPU
		{233584AD-99A2-4809-99AA-8AC066AD6D87}.Release|Any CPU.Deploy.0 = Release|Any CPU
		{233584AD-99A2-4809-99AA-8AC066AD6D87}.Release|ARM.ActiveCfg = Release|Any CPU
		{233584AD-99A2-4809-99AA-8AC066AD6D87}.Release|iPhone.ActiveCfg = Release|Any CPU
		{233584AD-99A2-4809-99AA-8AC066AD6D87}.Release|iPhone.Build.0 = Release|Any CPU
		{233584AD-99A2-4809-99AA-8AC066AD6D87}.Release|iPhoneSimulator.ActiveCfg = Release|Any CPU
		{233584AD-99A2-4809-99AA-8AC066AD6D87}.Release|iPhoneSimulator.Build.0 = Release|Any CPU
		{233584AD-99A2-4809-99AA-8AC066AD6D87}.Release|Mixed Platforms.ActiveCfg = Release|Any CPU
		{233584AD-99A2-4809-99AA-8AC066AD6D87}.Release|Mixed Platforms.Build.0 = Release|Any CPU
		{233584AD-99A2-4809-99AA-8AC066AD6D87}.Release|Mixed Platforms.Deploy.0 = Release|Any CPU
		{233584AD-99A2-4809-99AA-8AC066AD6D87}.Release|x86.ActiveCfg = Release|Any CPU
		{F4F5DC38-24ED-41B4-A3F3-3C4DA0AC0290}.Ad-Hoc|Any CPU.ActiveCfg = Release|Any CPU
		{F4F5DC38-24ED-41B4-A3F3-3C4DA0AC0290}.Ad-Hoc|Any CPU.Build.0 = Release|Any CPU
		{F4F5DC38-24ED-41B4-A3F3-3C4DA0AC0290}.Ad-Hoc|Any CPU.Deploy.0 = Release|Any CPU
		{F4F5DC38-24ED-41B4-A3F3-3C4DA0AC0290}.Ad-Hoc|ARM.ActiveCfg = Release|ARM
		{F4F5DC38-24ED-41B4-A3F3-3C4DA0AC0290}.Ad-Hoc|ARM.Build.0 = Release|ARM
		{F4F5DC38-24ED-41B4-A3F3-3C4DA0AC0290}.Ad-Hoc|ARM.Deploy.0 = Release|ARM
		{F4F5DC38-24ED-41B4-A3F3-3C4DA0AC0290}.Ad-Hoc|iPhone.ActiveCfg = Release|Any CPU
		{F4F5DC38-24ED-41B4-A3F3-3C4DA0AC0290}.Ad-Hoc|iPhoneSimulator.ActiveCfg = Release|Any CPU
		{F4F5DC38-24ED-41B4-A3F3-3C4DA0AC0290}.Ad-Hoc|Mixed Platforms.ActiveCfg = Release|x86
		{F4F5DC38-24ED-41B4-A3F3-3C4DA0AC0290}.Ad-Hoc|Mixed Platforms.Build.0 = Release|x86
		{F4F5DC38-24ED-41B4-A3F3-3C4DA0AC0290}.Ad-Hoc|Mixed Platforms.Deploy.0 = Release|x86
		{F4F5DC38-24ED-41B4-A3F3-3C4DA0AC0290}.Ad-Hoc|x86.ActiveCfg = Release|x86
		{F4F5DC38-24ED-41B4-A3F3-3C4DA0AC0290}.Ad-Hoc|x86.Build.0 = Release|x86
		{F4F5DC38-24ED-41B4-A3F3-3C4DA0AC0290}.Ad-Hoc|x86.Deploy.0 = Release|x86
		{F4F5DC38-24ED-41B4-A3F3-3C4DA0AC0290}.AppStore|Any CPU.ActiveCfg = Release|Any CPU
		{F4F5DC38-24ED-41B4-A3F3-3C4DA0AC0290}.AppStore|Any CPU.Build.0 = Release|Any CPU
		{F4F5DC38-24ED-41B4-A3F3-3C4DA0AC0290}.AppStore|Any CPU.Deploy.0 = Release|Any CPU
		{F4F5DC38-24ED-41B4-A3F3-3C4DA0AC0290}.AppStore|ARM.ActiveCfg = Release|ARM
		{F4F5DC38-24ED-41B4-A3F3-3C4DA0AC0290}.AppStore|ARM.Build.0 = Release|ARM
		{F4F5DC38-24ED-41B4-A3F3-3C4DA0AC0290}.AppStore|ARM.Deploy.0 = Release|ARM
		{F4F5DC38-24ED-41B4-A3F3-3C4DA0AC0290}.AppStore|iPhone.ActiveCfg = Release|Any CPU
		{F4F5DC38-24ED-41B4-A3F3-3C4DA0AC0290}.AppStore|iPhoneSimulator.ActiveCfg = Release|Any CPU
		{F4F5DC38-24ED-41B4-A3F3-3C4DA0AC0290}.AppStore|Mixed Platforms.ActiveCfg = Release|x86
		{F4F5DC38-24ED-41B4-A3F3-3C4DA0AC0290}.AppStore|Mixed Platforms.Build.0 = Release|x86
		{F4F5DC38-24ED-41B4-A3F3-3C4DA0AC0290}.AppStore|Mixed Platforms.Deploy.0 = Release|x86
		{F4F5DC38-24ED-41B4-A3F3-3C4DA0AC0290}.AppStore|x86.ActiveCfg = Release|x86
		{F4F5DC38-24ED-41B4-A3F3-3C4DA0AC0290}.AppStore|x86.Build.0 = Release|x86
		{F4F5DC38-24ED-41B4-A3F3-3C4DA0AC0290}.AppStore|x86.Deploy.0 = Release|x86
		{F4F5DC38-24ED-41B4-A3F3-3C4DA0AC0290}.Debug|Any CPU.ActiveCfg = Debug|Any CPU
		{F4F5DC38-24ED-41B4-A3F3-3C4DA0AC0290}.Debug|Any CPU.Build.0 = Debug|Any CPU
		{F4F5DC38-24ED-41B4-A3F3-3C4DA0AC0290}.Debug|Any CPU.Deploy.0 = Debug|Any CPU
		{F4F5DC38-24ED-41B4-A3F3-3C4DA0AC0290}.Debug|ARM.ActiveCfg = Debug|ARM
		{F4F5DC38-24ED-41B4-A3F3-3C4DA0AC0290}.Debug|ARM.Build.0 = Debug|ARM
		{F4F5DC38-24ED-41B4-A3F3-3C4DA0AC0290}.Debug|ARM.Deploy.0 = Debug|ARM
		{F4F5DC38-24ED-41B4-A3F3-3C4DA0AC0290}.Debug|iPhone.ActiveCfg = Debug|Any CPU
		{F4F5DC38-24ED-41B4-A3F3-3C4DA0AC0290}.Debug|iPhoneSimulator.ActiveCfg = Debug|Any CPU
		{F4F5DC38-24ED-41B4-A3F3-3C4DA0AC0290}.Debug|Mixed Platforms.ActiveCfg = Debug|x86
		{F4F5DC38-24ED-41B4-A3F3-3C4DA0AC0290}.Debug|Mixed Platforms.Build.0 = Debug|x86
		{F4F5DC38-24ED-41B4-A3F3-3C4DA0AC0290}.Debug|Mixed Platforms.Deploy.0 = Debug|x86
		{F4F5DC38-24ED-41B4-A3F3-3C4DA0AC0290}.Debug|x86.ActiveCfg = Debug|x86
		{F4F5DC38-24ED-41B4-A3F3-3C4DA0AC0290}.Debug|x86.Build.0 = Debug|x86
		{F4F5DC38-24ED-41B4-A3F3-3C4DA0AC0290}.Debug|x86.Deploy.0 = Debug|x86
		{F4F5DC38-24ED-41B4-A3F3-3C4DA0AC0290}.Release|Any CPU.ActiveCfg = Release|Any CPU
		{F4F5DC38-24ED-41B4-A3F3-3C4DA0AC0290}.Release|Any CPU.Build.0 = Release|Any CPU
		{F4F5DC38-24ED-41B4-A3F3-3C4DA0AC0290}.Release|Any CPU.Deploy.0 = Release|Any CPU
		{F4F5DC38-24ED-41B4-A3F3-3C4DA0AC0290}.Release|ARM.ActiveCfg = Release|ARM
		{F4F5DC38-24ED-41B4-A3F3-3C4DA0AC0290}.Release|ARM.Build.0 = Release|ARM
		{F4F5DC38-24ED-41B4-A3F3-3C4DA0AC0290}.Release|ARM.Deploy.0 = Release|ARM
		{F4F5DC38-24ED-41B4-A3F3-3C4DA0AC0290}.Release|iPhone.ActiveCfg = Release|Any CPU
		{F4F5DC38-24ED-41B4-A3F3-3C4DA0AC0290}.Release|iPhoneSimulator.ActiveCfg = Release|Any CPU
		{F4F5DC38-24ED-41B4-A3F3-3C4DA0AC0290}.Release|Mixed Platforms.ActiveCfg = Release|x86
		{F4F5DC38-24ED-41B4-A3F3-3C4DA0AC0290}.Release|Mixed Platforms.Build.0 = Release|x86
		{F4F5DC38-24ED-41B4-A3F3-3C4DA0AC0290}.Release|Mixed Platforms.Deploy.0 = Release|x86
		{F4F5DC38-24ED-41B4-A3F3-3C4DA0AC0290}.Release|x86.ActiveCfg = Release|x86
		{F4F5DC38-24ED-41B4-A3F3-3C4DA0AC0290}.Release|x86.Build.0 = Release|x86
		{F4F5DC38-24ED-41B4-A3F3-3C4DA0AC0290}.Release|x86.Deploy.0 = Release|x86
		{2B013945-CA64-4595-989E-47AE2BA97611}.Ad-Hoc|Any CPU.ActiveCfg = Release|Any CPU
		{2B013945-CA64-4595-989E-47AE2BA97611}.Ad-Hoc|Any CPU.Build.0 = Release|Any CPU
		{2B013945-CA64-4595-989E-47AE2BA97611}.Ad-Hoc|ARM.ActiveCfg = Release|Any CPU
		{2B013945-CA64-4595-989E-47AE2BA97611}.Ad-Hoc|iPhone.ActiveCfg = Release|Any CPU
		{2B013945-CA64-4595-989E-47AE2BA97611}.Ad-Hoc|iPhoneSimulator.ActiveCfg = Release|Any CPU
		{2B013945-CA64-4595-989E-47AE2BA97611}.Ad-Hoc|Mixed Platforms.ActiveCfg = Release|Any CPU
		{2B013945-CA64-4595-989E-47AE2BA97611}.Ad-Hoc|Mixed Platforms.Build.0 = Release|Any CPU
		{2B013945-CA64-4595-989E-47AE2BA97611}.Ad-Hoc|x86.ActiveCfg = Release|Any CPU
		{2B013945-CA64-4595-989E-47AE2BA97611}.AppStore|Any CPU.ActiveCfg = Release|Any CPU
		{2B013945-CA64-4595-989E-47AE2BA97611}.AppStore|Any CPU.Build.0 = Release|Any CPU
		{2B013945-CA64-4595-989E-47AE2BA97611}.AppStore|ARM.ActiveCfg = Release|Any CPU
		{2B013945-CA64-4595-989E-47AE2BA97611}.AppStore|iPhone.ActiveCfg = Release|Any CPU
		{2B013945-CA64-4595-989E-47AE2BA97611}.AppStore|iPhoneSimulator.ActiveCfg = Release|Any CPU
		{2B013945-CA64-4595-989E-47AE2BA97611}.AppStore|Mixed Platforms.ActiveCfg = Release|Any CPU
		{2B013945-CA64-4595-989E-47AE2BA97611}.AppStore|Mixed Platforms.Build.0 = Release|Any CPU
		{2B013945-CA64-4595-989E-47AE2BA97611}.AppStore|x86.ActiveCfg = Release|Any CPU
		{2B013945-CA64-4595-989E-47AE2BA97611}.Debug|Any CPU.ActiveCfg = Debug|Any CPU
		{2B013945-CA64-4595-989E-47AE2BA97611}.Debug|Any CPU.Build.0 = Debug|Any CPU
		{2B013945-CA64-4595-989E-47AE2BA97611}.Debug|ARM.ActiveCfg = Debug|Any CPU
		{2B013945-CA64-4595-989E-47AE2BA97611}.Debug|iPhone.ActiveCfg = Debug|Any CPU
		{2B013945-CA64-4595-989E-47AE2BA97611}.Debug|iPhoneSimulator.ActiveCfg = Debug|Any CPU
		{2B013945-CA64-4595-989E-47AE2BA97611}.Debug|Mixed Platforms.ActiveCfg = Debug|Any CPU
		{2B013945-CA64-4595-989E-47AE2BA97611}.Debug|Mixed Platforms.Build.0 = Debug|Any CPU
		{2B013945-CA64-4595-989E-47AE2BA97611}.Debug|x86.ActiveCfg = Debug|Any CPU
		{2B013945-CA64-4595-989E-47AE2BA97611}.Release|Any CPU.ActiveCfg = Release|Any CPU
		{2B013945-CA64-4595-989E-47AE2BA97611}.Release|Any CPU.Build.0 = Release|Any CPU
		{2B013945-CA64-4595-989E-47AE2BA97611}.Release|ARM.ActiveCfg = Release|Any CPU
		{2B013945-CA64-4595-989E-47AE2BA97611}.Release|iPhone.ActiveCfg = Release|Any CPU
		{2B013945-CA64-4595-989E-47AE2BA97611}.Release|iPhoneSimulator.ActiveCfg = Release|Any CPU
		{2B013945-CA64-4595-989E-47AE2BA97611}.Release|Mixed Platforms.ActiveCfg = Release|Any CPU
		{2B013945-CA64-4595-989E-47AE2BA97611}.Release|Mixed Platforms.Build.0 = Release|Any CPU
		{2B013945-CA64-4595-989E-47AE2BA97611}.Release|x86.ActiveCfg = Release|Any CPU
	EndGlobalSection
	GlobalSection(SolutionProperties) = preSolution
		HideSolutionNode = FALSE
	EndGlobalSection
	GlobalSection(MonoDevelopProperties) = preSolution
		StartupItem = CrisisCheckin\CrisisCheckin.IOS.csproj
		Policies = $0
		$0.DotNetNamingPolicy = $1
		$1.DirectoryNamespaceAssociation = None
		$1.ResourceNamePolicy = FileFormatDefault
		$0.StandardHeader = $2
		$2.Text = 
		$2.IncludeInNewFiles = True
		$0.NameConventionPolicy = $3
		$3.Rules = $4
		$4.NamingRule = $24
		$5.Name = Namespaces
		$5.AffectedEntity = Namespace
		$5.VisibilityMask = VisibilityMask
		$5.NamingStyle = PascalCase
		$5.IncludeInstanceMembers = True
		$5.IncludeStaticEntities = True
		$6.Name = Types
		$6.AffectedEntity = Class, Struct, Enum, Delegate
		$6.VisibilityMask = Public
		$6.NamingStyle = PascalCase
		$6.IncludeInstanceMembers = True
		$6.IncludeStaticEntities = True
		$7.Name = Interfaces
		$7.RequiredPrefixes = $8
		$8.String = I
		$7.AffectedEntity = Interface
		$7.VisibilityMask = Public
		$7.NamingStyle = PascalCase
		$7.IncludeInstanceMembers = True
		$7.IncludeStaticEntities = True
		$9.Name = Attributes
		$9.RequiredSuffixes = $10
		$10.String = Attribute
		$9.AffectedEntity = CustomAttributes
		$9.VisibilityMask = Public
		$9.NamingStyle = PascalCase
		$9.IncludeInstanceMembers = True
		$9.IncludeStaticEntities = True
		$11.Name = Event Arguments
		$11.RequiredSuffixes = $12
		$12.String = EventArgs
		$11.AffectedEntity = CustomEventArgs
		$11.VisibilityMask = Public
		$11.NamingStyle = PascalCase
		$11.IncludeInstanceMembers = True
		$11.IncludeStaticEntities = True
		$13.Name = Exceptions
		$13.RequiredSuffixes = $14
		$14.String = Exception
		$13.AffectedEntity = CustomExceptions
		$13.VisibilityMask = VisibilityMask
		$13.NamingStyle = PascalCase
		$13.IncludeInstanceMembers = True
		$13.IncludeStaticEntities = True
		$15.Name = Methods
		$15.AffectedEntity = Methods
		$15.VisibilityMask = Protected, Public
		$15.NamingStyle = PascalCase
		$15.IncludeInstanceMembers = True
		$15.IncludeStaticEntities = True
		$16.Name = Static Readonly Fields
		$16.AffectedEntity = ReadonlyField
		$16.VisibilityMask = Protected, Public
		$16.NamingStyle = PascalCase
		$16.IncludeInstanceMembers = False
		$16.IncludeStaticEntities = True
		$17.Name = Fields
		$17.AffectedEntity = Field
		$17.VisibilityMask = Protected, Public
		$17.NamingStyle = PascalCase
		$17.IncludeInstanceMembers = True
		$17.IncludeStaticEntities = True
		$18.Name = ReadOnly Fields
		$18.AffectedEntity = ReadonlyField
		$18.VisibilityMask = Protected, Public
		$18.NamingStyle = PascalCase
		$18.IncludeInstanceMembers = True
		$18.IncludeStaticEntities = False
		$19.Name = Constant Fields
		$19.AffectedEntity = ConstantField
		$19.VisibilityMask = Protected, Public
		$19.NamingStyle = PascalCase
		$19.IncludeInstanceMembers = True
		$19.IncludeStaticEntities = True
		$20.Name = Properties
		$20.AffectedEntity = Property
		$20.VisibilityMask = Protected, Public
		$20.NamingStyle = PascalCase
		$20.IncludeInstanceMembers = True
		$20.IncludeStaticEntities = True
		$21.Name = Events
		$21.AffectedEntity = Event
		$21.VisibilityMask = Protected, Public
		$21.NamingStyle = PascalCase
		$21.IncludeInstanceMembers = True
		$21.IncludeStaticEntities = True
		$22.Name = Enum Members
		$22.AffectedEntity = EnumMember
		$22.VisibilityMask = VisibilityMask
		$22.NamingStyle = PascalCase
		$22.IncludeInstanceMembers = True
		$22.IncludeStaticEntities = True
		$23.Name = Parameters
		$23.AffectedEntity = Parameter
		$23.VisibilityMask = VisibilityMask
		$23.NamingStyle = CamelCase
		$23.IncludeInstanceMembers = True
		$23.IncludeStaticEntities = True
		$24.Name = Type Parameters
		$24.RequiredPrefixes = $25
		$25.String = T
		$24.AffectedEntity = TypeParameter
		$24.VisibilityMask = VisibilityMask
		$24.NamingStyle = PascalCase
		$24.IncludeInstanceMembers = True
		$24.IncludeStaticEntities = True
		$0.VersionControlPolicy = $26
		$26.inheritsSet = Mono
		$0.ChangeLogPolicy = $27
		$27.UpdateMode = None
		$27.MessageStyle = $28
		$28.LineAlign = 0
		$27.inheritsSet = Mono
		outputpath = ..\CrisisCheckin\build\bin
	EndGlobalSection
EndGlobal
