
Microsoft Visual Studio Solution File, Format Version 12.00
# Visual Studio 14
VisualStudioVersion = 14.0.25123.0
MinimumVisualStudioVersion = 10.0.40219.1
Project("{FAE04EC0-301F-11D3-BF4B-00C04F79EFBC}") = "CrisisCheckinMobile", "CrisisCheckinMobile\CrisisCheckinMobile.csproj", "{37DD4F16-62B1-4770-ADAA-2EA781D401BA}"
EndProject
Project("{FAE04EC0-301F-11D3-BF4B-00C04F79EFBC}") = "CrisisCheckinMobile.Android", "CrisisCheckinMobile.Android\CrisisCheckinMobile.Android.csproj", "{239CC02A-3351-4BA8-9EDC-F2C45375D12F}"
EndProject
Project("{FAE04EC0-301F-11D3-BF4B-00C04F79EFBC}") = "CrisisCheckinMobile.iOS", "CrisisCheckinMobile.iOS\CrisisCheckinMobile.iOS.csproj", "{02D9ED13-7563-4B38-9907-116213D3E961}"
EndProject
Project("{FAE04EC0-301F-11D3-BF4B-00C04F79EFBC}") = "CrisisCheckinMobile.UWP", "CrisisCheckinMobile.UWP\CrisisCheckinMobile.UWP.csproj", "{8CD7AE8F-99C5-449C-A14B-09D80372DA4F}"
EndProject
Global
	GlobalSection(SolutionConfigurationPlatforms) = preSolution
		Debug|Any CPU = Debug|Any CPU
		Debug|ARM = Debug|ARM
		Debug|x64 = Debug|x64
		Debug|x86 = Debug|x86
		Release|Any CPU = Release|Any CPU
		Release|ARM = Release|ARM
		Release|x64 = Release|x64
		Release|x86 = Release|x86
	EndGlobalSection
	GlobalSection(ProjectConfigurationPlatforms) = postSolution
		{37DD4F16-62B1-4770-ADAA-2EA781D401BA}.Debug|Any CPU.ActiveCfg = Debug|Any CPU
		{37DD4F16-62B1-4770-ADAA-2EA781D401BA}.Debug|Any CPU.Build.0 = Debug|Any CPU
		{37DD4F16-62B1-4770-ADAA-2EA781D401BA}.Debug|ARM.ActiveCfg = Debug|Any CPU
		{37DD4F16-62B1-4770-ADAA-2EA781D401BA}.Debug|ARM.Build.0 = Debug|Any CPU
		{37DD4F16-62B1-4770-ADAA-2EA781D401BA}.Debug|x64.ActiveCfg = Debug|Any CPU
		{37DD4F16-62B1-4770-ADAA-2EA781D401BA}.Debug|x64.Build.0 = Debug|Any CPU
		{37DD4F16-62B1-4770-ADAA-2EA781D401BA}.Debug|x86.ActiveCfg = Debug|Any CPU
		{37DD4F16-62B1-4770-ADAA-2EA781D401BA}.Debug|x86.Build.0 = Debug|Any CPU
		{37DD4F16-62B1-4770-ADAA-2EA781D401BA}.Release|Any CPU.ActiveCfg = Release|Any CPU
		{37DD4F16-62B1-4770-ADAA-2EA781D401BA}.Release|Any CPU.Build.0 = Release|Any CPU
		{37DD4F16-62B1-4770-ADAA-2EA781D401BA}.Release|ARM.ActiveCfg = Release|Any CPU
		{37DD4F16-62B1-4770-ADAA-2EA781D401BA}.Release|ARM.Build.0 = Release|Any CPU
		{37DD4F16-62B1-4770-ADAA-2EA781D401BA}.Release|x64.ActiveCfg = Release|Any CPU
		{37DD4F16-62B1-4770-ADAA-2EA781D401BA}.Release|x64.Build.0 = Release|Any CPU
		{37DD4F16-62B1-4770-ADAA-2EA781D401BA}.Release|x86.ActiveCfg = Release|Any CPU
		{37DD4F16-62B1-4770-ADAA-2EA781D401BA}.Release|x86.Build.0 = Release|Any CPU
		{239CC02A-3351-4BA8-9EDC-F2C45375D12F}.Debug|Any CPU.ActiveCfg = Debug|Any CPU
		{239CC02A-3351-4BA8-9EDC-F2C45375D12F}.Debug|Any CPU.Build.0 = Debug|Any CPU
		{239CC02A-3351-4BA8-9EDC-F2C45375D12F}.Debug|Any CPU.Deploy.0 = Debug|Any CPU
		{239CC02A-3351-4BA8-9EDC-F2C45375D12F}.Debug|ARM.ActiveCfg = Debug|Any CPU
		{239CC02A-3351-4BA8-9EDC-F2C45375D12F}.Debug|ARM.Build.0 = Debug|Any CPU
		{239CC02A-3351-4BA8-9EDC-F2C45375D12F}.Debug|ARM.Deploy.0 = Debug|Any CPU
		{239CC02A-3351-4BA8-9EDC-F2C45375D12F}.Debug|x64.ActiveCfg = Debug|Any CPU
		{239CC02A-3351-4BA8-9EDC-F2C45375D12F}.Debug|x64.Build.0 = Debug|Any CPU
		{239CC02A-3351-4BA8-9EDC-F2C45375D12F}.Debug|x64.Deploy.0 = Debug|Any CPU
		{239CC02A-3351-4BA8-9EDC-F2C45375D12F}.Debug|x86.ActiveCfg = Debug|Any CPU
		{239CC02A-3351-4BA8-9EDC-F2C45375D12F}.Debug|x86.Build.0 = Debug|Any CPU
		{239CC02A-3351-4BA8-9EDC-F2C45375D12F}.Debug|x86.Deploy.0 = Debug|Any CPU
		{239CC02A-3351-4BA8-9EDC-F2C45375D12F}.Release|Any CPU.ActiveCfg = Release|Any CPU
		{239CC02A-3351-4BA8-9EDC-F2C45375D12F}.Release|Any CPU.Build.0 = Release|Any CPU
		{239CC02A-3351-4BA8-9EDC-F2C45375D12F}.Release|ARM.ActiveCfg = Release|Any CPU
		{239CC02A-3351-4BA8-9EDC-F2C45375D12F}.Release|ARM.Build.0 = Release|Any CPU
		{239CC02A-3351-4BA8-9EDC-F2C45375D12F}.Release|ARM.Deploy.0 = Release|Any CPU
		{239CC02A-3351-4BA8-9EDC-F2C45375D12F}.Release|x64.ActiveCfg = Release|Any CPU
		{239CC02A-3351-4BA8-9EDC-F2C45375D12F}.Release|x64.Build.0 = Release|Any CPU
		{239CC02A-3351-4BA8-9EDC-F2C45375D12F}.Release|x64.Deploy.0 = Release|Any CPU
		{239CC02A-3351-4BA8-9EDC-F2C45375D12F}.Release|x86.ActiveCfg = Release|Any CPU
		{239CC02A-3351-4BA8-9EDC-F2C45375D12F}.Release|x86.Build.0 = Release|Any CPU
		{239CC02A-3351-4BA8-9EDC-F2C45375D12F}.Release|x86.Deploy.0 = Release|Any CPU
		{02D9ED13-7563-4B38-9907-116213D3E961}.Debug|Any CPU.ActiveCfg = Debug|iPhoneSimulator
		{02D9ED13-7563-4B38-9907-116213D3E961}.Debug|Any CPU.Build.0 = Debug|iPhoneSimulator
		{02D9ED13-7563-4B38-9907-116213D3E961}.Debug|ARM.ActiveCfg = Debug|iPhone
		{02D9ED13-7563-4B38-9907-116213D3E961}.Debug|x64.ActiveCfg = Debug|iPhone
		{02D9ED13-7563-4B38-9907-116213D3E961}.Debug|x86.ActiveCfg = Debug|iPhone
		{02D9ED13-7563-4B38-9907-116213D3E961}.Release|Any CPU.ActiveCfg = Release|iPhoneSimulator
		{02D9ED13-7563-4B38-9907-116213D3E961}.Release|Any CPU.Build.0 = Release|iPhoneSimulator
		{02D9ED13-7563-4B38-9907-116213D3E961}.Release|ARM.ActiveCfg = Release|iPhone
		{02D9ED13-7563-4B38-9907-116213D3E961}.Release|x64.ActiveCfg = Release|iPhone
		{02D9ED13-7563-4B38-9907-116213D3E961}.Release|x86.ActiveCfg = Release|iPhone
		{8CD7AE8F-99C5-449C-A14B-09D80372DA4F}.Debug|Any CPU.ActiveCfg = Debug|x86
		{8CD7AE8F-99C5-449C-A14B-09D80372DA4F}.Debug|Any CPU.Build.0 = Debug|x86
		{8CD7AE8F-99C5-449C-A14B-09D80372DA4F}.Debug|Any CPU.Deploy.0 = Debug|x86
		{8CD7AE8F-99C5-449C-A14B-09D80372DA4F}.Debug|ARM.ActiveCfg = Debug|ARM
		{8CD7AE8F-99C5-449C-A14B-09D80372DA4F}.Debug|ARM.Build.0 = Debug|ARM
		{8CD7AE8F-99C5-449C-A14B-09D80372DA4F}.Debug|ARM.Deploy.0 = Debug|ARM
		{8CD7AE8F-99C5-449C-A14B-09D80372DA4F}.Debug|x64.ActiveCfg = Debug|x64
		{8CD7AE8F-99C5-449C-A14B-09D80372DA4F}.Debug|x64.Build.0 = Debug|x64
		{8CD7AE8F-99C5-449C-A14B-09D80372DA4F}.Debug|x64.Deploy.0 = Debug|x64
		{8CD7AE8F-99C5-449C-A14B-09D80372DA4F}.Debug|x86.ActiveCfg = Debug|x86
		{8CD7AE8F-99C5-449C-A14B-09D80372DA4F}.Debug|x86.Build.0 = Debug|x86
		{8CD7AE8F-99C5-449C-A14B-09D80372DA4F}.Debug|x86.Deploy.0 = Debug|x86
		{8CD7AE8F-99C5-449C-A14B-09D80372DA4F}.Release|Any CPU.ActiveCfg = Release|x86
		{8CD7AE8F-99C5-449C-A14B-09D80372DA4F}.Release|ARM.ActiveCfg = Release|ARM
		{8CD7AE8F-99C5-449C-A14B-09D80372DA4F}.Release|ARM.Build.0 = Release|ARM
		{8CD7AE8F-99C5-449C-A14B-09D80372DA4F}.Release|ARM.Deploy.0 = Release|ARM
		{8CD7AE8F-99C5-449C-A14B-09D80372DA4F}.Release|x64.ActiveCfg = Release|x64
		{8CD7AE8F-99C5-449C-A14B-09D80372DA4F}.Release|x64.Build.0 = Release|x64
		{8CD7AE8F-99C5-449C-A14B-09D80372DA4F}.Release|x64.Deploy.0 = Release|x64
		{8CD7AE8F-99C5-449C-A14B-09D80372DA4F}.Release|x86.ActiveCfg = Release|x86
		{8CD7AE8F-99C5-449C-A14B-09D80372DA4F}.Release|x86.Build.0 = Release|x86
		{8CD7AE8F-99C5-449C-A14B-09D80372DA4F}.Release|x86.Deploy.0 = Release|x86
	EndGlobalSection
	GlobalSection(SolutionProperties) = preSolution
		HideSolutionNode = FALSE
	EndGlobalSection
EndGlobal
